// !$*UTF8*$!
{
	archiveVersion = 1;
	classes = {
	};
	objectVersion = 50;
	objects = {

/* Begin PBXBuildFile section */
		23C90EAFB4F1D0639A852017 /* Pods_SocialMeetUp.framework in Frameworks */ = {isa = PBXBuildFile; fileRef = 9AB9A1B809F0717EE37986B6 /* Pods_SocialMeetUp.framework */; };
		840864B622BCC4F200D96406 /* ProfileViewController.swift in Sources */ = {isa = PBXBuildFile; fileRef = 840864B522BCC4F200D96406 /* ProfileViewController.swift */; };
		840864B822BCC50500D96406 /* FeedViewController.swift in Sources */ = {isa = PBXBuildFile; fileRef = 840864B722BCC50500D96406 /* FeedViewController.swift */; };
		842DDA7122B5594900CCBC76 /* RoundedCornerButton.swift in Sources */ = {isa = PBXBuildFile; fileRef = 842DDA7022B5594900CCBC76 /* RoundedCornerButton.swift */; };
		842DDA7522B55EBE00CCBC76 /* RoundedCornerView.swift in Sources */ = {isa = PBXBuildFile; fileRef = 842DDA7422B55EBE00CCBC76 /* RoundedCornerView.swift */; };
		8433427C22B679EF00B80F9D /* Home.storyboard in Resources */ = {isa = PBXBuildFile; fileRef = 8433427B22B679EF00B80F9D /* Home.storyboard */; };
		8433427E22B679FD00B80F9D /* CreateNew.storyboard in Resources */ = {isa = PBXBuildFile; fileRef = 8433427D22B679FD00B80F9D /* CreateNew.storyboard */; };
		8433428022B67A0600B80F9D /* Profile.storyboard in Resources */ = {isa = PBXBuildFile; fileRef = 8433427F22B67A0600B80F9D /* Profile.storyboard */; };
		8433428222B67ABE00B80F9D /* Messaging.storyboard in Resources */ = {isa = PBXBuildFile; fileRef = 8433428122B67ABE00B80F9D /* Messaging.storyboard */; };
		8433428422B68F0700B80F9D /* MenuData.swift in Sources */ = {isa = PBXBuildFile; fileRef = 8433428322B68F0700B80F9D /* MenuData.swift */; };
		84334D4622BFCFDB007BB0B2 /* RoundedCornerImageView.swift in Sources */ = {isa = PBXBuildFile; fileRef = 84334D4522BFCFDB007BB0B2 /* RoundedCornerImageView.swift */; };
		8436817B22BCB56300E202E1 /* ContainerViewController.swift in Sources */ = {isa = PBXBuildFile; fileRef = 8436817A22BCB56300E202E1 /* ContainerViewController.swift */; };
		8436C2B422C63DBD00CA8A16 /* ChatViewController.swift in Sources */ = {isa = PBXBuildFile; fileRef = 8436C2B322C63DBD00CA8A16 /* ChatViewController.swift */; };
		8436C2B622C64B1200CA8A16 /* BottomLineTextField.swift in Sources */ = {isa = PBXBuildFile; fileRef = 8436C2B522C64B1200CA8A16 /* BottomLineTextField.swift */; };
		8436EF1D22C28933006EB24E /* Message.swift in Sources */ = {isa = PBXBuildFile; fileRef = 8436EF1C22C28933006EB24E /* Message.swift */; };
		8436EF1F22C2893E006EB24E /* Notification.swift in Sources */ = {isa = PBXBuildFile; fileRef = 8436EF1E22C2893E006EB24E /* Notification.swift */; };
		8436EF2122C28CDD006EB24E /* NotificationData.swift in Sources */ = {isa = PBXBuildFile; fileRef = 8436EF2022C28CDD006EB24E /* NotificationData.swift */; };
		8436EF2322C28CEA006EB24E /* MessageData.swift in Sources */ = {isa = PBXBuildFile; fileRef = 8436EF2222C28CEA006EB24E /* MessageData.swift */; };
		84377BE122C1204B0077990B /* MessageCell.swift in Sources */ = {isa = PBXBuildFile; fileRef = 84377BDF22C1204B0077990B /* MessageCell.swift */; };
		84377BE222C1204B0077990B /* MessageCell.xib in Resources */ = {isa = PBXBuildFile; fileRef = 84377BE022C1204B0077990B /* MessageCell.xib */; };
		84377BE422C1205B0077990B /* NotificationCell.swift in Sources */ = {isa = PBXBuildFile; fileRef = 84377BE322C1205B0077990B /* NotificationCell.swift */; };
		84377BE622C120B50077990B /* NotificationCell.xib in Resources */ = {isa = PBXBuildFile; fileRef = 84377BE522C120B50077990B /* NotificationCell.xib */; };
		84437C7C22B532D10048FC1F /* AppDelegate.swift in Sources */ = {isa = PBXBuildFile; fileRef = 84437C7B22B532D10048FC1F /* AppDelegate.swift */; };
		84437C7E22B532D10048FC1F /* ViewController.swift in Sources */ = {isa = PBXBuildFile; fileRef = 84437C7D22B532D10048FC1F /* ViewController.swift */; };
		84437C8122B532D10048FC1F /* Main.storyboard in Resources */ = {isa = PBXBuildFile; fileRef = 84437C7F22B532D10048FC1F /* Main.storyboard */; };
		84437C8322B532D40048FC1F /* Assets.xcassets in Resources */ = {isa = PBXBuildFile; fileRef = 84437C8222B532D40048FC1F /* Assets.xcassets */; };
		84437C8622B532D40048FC1F /* LaunchScreen.storyboard in Resources */ = {isa = PBXBuildFile; fileRef = 84437C8422B532D40048FC1F /* LaunchScreen.storyboard */; };
		8454B01B22BD17E4008923B3 /* FeedData.swift in Sources */ = {isa = PBXBuildFile; fileRef = 8454B01A22BD17E4008923B3 /* FeedData.swift */; };
		8454B01D22BD2256008923B3 /* TimeDate.swift in Sources */ = {isa = PBXBuildFile; fileRef = 8454B01C22BD2256008923B3 /* TimeDate.swift */; };
		8454B01F22BD2260008923B3 /* People.swift in Sources */ = {isa = PBXBuildFile; fileRef = 8454B01E22BD2260008923B3 /* People.swift */; };
		8454B02122BD226B008923B3 /* Location.swift in Sources */ = {isa = PBXBuildFile; fileRef = 8454B02022BD226B008923B3 /* Location.swift */; };
		8454B02322BD2282008923B3 /* Group.swift in Sources */ = {isa = PBXBuildFile; fileRef = 8454B02222BD2282008923B3 /* Group.swift */; };
		8454B02522BD228B008923B3 /* Feed.swift in Sources */ = {isa = PBXBuildFile; fileRef = 8454B02422BD228B008923B3 /* Feed.swift */; };
		8454B02722BD31F7008923B3 /* ColorUtils.swift in Sources */ = {isa = PBXBuildFile; fileRef = 8454B02622BD31F7008923B3 /* ColorUtils.swift */; };
		8454B02A22BD4985008923B3 /* FeedViewModel.swift in Sources */ = {isa = PBXBuildFile; fileRef = 8454B02922BD4985008923B3 /* FeedViewModel.swift */; };
		8454B03322BD4ECD008923B3 /* FeedCell.swift in Sources */ = {isa = PBXBuildFile; fileRef = 8454B03122BD4ECD008923B3 /* FeedCell.swift */; };
		8454B03422BD4ECD008923B3 /* FeedCell.xib in Resources */ = {isa = PBXBuildFile; fileRef = 8454B03222BD4ECD008923B3 /* FeedCell.xib */; };
		845B856B22BE2E0F00E1AF34 /* FeedWithTableViewController.swift in Sources */ = {isa = PBXBuildFile; fileRef = 845B856A22BE2E0F00E1AF34 /* FeedWithTableViewController.swift */; };
		84798AF522BE6E130001C241 /* ProfileData.swift in Sources */ = {isa = PBXBuildFile; fileRef = 84798AF422BE6E130001C241 /* ProfileData.swift */; };
		84798AF722BE6F850001C241 /* Profile.swift in Sources */ = {isa = PBXBuildFile; fileRef = 84798AF622BE6F850001C241 /* Profile.swift */; };
		84798AF922BE71BD0001C241 /* ProfileViewModel.swift in Sources */ = {isa = PBXBuildFile; fileRef = 84798AF822BE71BD0001C241 /* ProfileViewModel.swift */; };
		84798AFB22BE8FAB0001C241 /* AddNewViewController.swift in Sources */ = {isa = PBXBuildFile; fileRef = 84798AFA22BE8FAB0001C241 /* AddNewViewController.swift */; };
		84798AFD22BE8FD70001C241 /* MessageViewController.swift in Sources */ = {isa = PBXBuildFile; fileRef = 84798AFC22BE8FD70001C241 /* MessageViewController.swift */; };
		84798AFF22BE90670001C241 /* NotificationViewController.swift in Sources */ = {isa = PBXBuildFile; fileRef = 84798AFE22BE90670001C241 /* NotificationViewController.swift */; };
		84798B0122BE90740001C241 /* FeedDetailViewController.swift in Sources */ = {isa = PBXBuildFile; fileRef = 84798B0022BE90740001C241 /* FeedDetailViewController.swift */; };
		84C6194E22B9397100535669 /* DropDownViewController.swift in Sources */ = {isa = PBXBuildFile; fileRef = 84C6194D22B9397100535669 /* DropDownViewController.swift */; };
		84E6633222B68F6B00F2EDE3 /* Menu.swift in Sources */ = {isa = PBXBuildFile; fileRef = 84E6633122B68F6B00F2EDE3 /* Menu.swift */; };
		84E6633522B69B8200F2EDE3 /* MenuViewController.swift in Sources */ = {isa = PBXBuildFile; fileRef = 84E6633422B69B8200F2EDE3 /* MenuViewController.swift */; };
		84E6633722B69E3F00F2EDE3 /* MenuCell.swift in Sources */ = {isa = PBXBuildFile; fileRef = 84E6633622B69E3F00F2EDE3 /* MenuCell.swift */; };
		84E6633A22B6A5CA00F2EDE3 /* RoundedButtonWithBorder.swift in Sources */ = {isa = PBXBuildFile; fileRef = 84E6633922B6A5CA00F2EDE3 /* RoundedButtonWithBorder.swift */; };
		84E6633C22B6AA3A00F2EDE3 /* RoundedBackgroundLabel.swift in Sources */ = {isa = PBXBuildFile; fileRef = 84E6633B22B6AA3A00F2EDE3 /* RoundedBackgroundLabel.swift */; };
		84E6633E22B6AC1400F2EDE3 /* MenuProfileCell.swift in Sources */ = {isa = PBXBuildFile; fileRef = 84E6633D22B6AC1400F2EDE3 /* MenuProfileCell.swift */; };
/* End PBXBuildFile section */

/* Begin PBXFileReference section */
		74D630A573A96EE9E6942F2D /* Pods-SocialMeetUp.release.xcconfig */ = {isa = PBXFileReference; includeInIndex = 1; lastKnownFileType = text.xcconfig; name = "Pods-SocialMeetUp.release.xcconfig"; path = "Target Support Files/Pods-SocialMeetUp/Pods-SocialMeetUp.release.xcconfig"; sourceTree = "<group>"; };
		840864B522BCC4F200D96406 /* ProfileViewController.swift */ = {isa = PBXFileReference; lastKnownFileType = sourcecode.swift; path = ProfileViewController.swift; sourceTree = "<group>"; };
		840864B722BCC50500D96406 /* FeedViewController.swift */ = {isa = PBXFileReference; lastKnownFileType = sourcecode.swift; path = FeedViewController.swift; sourceTree = "<group>"; };
		842DDA7022B5594900CCBC76 /* RoundedCornerButton.swift */ = {isa = PBXFileReference; lastKnownFileType = sourcecode.swift; path = RoundedCornerButton.swift; sourceTree = "<group>"; };
		842DDA7422B55EBE00CCBC76 /* RoundedCornerView.swift */ = {isa = PBXFileReference; fileEncoding = 4; lastKnownFileType = sourcecode.swift; path = RoundedCornerView.swift; sourceTree = "<group>"; };
		8433427B22B679EF00B80F9D /* Home.storyboard */ = {isa = PBXFileReference; lastKnownFileType = file.storyboard; path = Home.storyboard; sourceTree = "<group>"; };
		8433427D22B679FD00B80F9D /* CreateNew.storyboard */ = {isa = PBXFileReference; lastKnownFileType = file.storyboard; path = CreateNew.storyboard; sourceTree = "<group>"; };
		8433427F22B67A0600B80F9D /* Profile.storyboard */ = {isa = PBXFileReference; lastKnownFileType = file.storyboard; path = Profile.storyboard; sourceTree = "<group>"; };
		8433428122B67ABE00B80F9D /* Messaging.storyboard */ = {isa = PBXFileReference; lastKnownFileType = file.storyboard; path = Messaging.storyboard; sourceTree = "<group>"; };
		8433428322B68F0700B80F9D /* MenuData.swift */ = {isa = PBXFileReference; lastKnownFileType = sourcecode.swift; name = MenuData.swift; path = ../MenuData.swift; sourceTree = "<group>"; };
		84334D4522BFCFDB007BB0B2 /* RoundedCornerImageView.swift */ = {isa = PBXFileReference; fileEncoding = 4; lastKnownFileType = sourcecode.swift; path = RoundedCornerImageView.swift; sourceTree = "<group>"; };
		8436817A22BCB56300E202E1 /* ContainerViewController.swift */ = {isa = PBXFileReference; lastKnownFileType = sourcecode.swift; path = ContainerViewController.swift; sourceTree = "<group>"; };
		8436C2B322C63DBD00CA8A16 /* ChatViewController.swift */ = {isa = PBXFileReference; lastKnownFileType = sourcecode.swift; path = ChatViewController.swift; sourceTree = "<group>"; };
		8436C2B522C64B1200CA8A16 /* BottomLineTextField.swift */ = {isa = PBXFileReference; fileEncoding = 4; lastKnownFileType = sourcecode.swift; path = BottomLineTextField.swift; sourceTree = "<group>"; };
		8436EF1C22C28933006EB24E /* Message.swift */ = {isa = PBXFileReference; lastKnownFileType = sourcecode.swift; path = Message.swift; sourceTree = "<group>"; };
		8436EF1E22C2893E006EB24E /* Notification.swift */ = {isa = PBXFileReference; lastKnownFileType = sourcecode.swift; path = Notification.swift; sourceTree = "<group>"; };
		8436EF2022C28CDD006EB24E /* NotificationData.swift */ = {isa = PBXFileReference; lastKnownFileType = sourcecode.swift; path = NotificationData.swift; sourceTree = "<group>"; };
		8436EF2222C28CEA006EB24E /* MessageData.swift */ = {isa = PBXFileReference; lastKnownFileType = sourcecode.swift; path = MessageData.swift; sourceTree = "<group>"; };
		84377BDF22C1204B0077990B /* MessageCell.swift */ = {isa = PBXFileReference; lastKnownFileType = sourcecode.swift; path = MessageCell.swift; sourceTree = "<group>"; };
		84377BE022C1204B0077990B /* MessageCell.xib */ = {isa = PBXFileReference; lastKnownFileType = file.xib; path = MessageCell.xib; sourceTree = "<group>"; };
		84377BE322C1205B0077990B /* NotificationCell.swift */ = {isa = PBXFileReference; lastKnownFileType = sourcecode.swift; path = NotificationCell.swift; sourceTree = "<group>"; };
		84377BE522C120B50077990B /* NotificationCell.xib */ = {isa = PBXFileReference; lastKnownFileType = file.xib; path = NotificationCell.xib; sourceTree = "<group>"; };
		84437C7822B532D10048FC1F /* SocialMeetUp.app */ = {isa = PBXFileReference; explicitFileType = wrapper.application; includeInIndex = 0; path = SocialMeetUp.app; sourceTree = BUILT_PRODUCTS_DIR; };
		84437C7B22B532D10048FC1F /* AppDelegate.swift */ = {isa = PBXFileReference; lastKnownFileType = sourcecode.swift; path = AppDelegate.swift; sourceTree = "<group>"; };
		84437C7D22B532D10048FC1F /* ViewController.swift */ = {isa = PBXFileReference; lastKnownFileType = sourcecode.swift; path = ViewController.swift; sourceTree = "<group>"; };
		84437C8022B532D10048FC1F /* Base */ = {isa = PBXFileReference; lastKnownFileType = file.storyboard; name = Base; path = Base.lproj/Main.storyboard; sourceTree = "<group>"; };
		84437C8222B532D40048FC1F /* Assets.xcassets */ = {isa = PBXFileReference; lastKnownFileType = folder.assetcatalog; path = Assets.xcassets; sourceTree = "<group>"; };
		84437C8522B532D40048FC1F /* Base */ = {isa = PBXFileReference; lastKnownFileType = file.storyboard; name = Base; path = Base.lproj/LaunchScreen.storyboard; sourceTree = "<group>"; };
		84437C8722B532D40048FC1F /* Info.plist */ = {isa = PBXFileReference; lastKnownFileType = text.plist.xml; path = Info.plist; sourceTree = "<group>"; };
		8454B01A22BD17E4008923B3 /* FeedData.swift */ = {isa = PBXFileReference; lastKnownFileType = sourcecode.swift; path = FeedData.swift; sourceTree = "<group>"; };
		8454B01C22BD2256008923B3 /* TimeDate.swift */ = {isa = PBXFileReference; lastKnownFileType = sourcecode.swift; path = TimeDate.swift; sourceTree = "<group>"; };
		8454B01E22BD2260008923B3 /* People.swift */ = {isa = PBXFileReference; lastKnownFileType = sourcecode.swift; path = People.swift; sourceTree = "<group>"; };
		8454B02022BD226B008923B3 /* Location.swift */ = {isa = PBXFileReference; lastKnownFileType = sourcecode.swift; path = Location.swift; sourceTree = "<group>"; };
		8454B02222BD2282008923B3 /* Group.swift */ = {isa = PBXFileReference; lastKnownFileType = sourcecode.swift; path = Group.swift; sourceTree = "<group>"; };
		8454B02422BD228B008923B3 /* Feed.swift */ = {isa = PBXFileReference; lastKnownFileType = sourcecode.swift; path = Feed.swift; sourceTree = "<group>"; };
		8454B02622BD31F7008923B3 /* ColorUtils.swift */ = {isa = PBXFileReference; lastKnownFileType = sourcecode.swift; path = ColorUtils.swift; sourceTree = "<group>"; };
		8454B02922BD4985008923B3 /* FeedViewModel.swift */ = {isa = PBXFileReference; lastKnownFileType = sourcecode.swift; name = FeedViewModel.swift; path = ../FeedViewModel.swift; sourceTree = "<group>"; };
		8454B03122BD4ECD008923B3 /* FeedCell.swift */ = {isa = PBXFileReference; lastKnownFileType = sourcecode.swift; path = FeedCell.swift; sourceTree = "<group>"; };
		8454B03222BD4ECD008923B3 /* FeedCell.xib */ = {isa = PBXFileReference; lastKnownFileType = file.xib; path = FeedCell.xib; sourceTree = "<group>"; };
		845B856A22BE2E0F00E1AF34 /* FeedWithTableViewController.swift */ = {isa = PBXFileReference; lastKnownFileType = sourcecode.swift; path = FeedWithTableViewController.swift; sourceTree = "<group>"; };
		84798AF422BE6E130001C241 /* ProfileData.swift */ = {isa = PBXFileReference; lastKnownFileType = sourcecode.swift; path = ProfileData.swift; sourceTree = "<group>"; };
		84798AF622BE6F850001C241 /* Profile.swift */ = {isa = PBXFileReference; lastKnownFileType = sourcecode.swift; path = Profile.swift; sourceTree = "<group>"; };
		84798AF822BE71BD0001C241 /* ProfileViewModel.swift */ = {isa = PBXFileReference; lastKnownFileType = sourcecode.swift; path = ProfileViewModel.swift; sourceTree = "<group>"; };
		84798AFA22BE8FAB0001C241 /* AddNewViewController.swift */ = {isa = PBXFileReference; lastKnownFileType = sourcecode.swift; path = AddNewViewController.swift; sourceTree = "<group>"; };
		84798AFC22BE8FD70001C241 /* MessageViewController.swift */ = {isa = PBXFileReference; lastKnownFileType = sourcecode.swift; path = MessageViewController.swift; sourceTree = "<group>"; };
		84798AFE22BE90670001C241 /* NotificationViewController.swift */ = {isa = PBXFileReference; lastKnownFileType = sourcecode.swift; path = NotificationViewController.swift; sourceTree = "<group>"; };
		84798B0022BE90740001C241 /* FeedDetailViewController.swift */ = {isa = PBXFileReference; lastKnownFileType = sourcecode.swift; path = FeedDetailViewController.swift; sourceTree = "<group>"; };
		84C6194D22B9397100535669 /* DropDownViewController.swift */ = {isa = PBXFileReference; lastKnownFileType = sourcecode.swift; path = DropDownViewController.swift; sourceTree = "<group>"; };
		84E6633122B68F6B00F2EDE3 /* Menu.swift */ = {isa = PBXFileReference; lastKnownFileType = sourcecode.swift; path = Menu.swift; sourceTree = "<group>"; };
		84E6633422B69B8200F2EDE3 /* MenuViewController.swift */ = {isa = PBXFileReference; lastKnownFileType = sourcecode.swift; path = MenuViewController.swift; sourceTree = "<group>"; };
		84E6633622B69E3F00F2EDE3 /* MenuCell.swift */ = {isa = PBXFileReference; lastKnownFileType = sourcecode.swift; path = MenuCell.swift; sourceTree = "<group>"; };
		84E6633922B6A5CA00F2EDE3 /* RoundedButtonWithBorder.swift */ = {isa = PBXFileReference; fileEncoding = 4; lastKnownFileType = sourcecode.swift; path = RoundedButtonWithBorder.swift; sourceTree = "<group>"; };
		84E6633B22B6AA3A00F2EDE3 /* RoundedBackgroundLabel.swift */ = {isa = PBXFileReference; fileEncoding = 4; lastKnownFileType = sourcecode.swift; path = RoundedBackgroundLabel.swift; sourceTree = "<group>"; };
		84E6633D22B6AC1400F2EDE3 /* MenuProfileCell.swift */ = {isa = PBXFileReference; lastKnownFileType = sourcecode.swift; path = MenuProfileCell.swift; sourceTree = "<group>"; };
		9AB9A1B809F0717EE37986B6 /* Pods_SocialMeetUp.framework */ = {isa = PBXFileReference; explicitFileType = wrapper.framework; includeInIndex = 0; path = Pods_SocialMeetUp.framework; sourceTree = BUILT_PRODUCTS_DIR; };
		E28A43B886D34A4873A8D4C8 /* Pods-SocialMeetUp.debug.xcconfig */ = {isa = PBXFileReference; includeInIndex = 1; lastKnownFileType = text.xcconfig; name = "Pods-SocialMeetUp.debug.xcconfig"; path = "Target Support Files/Pods-SocialMeetUp/Pods-SocialMeetUp.debug.xcconfig"; sourceTree = "<group>"; };
/* End PBXFileReference section */

/* Begin PBXFrameworksBuildPhase section */
		84437C7522B532D10048FC1F /* Frameworks */ = {
			isa = PBXFrameworksBuildPhase;
			buildActionMask = 2147483647;
			files = (
				23C90EAFB4F1D0639A852017 /* Pods_SocialMeetUp.framework in Frameworks */,
			);
			runOnlyForDeploymentPostprocessing = 0;
		};
/* End PBXFrameworksBuildPhase section */

/* Begin PBXGroup section */
		24809E80436AA4177FFA68D3 /* Frameworks */ = {
			isa = PBXGroup;
			children = (
				9AB9A1B809F0717EE37986B6 /* Pods_SocialMeetUp.framework */,
			);
			name = Frameworks;
			sourceTree = "<group>";
		};
		69533A6CCBB850E7D1FA373B /* Pods */ = {
			isa = PBXGroup;
			children = (
				E28A43B886D34A4873A8D4C8 /* Pods-SocialMeetUp.debug.xcconfig */,
				74D630A573A96EE9E6942F2D /* Pods-SocialMeetUp.release.xcconfig */,
			);
			path = Pods;
			sourceTree = "<group>";
		};
		8433428522B68F0E00B80F9D /* Data */ = {
			isa = PBXGroup;
			children = (
				8433428322B68F0700B80F9D /* MenuData.swift */,
				8454B01A22BD17E4008923B3 /* FeedData.swift */,
				84798AF422BE6E130001C241 /* ProfileData.swift */,
				8436EF2022C28CDD006EB24E /* NotificationData.swift */,
				8436EF2222C28CEA006EB24E /* MessageData.swift */,
			);
			path = Data;
			sourceTree = "<group>";
		};
		84437C6F22B532D10048FC1F = {
			isa = PBXGroup;
			children = (
				84437C7A22B532D10048FC1F /* SocialMeetUp */,
				84437C7922B532D10048FC1F /* Products */,
				69533A6CCBB850E7D1FA373B /* Pods */,
				24809E80436AA4177FFA68D3 /* Frameworks */,
			);
			sourceTree = "<group>";
		};
		84437C7922B532D10048FC1F /* Products */ = {
			isa = PBXGroup;
			children = (
				84437C7822B532D10048FC1F /* SocialMeetUp.app */,
			);
			name = Products;
			sourceTree = "<group>";
		};
		84437C7A22B532D10048FC1F /* SocialMeetUp */ = {
			isa = PBXGroup;
			children = (
				84E6633322B68F6F00F2EDE3 /* Model */,
				84437C9222B54E5B0048FC1F /* View */,
				8454B02B22BD498D008923B3 /* ViewModel */,
				84437C8D22B5335F0048FC1F /* Controller */,
				84437C8E22B533740048FC1F /* StoryBoard */,
				8433428522B68F0E00B80F9D /* Data */,
				84437C8F22B533870048FC1F /* Resources */,
				8454B02822BD31FC008923B3 /* Utils */,
				84437C8722B532D40048FC1F /* Info.plist */,
			);
			path = SocialMeetUp;
			sourceTree = "<group>";
		};
		84437C8D22B5335F0048FC1F /* Controller */ = {
			isa = PBXGroup;
			children = (
				84437C7B22B532D10048FC1F /* AppDelegate.swift */,
				84437C7D22B532D10048FC1F /* ViewController.swift */,
				84E6633422B69B8200F2EDE3 /* MenuViewController.swift */,
				84C6194D22B9397100535669 /* DropDownViewController.swift */,
				8436817A22BCB56300E202E1 /* ContainerViewController.swift */,
				840864B522BCC4F200D96406 /* ProfileViewController.swift */,
				840864B722BCC50500D96406 /* FeedViewController.swift */,
				845B856A22BE2E0F00E1AF34 /* FeedWithTableViewController.swift */,
				84798AFA22BE8FAB0001C241 /* AddNewViewController.swift */,
				84798AFC22BE8FD70001C241 /* MessageViewController.swift */,
				84798AFE22BE90670001C241 /* NotificationViewController.swift */,
				84798B0022BE90740001C241 /* FeedDetailViewController.swift */,
				8436C2B322C63DBD00CA8A16 /* ChatViewController.swift */,
			);
			path = Controller;
			sourceTree = "<group>";
		};
		84437C8E22B533740048FC1F /* StoryBoard */ = {
			isa = PBXGroup;
			children = (
				84437C7F22B532D10048FC1F /* Main.storyboard */,
				8433427B22B679EF00B80F9D /* Home.storyboard */,
				8433427D22B679FD00B80F9D /* CreateNew.storyboard */,
				8433427F22B67A0600B80F9D /* Profile.storyboard */,
				8433428122B67ABE00B80F9D /* Messaging.storyboard */,
				84437C8422B532D40048FC1F /* LaunchScreen.storyboard */,
			);
			path = StoryBoard;
			sourceTree = "<group>";
		};
		84437C8F22B533870048FC1F /* Resources */ = {
			isa = PBXGroup;
			children = (
				84437C8222B532D40048FC1F /* Assets.xcassets */,
			);
			path = Resources;
			sourceTree = "<group>";
		};
		84437C9222B54E5B0048FC1F /* View */ = {
			isa = PBXGroup;
			children = (
				8436C2B522C64B1200CA8A16 /* BottomLineTextField.swift */,
				84334D4522BFCFDB007BB0B2 /* RoundedCornerImageView.swift */,
				84E6633B22B6AA3A00F2EDE3 /* RoundedBackgroundLabel.swift */,
				84E6633922B6A5CA00F2EDE3 /* RoundedButtonWithBorder.swift */,
				842DDA7422B55EBE00CCBC76 /* RoundedCornerView.swift */,
				842DDA7022B5594900CCBC76 /* RoundedCornerButton.swift */,
				84E6633822B69E4300F2EDE3 /* CollectionViewCells */,
				8454B02E22BD4E7A008923B3 /* TableViewCells */,
			);
			path = View;
			sourceTree = "<group>";
		};
		8454B02822BD31FC008923B3 /* Utils */ = {
			isa = PBXGroup;
			children = (
				8454B02622BD31F7008923B3 /* ColorUtils.swift */,
			);
			path = Utils;
			sourceTree = "<group>";
		};
		8454B02B22BD498D008923B3 /* ViewModel */ = {
			isa = PBXGroup;
			children = (
				8454B02922BD4985008923B3 /* FeedViewModel.swift */,
				84798AF822BE71BD0001C241 /* ProfileViewModel.swift */,
			);
			path = ViewModel;
			sourceTree = "<group>";
		};
		8454B02E22BD4E7A008923B3 /* TableViewCells */ = {
			isa = PBXGroup;
			children = (
				8454B03122BD4ECD008923B3 /* FeedCell.swift */,
				8454B03222BD4ECD008923B3 /* FeedCell.xib */,
				84377BDF22C1204B0077990B /* MessageCell.swift */,
				84377BE022C1204B0077990B /* MessageCell.xib */,
				84377BE322C1205B0077990B /* NotificationCell.swift */,
				84377BE522C120B50077990B /* NotificationCell.xib */,
			);
			path = TableViewCells;
			sourceTree = "<group>";
		};
		84E6633322B68F6F00F2EDE3 /* Model */ = {
			isa = PBXGroup;
			children = (
				84E6633122B68F6B00F2EDE3 /* Menu.swift */,
				8454B01C22BD2256008923B3 /* TimeDate.swift */,
				8454B01E22BD2260008923B3 /* People.swift */,
				8454B02022BD226B008923B3 /* Location.swift */,
				8454B02222BD2282008923B3 /* Group.swift */,
				8454B02422BD228B008923B3 /* Feed.swift */,
				84798AF622BE6F850001C241 /* Profile.swift */,
				8436EF1C22C28933006EB24E /* Message.swift */,
				8436EF1E22C2893E006EB24E /* Notification.swift */,
			);
			path = Model;
			sourceTree = "<group>";
		};
		84E6633822B69E4300F2EDE3 /* CollectionViewCells */ = {
			isa = PBXGroup;
			children = (
				84E6633622B69E3F00F2EDE3 /* MenuCell.swift */,
				84E6633D22B6AC1400F2EDE3 /* MenuProfileCell.swift */,
			);
			path = CollectionViewCells;
			sourceTree = "<group>";
		};
/* End PBXGroup section */

/* Begin PBXNativeTarget section */
		84437C7722B532D10048FC1F /* SocialMeetUp */ = {
			isa = PBXNativeTarget;
			buildConfigurationList = 84437C8A22B532D40048FC1F /* Build configuration list for PBXNativeTarget "SocialMeetUp" */;
			buildPhases = (
				7A9B2E048D5FDCB85729F977 /* [CP] Check Pods Manifest.lock */,
				84437C7422B532D10048FC1F /* Sources */,
				84437C7522B532D10048FC1F /* Frameworks */,
				84437C7622B532D10048FC1F /* Resources */,
				04A7BE6A5DDE33E952A05007 /* [CP] Embed Pods Frameworks */,
				59B4DE378809983558032A92 /* [CP] Copy Pods Resources */,
			);
			buildRules = (
			);
			dependencies = (
			);
			name = SocialMeetUp;
			productName = SocialMeetUp;
			productReference = 84437C7822B532D10048FC1F /* SocialMeetUp.app */;
			productType = "com.apple.product-type.application";
		};
/* End PBXNativeTarget section */

/* Begin PBXProject section */
		84437C7022B532D10048FC1F /* Project object */ = {
			isa = PBXProject;
			attributes = {
				LastSwiftUpdateCheck = 1020;
				LastUpgradeCheck = 1020;
				ORGANIZATIONNAME = A7Studio;
				TargetAttributes = {
					84437C7722B532D10048FC1F = {
						CreatedOnToolsVersion = 10.2;
					};
				};
			};
			buildConfigurationList = 84437C7322B532D10048FC1F /* Build configuration list for PBXProject "SocialMeetUp" */;
			compatibilityVersion = "Xcode 9.3";
			developmentRegion = en;
			hasScannedForEncodings = 0;
			knownRegions = (
				en,
				Base,
			);
			mainGroup = 84437C6F22B532D10048FC1F;
			productRefGroup = 84437C7922B532D10048FC1F /* Products */;
			projectDirPath = "";
			projectRoot = "";
			targets = (
				84437C7722B532D10048FC1F /* SocialMeetUp */,
			);
		};
/* End PBXProject section */

/* Begin PBXResourcesBuildPhase section */
		84437C7622B532D10048FC1F /* Resources */ = {
			isa = PBXResourcesBuildPhase;
			buildActionMask = 2147483647;
			files = (
				8433428022B67A0600B80F9D /* Profile.storyboard in Resources */,
				8454B03422BD4ECD008923B3 /* FeedCell.xib in Resources */,
				84437C8622B532D40048FC1F /* LaunchScreen.storyboard in Resources */,
				8433427E22B679FD00B80F9D /* CreateNew.storyboard in Resources */,
				84377BE222C1204B0077990B /* MessageCell.xib in Resources */,
				84437C8322B532D40048FC1F /* Assets.xcassets in Resources */,
				8433428222B67ABE00B80F9D /* Messaging.storyboard in Resources */,
				84437C8122B532D10048FC1F /* Main.storyboard in Resources */,
				84377BE622C120B50077990B /* NotificationCell.xib in Resources */,
				8433427C22B679EF00B80F9D /* Home.storyboard in Resources */,
			);
			runOnlyForDeploymentPostprocessing = 0;
		};
/* End PBXResourcesBuildPhase section */

/* Begin PBXShellScriptBuildPhase section */
		04A7BE6A5DDE33E952A05007 /* [CP] Embed Pods Frameworks */ = {
			isa = PBXShellScriptBuildPhase;
			buildActionMask = 2147483647;
			files = (
			);
			inputFileListPaths = (
			);
			inputPaths = (
				"${PODS_ROOT}/Target Support Files/Pods-SocialMeetUp/Pods-SocialMeetUp-frameworks.sh",
				"${BUILT_PRODUCTS_DIR}/GTMSessionFetcher/GTMSessionFetcher.framework",
				"${BUILT_PRODUCTS_DIR}/GoogleUtilities/GoogleUtilities.framework",
				"${BUILT_PRODUCTS_DIR}/SkyFloatingLabelTextField/SkyFloatingLabelTextField.framework",
				"${BUILT_PRODUCTS_DIR}/nanopb/nanopb.framework",
			);
			name = "[CP] Embed Pods Frameworks";
			outputFileListPaths = (
			);
			outputPaths = (
				"${TARGET_BUILD_DIR}/${FRAMEWORKS_FOLDER_PATH}/GTMSessionFetcher.framework",
				"${TARGET_BUILD_DIR}/${FRAMEWORKS_FOLDER_PATH}/GoogleUtilities.framework",
				"${TARGET_BUILD_DIR}/${FRAMEWORKS_FOLDER_PATH}/SkyFloatingLabelTextField.framework",
				"${TARGET_BUILD_DIR}/${FRAMEWORKS_FOLDER_PATH}/nanopb.framework",
			);
			runOnlyForDeploymentPostprocessing = 0;
			shellPath = /bin/sh;
			shellScript = "\"${PODS_ROOT}/Target Support Files/Pods-SocialMeetUp/Pods-SocialMeetUp-frameworks.sh\"\n";
			showEnvVarsInLog = 0;
		};
		59B4DE378809983558032A92 /* [CP] Copy Pods Resources */ = {
			isa = PBXShellScriptBuildPhase;
			buildActionMask = 2147483647;
			files = (
			);
			inputFileListPaths = (
			);
			inputPaths = (
				"${PODS_ROOT}/Target Support Files/Pods-SocialMeetUp/Pods-SocialMeetUp-resources.sh",
				"${PODS_ROOT}/GoogleMaps/Maps/Frameworks/GoogleMaps.framework/Resources/GoogleMaps.bundle",
				"${PODS_ROOT}/GooglePlaces/Frameworks/GooglePlaces.framework/Resources/GooglePlaces.bundle",
			);
			name = "[CP] Copy Pods Resources";
			outputFileListPaths = (
			);
			outputPaths = (
				"${TARGET_BUILD_DIR}/${UNLOCALIZED_RESOURCES_FOLDER_PATH}/GoogleMaps.bundle",
				"${TARGET_BUILD_DIR}/${UNLOCALIZED_RESOURCES_FOLDER_PATH}/GooglePlaces.bundle",
			);
			runOnlyForDeploymentPostprocessing = 0;
			shellPath = /bin/sh;
			shellScript = "\"${PODS_ROOT}/Target Support Files/Pods-SocialMeetUp/Pods-SocialMeetUp-resources.sh\"\n";
			showEnvVarsInLog = 0;
		};
		7A9B2E048D5FDCB85729F977 /* [CP] Check Pods Manifest.lock */ = {
			isa = PBXShellScriptBuildPhase;
			buildActionMask = 2147483647;
			files = (
			);
			inputFileListPaths = (
			);
			inputPaths = (
				"${PODS_PODFILE_DIR_PATH}/Podfile.lock",
				"${PODS_ROOT}/Manifest.lock",
			);
			name = "[CP] Check Pods Manifest.lock";
			outputFileListPaths = (
			);
			outputPaths = (
				"$(DERIVED_FILE_DIR)/Pods-SocialMeetUp-checkManifestLockResult.txt",
			);
			runOnlyForDeploymentPostprocessing = 0;
			shellPath = /bin/sh;
			shellScript = "diff \"${PODS_PODFILE_DIR_PATH}/Podfile.lock\" \"${PODS_ROOT}/Manifest.lock\" > /dev/null\nif [ $? != 0 ] ; then\n    # print error to STDERR\n    echo \"error: The sandbox is not in sync with the Podfile.lock. Run 'pod install' or update your CocoaPods installation.\" >&2\n    exit 1\nfi\n# This output is used by Xcode 'outputs' to avoid re-running this script phase.\necho \"SUCCESS\" > \"${SCRIPT_OUTPUT_FILE_0}\"\n";
			showEnvVarsInLog = 0;
		};
/* End PBXShellScriptBuildPhase section */

/* Begin PBXSourcesBuildPhase section */
		84437C7422B532D10048FC1F /* Sources */ = {
			isa = PBXSourcesBuildPhase;
			buildActionMask = 2147483647;
			files = (
				84E6633222B68F6B00F2EDE3 /* Menu.swift in Sources */,
				84437C7E22B532D10048FC1F /* ViewController.swift in Sources */,
				8436817B22BCB56300E202E1 /* ContainerViewController.swift in Sources */,
				8454B02322BD2282008923B3 /* Group.swift in Sources */,
				84798AFD22BE8FD70001C241 /* MessageViewController.swift in Sources */,
				84E6633C22B6AA3A00F2EDE3 /* RoundedBackgroundLabel.swift in Sources */,
				8454B03322BD4ECD008923B3 /* FeedCell.swift in Sources */,
				84798AF922BE71BD0001C241 /* ProfileViewModel.swift in Sources */,
				8436EF2122C28CDD006EB24E /* NotificationData.swift in Sources */,
				8454B01F22BD2260008923B3 /* People.swift in Sources */,
				845B856B22BE2E0F00E1AF34 /* FeedWithTableViewController.swift in Sources */,
				840864B622BCC4F200D96406 /* ProfileViewController.swift in Sources */,
				84C6194E22B9397100535669 /* DropDownViewController.swift in Sources */,
				84E6633A22B6A5CA00F2EDE3 /* RoundedButtonWithBorder.swift in Sources */,
				84377BE422C1205B0077990B /* NotificationCell.swift in Sources */,
				84377BE122C1204B0077990B /* MessageCell.swift in Sources */,
				84334D4622BFCFDB007BB0B2 /* RoundedCornerImageView.swift in Sources */,
				8454B01D22BD2256008923B3 /* TimeDate.swift in Sources */,
				8436C2B422C63DBD00CA8A16 /* ChatViewController.swift in Sources */,
				8436EF1F22C2893E006EB24E /* Notification.swift in Sources */,
				8454B02522BD228B008923B3 /* Feed.swift in Sources */,
				8454B01B22BD17E4008923B3 /* FeedData.swift in Sources */,
				84798AFF22BE90670001C241 /* NotificationViewController.swift in Sources */,
				840864B822BCC50500D96406 /* FeedViewController.swift in Sources */,
				8436EF1D22C28933006EB24E /* Message.swift in Sources */,
				84437C7C22B532D10048FC1F /* AppDelegate.swift in Sources */,
				8436EF2322C28CEA006EB24E /* MessageData.swift in Sources */,
				84E6633522B69B8200F2EDE3 /* MenuViewController.swift in Sources */,
				84798AFB22BE8FAB0001C241 /* AddNewViewController.swift in Sources */,
				8433428422B68F0700B80F9D /* MenuData.swift in Sources */,
				8436C2B622C64B1200CA8A16 /* BottomLineTextField.swift in Sources */,
				8454B02122BD226B008923B3 /* Location.swift in Sources */,
				84E6633E22B6AC1400F2EDE3 /* MenuProfileCell.swift in Sources */,
				842DDA7122B5594900CCBC76 /* RoundedCornerButton.swift in Sources */,
				84798AF522BE6E130001C241 /* ProfileData.swift in Sources */,
				8454B02722BD31F7008923B3 /* ColorUtils.swift in Sources */,
				84E6633722B69E3F00F2EDE3 /* MenuCell.swift in Sources */,
				8454B02A22BD4985008923B3 /* FeedViewModel.swift in Sources */,
				84798AF722BE6F850001C241 /* Profile.swift in Sources */,
				842DDA7522B55EBE00CCBC76 /* RoundedCornerView.swift in Sources */,
				84798B0122BE90740001C241 /* FeedDetailViewController.swift in Sources */,
			);
			runOnlyForDeploymentPostprocessing = 0;
		};
/* End PBXSourcesBuildPhase section */

/* Begin PBXVariantGroup section */
		84437C7F22B532D10048FC1F /* Main.storyboard */ = {
			isa = PBXVariantGroup;
			children = (
				84437C8022B532D10048FC1F /* Base */,
			);
			name = Main.storyboard;
			sourceTree = "<group>";
		};
		84437C8422B532D40048FC1F /* LaunchScreen.storyboard */ = {
			isa = PBXVariantGroup;
			children = (
				84437C8522B532D40048FC1F /* Base */,
			);
			name = LaunchScreen.storyboard;
			sourceTree = "<group>";
		};
/* End PBXVariantGroup section */

/* Begin XCBuildConfiguration section */
		84437C8822B532D40048FC1F /* Debug */ = {
			isa = XCBuildConfiguration;
			buildSettings = {
				ALWAYS_SEARCH_USER_PATHS = NO;
				CLANG_ANALYZER_NONNULL = YES;
				CLANG_ANALYZER_NUMBER_OBJECT_CONVERSION = YES_AGGRESSIVE;
				CLANG_CXX_LANGUAGE_STANDARD = "gnu++14";
				CLANG_CXX_LIBRARY = "libc++";
				CLANG_ENABLE_MODULES = YES;
				CLANG_ENABLE_OBJC_ARC = YES;
				CLANG_ENABLE_OBJC_WEAK = YES;
				CLANG_WARN_BLOCK_CAPTURE_AUTORELEASING = YES;
				CLANG_WARN_BOOL_CONVERSION = YES;
				CLANG_WARN_COMMA = YES;
				CLANG_WARN_CONSTANT_CONVERSION = YES;
				CLANG_WARN_DEPRECATED_OBJC_IMPLEMENTATIONS = YES;
				CLANG_WARN_DIRECT_OBJC_ISA_USAGE = YES_ERROR;
				CLANG_WARN_DOCUMENTATION_COMMENTS = YES;
				CLANG_WARN_EMPTY_BODY = YES;
				CLANG_WARN_ENUM_CONVERSION = YES;
				CLANG_WARN_INFINITE_RECURSION = YES;
				CLANG_WARN_INT_CONVERSION = YES;
				CLANG_WARN_NON_LITERAL_NULL_CONVERSION = YES;
				CLANG_WARN_OBJC_IMPLICIT_RETAIN_SELF = YES;
				CLANG_WARN_OBJC_LITERAL_CONVERSION = YES;
				CLANG_WARN_OBJC_ROOT_CLASS = YES_ERROR;
				CLANG_WARN_RANGE_LOOP_ANALYSIS = YES;
				CLANG_WARN_STRICT_PROTOTYPES = YES;
				CLANG_WARN_SUSPICIOUS_MOVE = YES;
				CLANG_WARN_UNGUARDED_AVAILABILITY = YES_AGGRESSIVE;
				CLANG_WARN_UNREACHABLE_CODE = YES;
				CLANG_WARN__DUPLICATE_METHOD_MATCH = YES;
				CODE_SIGN_IDENTITY = "iPhone Developer";
				COPY_PHASE_STRIP = NO;
				DEBUG_INFORMATION_FORMAT = dwarf;
				ENABLE_STRICT_OBJC_MSGSEND = YES;
				ENABLE_TESTABILITY = YES;
				GCC_C_LANGUAGE_STANDARD = gnu11;
				GCC_DYNAMIC_NO_PIC = NO;
				GCC_NO_COMMON_BLOCKS = YES;
				GCC_OPTIMIZATION_LEVEL = 0;
				GCC_PREPROCESSOR_DEFINITIONS = (
					"DEBUG=1",
					"$(inherited)",
				);
				GCC_WARN_64_TO_32_BIT_CONVERSION = YES;
				GCC_WARN_ABOUT_RETURN_TYPE = YES_ERROR;
				GCC_WARN_UNDECLARED_SELECTOR = YES;
				GCC_WARN_UNINITIALIZED_AUTOS = YES_AGGRESSIVE;
				GCC_WARN_UNUSED_FUNCTION = YES;
				GCC_WARN_UNUSED_VARIABLE = YES;
				IPHONEOS_DEPLOYMENT_TARGET = 12.2;
				MTL_ENABLE_DEBUG_INFO = INCLUDE_SOURCE;
				MTL_FAST_MATH = YES;
				ONLY_ACTIVE_ARCH = YES;
				SDKROOT = iphoneos;
				SWIFT_ACTIVE_COMPILATION_CONDITIONS = DEBUG;
				SWIFT_OPTIMIZATION_LEVEL = "-Onone";
			};
			name = Debug;
		};
		84437C8922B532D40048FC1F /* Release */ = {
			isa = XCBuildConfiguration;
			buildSettings = {
				ALWAYS_SEARCH_USER_PATHS = NO;
				CLANG_ANALYZER_NONNULL = YES;
				CLANG_ANALYZER_NUMBER_OBJECT_CONVERSION = YES_AGGRESSIVE;
				CLANG_CXX_LANGUAGE_STANDARD = "gnu++14";
				CLANG_CXX_LIBRARY = "libc++";
				CLANG_ENABLE_MODULES = YES;
				CLANG_ENABLE_OBJC_ARC = YES;
				CLANG_ENABLE_OBJC_WEAK = YES;
				CLANG_WARN_BLOCK_CAPTURE_AUTORELEASING = YES;
				CLANG_WARN_BOOL_CONVERSION = YES;
				CLANG_WARN_COMMA = YES;
				CLANG_WARN_CONSTANT_CONVERSION = YES;
				CLANG_WARN_DEPRECATED_OBJC_IMPLEMENTATIONS = YES;
				CLANG_WARN_DIRECT_OBJC_ISA_USAGE = YES_ERROR;
				CLANG_WARN_DOCUMENTATION_COMMENTS = YES;
				CLANG_WARN_EMPTY_BODY = YES;
				CLANG_WARN_ENUM_CONVERSION = YES;
				CLANG_WARN_INFINITE_RECURSION = YES;
				CLANG_WARN_INT_CONVERSION = YES;
				CLANG_WARN_NON_LITERAL_NULL_CONVERSION = YES;
				CLANG_WARN_OBJC_IMPLICIT_RETAIN_SELF = YES;
				CLANG_WARN_OBJC_LITERAL_CONVERSION = YES;
				CLANG_WARN_OBJC_ROOT_CLASS = YES_ERROR;
				CLANG_WARN_RANGE_LOOP_ANALYSIS = YES;
				CLANG_WARN_STRICT_PROTOTYPES = YES;
				CLANG_WARN_SUSPICIOUS_MOVE = YES;
				CLANG_WARN_UNGUARDED_AVAILABILITY = YES_AGGRESSIVE;
				CLANG_WARN_UNREACHABLE_CODE = YES;
				CLANG_WARN__DUPLICATE_METHOD_MATCH = YES;
				CODE_SIGN_IDENTITY = "iPhone Developer";
				COPY_PHASE_STRIP = NO;
				DEBUG_INFORMATION_FORMAT = "dwarf-with-dsym";
				ENABLE_NS_ASSERTIONS = NO;
				ENABLE_STRICT_OBJC_MSGSEND = YES;
				GCC_C_LANGUAGE_STANDARD = gnu11;
				GCC_NO_COMMON_BLOCKS = YES;
				GCC_WARN_64_TO_32_BIT_CONVERSION = YES;
				GCC_WARN_ABOUT_RETURN_TYPE = YES_ERROR;
				GCC_WARN_UNDECLARED_SELECTOR = YES;
				GCC_WARN_UNINITIALIZED_AUTOS = YES_AGGRESSIVE;
				GCC_WARN_UNUSED_FUNCTION = YES;
				GCC_WARN_UNUSED_VARIABLE = YES;
				IPHONEOS_DEPLOYMENT_TARGET = 12.2;
				MTL_ENABLE_DEBUG_INFO = NO;
				MTL_FAST_MATH = YES;
				SDKROOT = iphoneos;
				SWIFT_COMPILATION_MODE = wholemodule;
				SWIFT_OPTIMIZATION_LEVEL = "-O";
				VALIDATE_PRODUCT = YES;
			};
			name = Release;
		};
		84437C8B22B532D40048FC1F /* Debug */ = {
			isa = XCBuildConfiguration;
			baseConfigurationReference = E28A43B886D34A4873A8D4C8 /* Pods-SocialMeetUp.debug.xcconfig */;
			buildSettings = {
				ASSETCATALOG_COMPILER_APPICON_NAME = AppIcon;
				CODE_SIGN_STYLE = Automatic;
				DEVELOPMENT_TEAM = 3EYUW49QFV;
				INFOPLIST_FILE = SocialMeetUp/Info.plist;
				LD_RUNPATH_SEARCH_PATHS = (
					"$(inherited)",
					"@executable_path/Frameworks",
				);
				PRODUCT_BUNDLE_IDENTIFIER = com.A7Studio.SocialMeetUp;
				PRODUCT_NAME = "$(TARGET_NAME)";
				SWIFT_VERSION = 5.0;
				TARGETED_DEVICE_FAMILY = "1,2";
			};
			name = Debug;
		};
		84437C8C22B532D40048FC1F /* Release */ = {
			isa = XCBuildConfiguration;
			baseConfigurationReference = 74D630A573A96EE9E6942F2D /* Pods-SocialMeetUp.release.xcconfig */;
			buildSettings = {
				ASSETCATALOG_COMPILER_APPICON_NAME = AppIcon;
				CODE_SIGN_STYLE = Automatic;
				DEVELOPMENT_TEAM = 3EYUW49QFV;
				INFOPLIST_FILE = SocialMeetUp/Info.plist;
				LD_RUNPATH_SEARCH_PATHS = (
					"$(inherited)",
					"@executable_path/Frameworks",
				);
				PRODUCT_BUNDLE_IDENTIFIER = com.A7Studio.SocialMeetUp;
				PRODUCT_NAME = "$(TARGET_NAME)";
				SWIFT_VERSION = 5.0;
				TARGETED_DEVICE_FAMILY = "1,2";
			};
			name = Release;
		};
/* End XCBuildConfiguration section */

/* Begin XCConfigurationList section */
		84437C7322B532D10048FC1F /* Build configuration list for PBXProject "SocialMeetUp" */ = {
			isa = XCConfigurationList;
			buildConfigurations = (
				84437C8822B532D40048FC1F /* Debug */,
				84437C8922B532D40048FC1F /* Release */,
			);
			defaultConfigurationIsVisible = 0;
			defaultConfigurationName = Release;
		};
		84437C8A22B532D40048FC1F /* Build configuration list for PBXNativeTarget "SocialMeetUp" */ = {
			isa = XCConfigurationList;
			buildConfigurations = (
				84437C8B22B532D40048FC1F /* Debug */,
				84437C8C22B532D40048FC1F /* Release */,
			);
			defaultConfigurationIsVisible = 0;
			defaultConfigurationName = Release;
		};
/* End XCConfigurationList section */
	};
	rootObject = 84437C7022B532D10048FC1F /* Project object */;
}
