// !$*UTF8*$!
{
	archiveVersion = 1;
	classes = {
	};
	objectVersion = 50;
	objects = {

/* Begin PBXBuildFile section */
		843AF65E2326BC100095C718 /* AppDelegate.swift in Sources */ = {isa = PBXBuildFile; fileRef = 843AF65D2326BC100095C718 /* AppDelegate.swift */; };
		843AF6602326BC100095C718 /* DashboardViewController.swift in Sources */ = {isa = PBXBuildFile; fileRef = 843AF65F2326BC100095C718 /* DashboardViewController.swift */; };
		843AF6632326BC100095C718 /* Main.storyboard in Resources */ = {isa = PBXBuildFile; fileRef = 843AF6612326BC100095C718 /* Main.storyboard */; };
		843AF6662326BC100095C718 /* Happ.xcdatamodeld in Sources */ = {isa = PBXBuildFile; fileRef = 843AF6642326BC100095C718 /* Happ.xcdatamodeld */; };
		843AF6682326BC120095C718 /* Assets.xcassets in Resources */ = {isa = PBXBuildFile; fileRef = 843AF6672326BC120095C718 /* Assets.xcassets */; };
		843AF66B2326BC120095C718 /* LaunchScreen.storyboard in Resources */ = {isa = PBXBuildFile; fileRef = 843AF6692326BC120095C718 /* LaunchScreen.storyboard */; };
/* End PBXBuildFile section */

/* Begin PBXFileReference section */
		843AF65A2326BC100095C718 /* Happ.app */ = {isa = PBXFileReference; explicitFileType = wrapper.application; includeInIndex = 0; path = Happ.app; sourceTree = BUILT_PRODUCTS_DIR; };
		843AF65D2326BC100095C718 /* AppDelegate.swift */ = {isa = PBXFileReference; lastKnownFileType = sourcecode.swift; path = AppDelegate.swift; sourceTree = "<group>"; };
		843AF65F2326BC100095C718 /* DashboardViewController.swift */ = {isa = PBXFileReference; lastKnownFileType = sourcecode.swift; path = DashboardViewController.swift; sourceTree = "<group>"; };
		843AF6622326BC100095C718 /* Base */ = {isa = PBXFileReference; lastKnownFileType = file.storyboard; name = Base; path = Base.lproj/Main.storyboard; sourceTree = "<group>"; };
		843AF6652326BC100095C718 /* Happ.xcdatamodel */ = {isa = PBXFileReference; lastKnownFileType = wrapper.xcdatamodel; path = Happ.xcdatamodel; sourceTree = "<group>"; };
		843AF6672326BC120095C718 /* Assets.xcassets */ = {isa = PBXFileReference; lastKnownFileType = folder.assetcatalog; path = Assets.xcassets; sourceTree = "<group>"; };
		843AF66A2326BC120095C718 /* Base */ = {isa = PBXFileReference; lastKnownFileType = file.storyboard; name = Base; path = Base.lproj/LaunchScreen.storyboard; sourceTree = "<group>"; };
		843AF66C2326BC120095C718 /* Info.plist */ = {isa = PBXFileReference; lastKnownFileType = text.plist.xml; path = Info.plist; sourceTree = "<group>"; };
/* End PBXFileReference section */

/* Begin PBXFrameworksBuildPhase section */
		843AF6572326BC100095C718 /* Frameworks */ = {
			isa = PBXFrameworksBuildPhase;
			buildActionMask = 2147483647;
			files = (
			);
			runOnlyForDeploymentPostprocessing = 0;
		};
/* End PBXFrameworksBuildPhase section */

/* Begin PBXGroup section */
		843AF6512326BC100095C718 = {
			isa = PBXGroup;
			children = (
				843AF65C2326BC100095C718 /* Happ */,
				843AF65B2326BC100095C718 /* Products */,
			);
			sourceTree = "<group>";
		};
		843AF65B2326BC100095C718 /* Products */ = {
			isa = PBXGroup;
			children = (
				843AF65A2326BC100095C718 /* Happ.app */,
			);
			name = Products;
			sourceTree = "<group>";
		};
		843AF65C2326BC100095C718 /* Happ */ = {
			isa = PBXGroup;
			children = (
				843AF6732326BDE00095C718 /* Application */,
				843AF6722326BDD50095C718 /* View */,
				843AF6742326BDEE0095C718 /* Resources */,
			);
			path = Happ;
			sourceTree = "<group>";
		};
		843AF6722326BDD50095C718 /* View */ = {
			isa = PBXGroup;
			children = (
				843AF65F2326BC100095C718 /* DashboardViewController.swift */,
				843AF6612326BC100095C718 /* Main.storyboard */,
				843AF6692326BC120095C718 /* LaunchScreen.storyboard */,
			);
			path = View;
			sourceTree = "<group>";
		};
		843AF6732326BDE00095C718 /* Application */ = {
			isa = PBXGroup;
			children = (
				843AF65D2326BC100095C718 /* AppDelegate.swift */,
			);
			path = Application;
			sourceTree = "<group>";
		};
		843AF6742326BDEE0095C718 /* Resources */ = {
			isa = PBXGroup;
			children = (
				843AF6672326BC120095C718 /* Assets.xcassets */,
				843AF66C2326BC120095C718 /* Info.plist */,
				843AF6642326BC100095C718 /* Happ.xcdatamodeld */,
			);
			path = Resources;
			sourceTree = "<group>";
		};
/* End PBXGroup section */

/* Begin PBXNativeTarget section */
		843AF6592326BC100095C718 /* Happ */ = {
			isa = PBXNativeTarget;
			buildConfigurationList = 843AF66F2326BC120095C718 /* Build configuration list for PBXNativeTarget "Happ" */;
			buildPhases = (
				843AF6562326BC100095C718 /* Sources */,
				843AF6572326BC100095C718 /* Frameworks */,
				843AF6582326BC100095C718 /* Resources */,
			);
			buildRules = (
			);
			dependencies = (
			);
			name = Happ;
			productName = Happ;
			productReference = 843AF65A2326BC100095C718 /* Happ.app */;
			productType = "com.apple.product-type.application";
		};
/* End PBXNativeTarget section */

/* Begin PBXProject section */
		843AF6522326BC100095C718 /* Project object */ = {
			isa = PBXProject;
			attributes = {
				LastSwiftUpdateCheck = 1030;
				LastUpgradeCheck = 1030;
				ORGANIZATIONNAME = A7Studio;
				TargetAttributes = {
					843AF6592326BC100095C718 = {
						CreatedOnToolsVersion = 10.3;
					};
				};
			};
			buildConfigurationList = 843AF6552326BC100095C718 /* Build configuration list for PBXProject "Happ" */;
			compatibilityVersion = "Xcode 9.3";
			developmentRegion = en;
			hasScannedForEncodings = 0;
			knownRegions = (
				en,
				Base,
			);
			mainGroup = 843AF6512326BC100095C718;
			productRefGroup = 843AF65B2326BC100095C718 /* Products */;
			projectDirPath = "";
			projectRoot = "";
			targets = (
				843AF6592326BC100095C718 /* Happ */,
			);
		};
/* End PBXProject section */

/* Begin PBXResourcesBuildPhase section */
		843AF6582326BC100095C718 /* Resources */ = {
			isa = PBXResourcesBuildPhase;
			buildActionMask = 2147483647;
			files = (
				843AF66B2326BC120095C718 /* LaunchScreen.storyboard in Resources */,
				843AF6682326BC120095C718 /* Assets.xcassets in Resources */,
				843AF6632326BC100095C718 /* Main.storyboard in Resources */,
			);
			runOnlyForDeploymentPostprocessing = 0;
		};
/* End PBXResourcesBuildPhase section */

/* Begin PBXSourcesBuildPhase section */
		843AF6562326BC100095C718 /* Sources */ = {
			isa = PBXSourcesBuildPhase;
			buildActionMask = 2147483647;
			files = (
				843AF6662326BC100095C718 /* Happ.xcdatamodeld in Sources */,
				843AF6602326BC100095C718 /* DashboardViewController.swift in Sources */,
				843AF65E2326BC100095C718 /* AppDelegate.swift in Sources */,
			);
			runOnlyForDeploymentPostprocessing = 0;
		};
/* End PBXSourcesBuildPhase section */

/* Begin PBXVariantGroup section */
		843AF6612326BC100095C718 /* Main.storyboard */ = {
			isa = PBXVariantGroup;
			children = (
				843AF6622326BC100095C718 /* Base */,
			);
			name = Main.storyboard;
			sourceTree = "<group>";
		};
		843AF6692326BC120095C718 /* LaunchScreen.storyboard */ = {
			isa = PBXVariantGroup;
			children = (
				843AF66A2326BC120095C718 /* Base */,
			);
			name = LaunchScreen.storyboard;
			sourceTree = "<group>";
		};
/* End PBXVariantGroup section */

/* Begin XCBuildConfiguration section */
		843AF66D2326BC120095C718 /* Debug */ = {
			isa = XCBuildConfiguration;
			buildSettings = {
				ALWAYS_SEARCH_USER_PATHS = NO;
				CLANG_ANALYZER_NONNULL = YES;
				CLANG_ANALYZER_NUMBER_OBJECT_CONVERSION = YES_AGGRESSIVE;
				CLANG_CXX_LANGUAGE_STANDARD = "gnu++14";
				CLANG_CXX_LIBRARY = "libc++";
				CLANG_ENABLE_MODULES = YES;
				CLANG_ENABLE_OBJC_ARC = YES;
				CLANG_ENABLE_OBJC_WEAK = YES;
				CLANG_WARN_BLOCK_CAPTURE_AUTORELEASING = YES;
				CLANG_WARN_BOOL_CONVERSION = YES;
				CLANG_WARN_COMMA = YES;
				CLANG_WARN_CONSTANT_CONVERSION = YES;
				CLANG_WARN_DEPRECATED_OBJC_IMPLEMENTATIONS = YES;
				CLANG_WARN_DIRECT_OBJC_ISA_USAGE = YES_ERROR;
				CLANG_WARN_DOCUMENTATION_COMMENTS = YES;
				CLANG_WARN_EMPTY_BODY = YES;
				CLANG_WARN_ENUM_CONVERSION = YES;
				CLANG_WARN_INFINITE_RECURSION = YES;
				CLANG_WARN_INT_CONVERSION = YES;
				CLANG_WARN_NON_LITERAL_NULL_CONVERSION = YES;
				CLANG_WARN_OBJC_IMPLICIT_RETAIN_SELF = YES;
				CLANG_WARN_OBJC_LITERAL_CONVERSION = YES;
				CLANG_WARN_OBJC_ROOT_CLASS = YES_ERROR;
				CLANG_WARN_RANGE_LOOP_ANALYSIS = YES;
				CLANG_WARN_STRICT_PROTOTYPES = YES;
				CLANG_WARN_SUSPICIOUS_MOVE = YES;
				CLANG_WARN_UNGUARDED_AVAILABILITY = YES_AGGRESSIVE;
				CLANG_WARN_UNREACHABLE_CODE = YES;
				CLANG_WARN__DUPLICATE_METHOD_MATCH = YES;
				CODE_SIGN_IDENTITY = "iPhone Developer";
				COPY_PHASE_STRIP = NO;
				DEBUG_INFORMATION_FORMAT = dwarf;
				ENABLE_STRICT_OBJC_MSGSEND = YES;
				ENABLE_TESTABILITY = YES;
				GCC_C_LANGUAGE_STANDARD = gnu11;
				GCC_DYNAMIC_NO_PIC = NO;
				GCC_NO_COMMON_BLOCKS = YES;
				GCC_OPTIMIZATION_LEVEL = 0;
				GCC_PREPROCESSOR_DEFINITIONS = (
					"DEBUG=1",
					"$(inherited)",
				);
				GCC_WARN_64_TO_32_BIT_CONVERSION = YES;
				GCC_WARN_ABOUT_RETURN_TYPE = YES_ERROR;
				GCC_WARN_UNDECLARED_SELECTOR = YES;
				GCC_WARN_UNINITIALIZED_AUTOS = YES_AGGRESSIVE;
				GCC_WARN_UNUSED_FUNCTION = YES;
				GCC_WARN_UNUSED_VARIABLE = YES;
				IPHONEOS_DEPLOYMENT_TARGET = 12.4;
				MTL_ENABLE_DEBUG_INFO = INCLUDE_SOURCE;
				MTL_FAST_MATH = YES;
				ONLY_ACTIVE_ARCH = YES;
				SDKROOT = iphoneos;
				SWIFT_ACTIVE_COMPILATION_CONDITIONS = DEBUG;
				SWIFT_OPTIMIZATION_LEVEL = "-Onone";
			};
			name = Debug;
		};
		843AF66E2326BC120095C718 /* Release */ = {
			isa = XCBuildConfiguration;
			buildSettings = {
				ALWAYS_SEARCH_USER_PATHS = NO;
				CLANG_ANALYZER_NONNULL = YES;
				CLANG_ANALYZER_NUMBER_OBJECT_CONVERSION = YES_AGGRESSIVE;
				CLANG_CXX_LANGUAGE_STANDARD = "gnu++14";
				CLANG_CXX_LIBRARY = "libc++";
				CLANG_ENABLE_MODULES = YES;
				CLANG_ENABLE_OBJC_ARC = YES;
				CLANG_ENABLE_OBJC_WEAK = YES;
				CLANG_WARN_BLOCK_CAPTURE_AUTORELEASING = YES;
				CLANG_WARN_BOOL_CONVERSION = YES;
				CLANG_WARN_COMMA = YES;
				CLANG_WARN_CONSTANT_CONVERSION = YES;
				CLANG_WARN_DEPRECATED_OBJC_IMPLEMENTATIONS = YES;
				CLANG_WARN_DIRECT_OBJC_ISA_USAGE = YES_ERROR;
				CLANG_WARN_DOCUMENTATION_COMMENTS = YES;
				CLANG_WARN_EMPTY_BODY = YES;
				CLANG_WARN_ENUM_CONVERSION = YES;
				CLANG_WARN_INFINITE_RECURSION = YES;
				CLANG_WARN_INT_CONVERSION = YES;
				CLANG_WARN_NON_LITERAL_NULL_CONVERSION = YES;
				CLANG_WARN_OBJC_IMPLICIT_RETAIN_SELF = YES;
				CLANG_WARN_OBJC_LITERAL_CONVERSION = YES;
				CLANG_WARN_OBJC_ROOT_CLASS = YES_ERROR;
				CLANG_WARN_RANGE_LOOP_ANALYSIS = YES;
				CLANG_WARN_STRICT_PROTOTYPES = YES;
				CLANG_WARN_SUSPICIOUS_MOVE = YES;
				CLANG_WARN_UNGUARDED_AVAILABILITY = YES_AGGRESSIVE;
				CLANG_WARN_UNREACHABLE_CODE = YES;
				CLANG_WARN__DUPLICATE_METHOD_MATCH = YES;
				CODE_SIGN_IDENTITY = "iPhone Developer";
				COPY_PHASE_STRIP = NO;
				DEBUG_INFORMATION_FORMAT = "dwarf-with-dsym";
				ENABLE_NS_ASSERTIONS = NO;
				ENABLE_STRICT_OBJC_MSGSEND = YES;
				GCC_C_LANGUAGE_STANDARD = gnu11;
				GCC_NO_COMMON_BLOCKS = YES;
				GCC_WARN_64_TO_32_BIT_CONVERSION = YES;
				GCC_WARN_ABOUT_RETURN_TYPE = YES_ERROR;
				GCC_WARN_UNDECLARED_SELECTOR = YES;
				GCC_WARN_UNINITIALIZED_AUTOS = YES_AGGRESSIVE;
				GCC_WARN_UNUSED_FUNCTION = YES;
				GCC_WARN_UNUSED_VARIABLE = YES;
				IPHONEOS_DEPLOYMENT_TARGET = 12.4;
				MTL_ENABLE_DEBUG_INFO = NO;
				MTL_FAST_MATH = YES;
				SDKROOT = iphoneos;
				SWIFT_COMPILATION_MODE = wholemodule;
				SWIFT_OPTIMIZATION_LEVEL = "-O";
				VALIDATE_PRODUCT = YES;
			};
			name = Release;
		};
		843AF6702326BC120095C718 /* Debug */ = {
			isa = XCBuildConfiguration;
			buildSettings = {
				ASSETCATALOG_COMPILER_APPICON_NAME = AppIcon;
				CODE_SIGN_STYLE = Automatic;
				DEVELOPMENT_TEAM = 3EYUW49QFV;
				INFOPLIST_FILE = Happ/Resources/Info.plist;
				LD_RUNPATH_SEARCH_PATHS = (
					"$(inherited)",
					"@executable_path/Frameworks",
				);
				PRODUCT_BUNDLE_IDENTIFIER = com.A7Studio.Happ;
				PRODUCT_NAME = "$(TARGET_NAME)";
				SWIFT_VERSION = 5.0;
				TARGETED_DEVICE_FAMILY = "1,2";
			};
			name = Debug;
		};
		843AF6712326BC120095C718 /* Release */ = {
			isa = XCBuildConfiguration;
			buildSettings = {
				ASSETCATALOG_COMPILER_APPICON_NAME = AppIcon;
				CODE_SIGN_STYLE = Automatic;
				DEVELOPMENT_TEAM = 3EYUW49QFV;
				INFOPLIST_FILE = Happ/Resources/Info.plist;
				LD_RUNPATH_SEARCH_PATHS = (
					"$(inherited)",
					"@executable_path/Frameworks",
				);
				PRODUCT_BUNDLE_IDENTIFIER = com.A7Studio.Happ;
				PRODUCT_NAME = "$(TARGET_NAME)";
				SWIFT_VERSION = 5.0;
				TARGETED_DEVICE_FAMILY = "1,2";
			};
			name = Release;
		};
/* End XCBuildConfiguration section */

/* Begin XCConfigurationList section */
		843AF6552326BC100095C718 /* Build configuration list for PBXProject "Happ" */ = {
			isa = XCConfigurationList;
			buildConfigurations = (
				843AF66D2326BC120095C718 /* Debug */,
				843AF66E2326BC120095C718 /* Release */,
			);
			defaultConfigurationIsVisible = 0;
			defaultConfigurationName = Release;
		};
		843AF66F2326BC120095C718 /* Build configuration list for PBXNativeTarget "Happ" */ = {
			isa = XCConfigurationList;
			buildConfigurations = (
				843AF6702326BC120095C718 /* Debug */,
				843AF6712326BC120095C718 /* Release */,
			);
			defaultConfigurationIsVisible = 0;
			defaultConfigurationName = Release;
		};
/* End XCConfigurationList section */

/* Begin XCVersionGroup section */
		843AF6642326BC100095C718 /* Happ.xcdatamodeld */ = {
			isa = XCVersionGroup;
			children = (
				843AF6652326BC100095C718 /* Happ.xcdatamodel */,
			);
			currentVersion = 843AF6652326BC100095C718 /* Happ.xcdatamodel */;
			path = Happ.xcdatamodeld;
			sourceTree = "<group>";
			versionGroupType = wrapper.xcdatamodel;
		};
/* End XCVersionGroup section */
	};
	rootObject = 843AF6522326BC100095C718 /* Project object */;
}
