// !$*UTF8*$!
{
	archiveVersion = 1;
	classes = {
	};
	objectVersion = 50;
	objects = {

/* Begin PBXBuildFile section */
		843262E923067D7D00B4A268 /* AppDelegate.swift in Sources */ = {isa = PBXBuildFile; fileRef = 843262E823067D7D00B4A268 /* AppDelegate.swift */; };
		843262EB23067D7D00B4A268 /* ViewController.swift in Sources */ = {isa = PBXBuildFile; fileRef = 843262EA23067D7D00B4A268 /* ViewController.swift */; };
		843262EE23067D7D00B4A268 /* Main.storyboard in Resources */ = {isa = PBXBuildFile; fileRef = 843262EC23067D7D00B4A268 /* Main.storyboard */; };
		843262F023067D7F00B4A268 /* Assets.xcassets in Resources */ = {isa = PBXBuildFile; fileRef = 843262EF23067D7F00B4A268 /* Assets.xcassets */; };
		843262F323067D7F00B4A268 /* LaunchScreen.storyboard in Resources */ = {isa = PBXBuildFile; fileRef = 843262F123067D7F00B4A268 /* LaunchScreen.storyboard */; };
		843498AF230FB5E600927D84 /* UserLevelPresenter.swift in Sources */ = {isa = PBXBuildFile; fileRef = 843498A9230FB5E600927D84 /* UserLevelPresenter.swift */; };
		843498B0230FB5E600927D84 /* UserLevelRouter.swift in Sources */ = {isa = PBXBuildFile; fileRef = 843498AA230FB5E600927D84 /* UserLevelRouter.swift */; };
		843498B1230FB5E600927D84 /* UserLevelViewController.swift in Sources */ = {isa = PBXBuildFile; fileRef = 843498AB230FB5E600927D84 /* UserLevelViewController.swift */; };
		843498B2230FB5E600927D84 /* UserLevelProtocols.swift in Sources */ = {isa = PBXBuildFile; fileRef = 843498AC230FB5E600927D84 /* UserLevelProtocols.swift */; };
		843498B3230FB5E600927D84 /* UserLevelInteractor.swift in Sources */ = {isa = PBXBuildFile; fileRef = 843498AD230FB5E600927D84 /* UserLevelInteractor.swift */; };
		843498B8230FB65D00927D84 /* DesiredLevelCell.swift in Sources */ = {isa = PBXBuildFile; fileRef = 843498B6230FB65D00927D84 /* DesiredLevelCell.swift */; };
		843498B9230FB65D00927D84 /* DesiredLevelCell.xib in Resources */ = {isa = PBXBuildFile; fileRef = 843498B7230FB65D00927D84 /* DesiredLevelCell.xib */; };
		8434BEB7230C573B00AD58C0 /* BannerCell.swift in Sources */ = {isa = PBXBuildFile; fileRef = 8434BEB5230C573B00AD58C0 /* BannerCell.swift */; };
		8434BEB8230C573B00AD58C0 /* BannerCell.xib in Resources */ = {isa = PBXBuildFile; fileRef = 8434BEB6230C573B00AD58C0 /* BannerCell.xib */; };
		8434BEBB230C575900AD58C0 /* MostViewedCell.swift in Sources */ = {isa = PBXBuildFile; fileRef = 8434BEB9230C575900AD58C0 /* MostViewedCell.swift */; };
		8434BEBC230C575900AD58C0 /* MostViewedCell.xib in Resources */ = {isa = PBXBuildFile; fileRef = 8434BEBA230C575900AD58C0 /* MostViewedCell.xib */; };
		8434BEBE230C5C0F00AD58C0 /* DiscoverCell.swift in Sources */ = {isa = PBXBuildFile; fileRef = 8434BEBD230C5C0F00AD58C0 /* DiscoverCell.swift */; };
		8434BEC0230C5C2900AD58C0 /* CourseCell.swift in Sources */ = {isa = PBXBuildFile; fileRef = 8434BEBF230C5C2900AD58C0 /* CourseCell.swift */; };
		84380F2D230F0FC7007B940B /* LessonPresenter.swift in Sources */ = {isa = PBXBuildFile; fileRef = 84380F27230F0FC7007B940B /* LessonPresenter.swift */; };
		84380F2E230F0FC7007B940B /* LessonRouter.swift in Sources */ = {isa = PBXBuildFile; fileRef = 84380F28230F0FC7007B940B /* LessonRouter.swift */; };
		84380F2F230F0FC7007B940B /* LessonViewController.swift in Sources */ = {isa = PBXBuildFile; fileRef = 84380F29230F0FC7007B940B /* LessonViewController.swift */; };
		84380F30230F0FC7007B940B /* LessonProtocols.swift in Sources */ = {isa = PBXBuildFile; fileRef = 84380F2A230F0FC7007B940B /* LessonProtocols.swift */; };
		84380F31230F0FC7007B940B /* LessonInteractor.swift in Sources */ = {isa = PBXBuildFile; fileRef = 84380F2B230F0FC7007B940B /* LessonInteractor.swift */; };
		8438965A230AE3B400F101DF /* ExamPresenter.swift in Sources */ = {isa = PBXBuildFile; fileRef = 84389654230AE3B400F101DF /* ExamPresenter.swift */; };
		8438965B230AE3B400F101DF /* ExamRouter.swift in Sources */ = {isa = PBXBuildFile; fileRef = 84389655230AE3B400F101DF /* ExamRouter.swift */; };
		8438965C230AE3B400F101DF /* ExamViewController.swift in Sources */ = {isa = PBXBuildFile; fileRef = 84389656230AE3B400F101DF /* ExamViewController.swift */; };
		8438965D230AE3B400F101DF /* ExamProtocols.swift in Sources */ = {isa = PBXBuildFile; fileRef = 84389657230AE3B400F101DF /* ExamProtocols.swift */; };
		8438965E230AE3B400F101DF /* ExamInteractor.swift in Sources */ = {isa = PBXBuildFile; fileRef = 84389658230AE3B400F101DF /* ExamInteractor.swift */; };
		84389667230AE3E000F101DF /* WishlistPresenter.swift in Sources */ = {isa = PBXBuildFile; fileRef = 84389661230AE3E000F101DF /* WishlistPresenter.swift */; };
		84389668230AE3E000F101DF /* WishlistRouter.swift in Sources */ = {isa = PBXBuildFile; fileRef = 84389662230AE3E000F101DF /* WishlistRouter.swift */; };
		84389669230AE3E000F101DF /* WishlistViewController.swift in Sources */ = {isa = PBXBuildFile; fileRef = 84389663230AE3E000F101DF /* WishlistViewController.swift */; };
		8438966A230AE3E000F101DF /* WishlistProtocols.swift in Sources */ = {isa = PBXBuildFile; fileRef = 84389664230AE3E000F101DF /* WishlistProtocols.swift */; };
		8438966B230AE3E000F101DF /* WishlistInteractor.swift in Sources */ = {isa = PBXBuildFile; fileRef = 84389665230AE3E000F101DF /* WishlistInteractor.swift */; };
		84389674230AE40400F101DF /* ProfilePresenter.swift in Sources */ = {isa = PBXBuildFile; fileRef = 8438966E230AE40400F101DF /* ProfilePresenter.swift */; };
		84389675230AE40400F101DF /* ProfileRouter.swift in Sources */ = {isa = PBXBuildFile; fileRef = 8438966F230AE40400F101DF /* ProfileRouter.swift */; };
		84389676230AE40400F101DF /* ProfileViewController.swift in Sources */ = {isa = PBXBuildFile; fileRef = 84389670230AE40400F101DF /* ProfileViewController.swift */; };
		84389677230AE40400F101DF /* ProfileProtocols.swift in Sources */ = {isa = PBXBuildFile; fileRef = 84389671230AE40400F101DF /* ProfileProtocols.swift */; };
		84389678230AE40400F101DF /* ProfileInteractor.swift in Sources */ = {isa = PBXBuildFile; fileRef = 84389672230AE40400F101DF /* ProfileInteractor.swift */; };
		84389681230AE4BF00F101DF /* OnlinePresenter.swift in Sources */ = {isa = PBXBuildFile; fileRef = 8438967B230AE4BF00F101DF /* OnlinePresenter.swift */; };
		84389682230AE4BF00F101DF /* OnlineRouter.swift in Sources */ = {isa = PBXBuildFile; fileRef = 8438967C230AE4BF00F101DF /* OnlineRouter.swift */; };
		84389683230AE4BF00F101DF /* OnlineViewController.swift in Sources */ = {isa = PBXBuildFile; fileRef = 8438967D230AE4BF00F101DF /* OnlineViewController.swift */; };
		84389684230AE4BF00F101DF /* OnlineProtocols.swift in Sources */ = {isa = PBXBuildFile; fileRef = 8438967E230AE4BF00F101DF /* OnlineProtocols.swift */; };
		84389685230AE4BF00F101DF /* OnlineInteractor.swift in Sources */ = {isa = PBXBuildFile; fileRef = 8438967F230AE4BF00F101DF /* OnlineInteractor.swift */; };
		8438968A230AE96800F101DF /* WishlistCell.swift in Sources */ = {isa = PBXBuildFile; fileRef = 84389688230AE96800F101DF /* WishlistCell.swift */; };
		8438968B230AE96800F101DF /* WishlistCell.xib in Resources */ = {isa = PBXBuildFile; fileRef = 84389689230AE96800F101DF /* WishlistCell.xib */; };
		8438968E230AF11D00F101DF /* RoundedCornersShadowView.swift in Sources */ = {isa = PBXBuildFile; fileRef = 8438968D230AF11D00F101DF /* RoundedCornersShadowView.swift */; };
		84389690230B091400F101DF /* TopRatedCell.swift in Sources */ = {isa = PBXBuildFile; fileRef = 8438968F230B091400F101DF /* TopRatedCell.swift */; };
		84389692230B092500F101DF /* CompletedCell.swift in Sources */ = {isa = PBXBuildFile; fileRef = 84389691230B092500F101DF /* CompletedCell.swift */; };
		84389695230B0D3600F101DF /* TopRatedParentCell.swift in Sources */ = {isa = PBXBuildFile; fileRef = 84389694230B0D3600F101DF /* TopRatedParentCell.swift */; };
		84389697230B0D4700F101DF /* CompletedParentCell.swift in Sources */ = {isa = PBXBuildFile; fileRef = 84389696230B0D4700F101DF /* CompletedParentCell.swift */; };
		8439A0CA2309B0BA00E458F2 /* TabMenu.storyboard in Resources */ = {isa = PBXBuildFile; fileRef = 8439A0C92309B0BA00E458F2 /* TabMenu.storyboard */; };
		8439A0CC2309B1E200E458F2 /* Home.storyboard in Resources */ = {isa = PBXBuildFile; fileRef = 8439A0CB2309B1E200E458F2 /* Home.storyboard */; };
		8439A0CE2309B1F200E458F2 /* Exam.storyboard in Resources */ = {isa = PBXBuildFile; fileRef = 8439A0CD2309B1F200E458F2 /* Exam.storyboard */; };
		8439A0D02309B1FE00E458F2 /* Wishlist.storyboard in Resources */ = {isa = PBXBuildFile; fileRef = 8439A0CF2309B1FE00E458F2 /* Wishlist.storyboard */; };
		8439A0D22309B20600E458F2 /* Profile.storyboard in Resources */ = {isa = PBXBuildFile; fileRef = 8439A0D12309B20600E458F2 /* Profile.storyboard */; };
		8439A0D42309B21900E458F2 /* Online.storyboard in Resources */ = {isa = PBXBuildFile; fileRef = 8439A0D32309B21900E458F2 /* Online.storyboard */; };
		8439F8FC230D9D4200FD9EC2 /* LessonCell.swift in Sources */ = {isa = PBXBuildFile; fileRef = 8439F8FB230D9D4200FD9EC2 /* LessonCell.swift */; };
		8439F8FE230D9D6400FD9EC2 /* ExamHeaderView.swift in Sources */ = {isa = PBXBuildFile; fileRef = 8439F8FD230D9D6400FD9EC2 /* ExamHeaderView.swift */; };
		8439F903230DA83F00FD9EC2 /* HeaderView.swift in Sources */ = {isa = PBXBuildFile; fileRef = 8439F901230DA83F00FD9EC2 /* HeaderView.swift */; };
		8439F904230DA83F00FD9EC2 /* HeaderView.xib in Resources */ = {isa = PBXBuildFile; fileRef = 8439F902230DA83F00FD9EC2 /* HeaderView.xib */; };
		843DD3BB231927C90072B4F5 /* NetworkManager.swift in Sources */ = {isa = PBXBuildFile; fileRef = 843DD3BA231927C90072B4F5 /* NetworkManager.swift */; };
		843DD3BD2319283E0072B4F5 /* WishlistRequest.swift in Sources */ = {isa = PBXBuildFile; fileRef = 843DD3BC2319283E0072B4F5 /* WishlistRequest.swift */; };
		84420F5B23068303001C1A5E /* SignInPresenter.swift in Sources */ = {isa = PBXBuildFile; fileRef = 84420F5523068303001C1A5E /* SignInPresenter.swift */; };
		84420F5C23068303001C1A5E /* SignInRouter.swift in Sources */ = {isa = PBXBuildFile; fileRef = 84420F5623068303001C1A5E /* SignInRouter.swift */; };
		84420F5D23068303001C1A5E /* SignInViewController.swift in Sources */ = {isa = PBXBuildFile; fileRef = 84420F5723068303001C1A5E /* SignInViewController.swift */; };
		84420F5E23068303001C1A5E /* SignInProtocols.swift in Sources */ = {isa = PBXBuildFile; fileRef = 84420F5823068303001C1A5E /* SignInProtocols.swift */; };
		84420F5F23068303001C1A5E /* SignInInteractor.swift in Sources */ = {isa = PBXBuildFile; fileRef = 84420F5923068303001C1A5E /* SignInInteractor.swift */; };
		8461E1482311069E00AB3FA1 /* OnlineCoursesCell.swift in Sources */ = {isa = PBXBuildFile; fileRef = 8461E1472311069E00AB3FA1 /* OnlineCoursesCell.swift */; };
		8461E14A2311241A00AB3FA1 /* GoogleService-Info.plist in Resources */ = {isa = PBXBuildFile; fileRef = 8461E1492311241A00AB3FA1 /* GoogleService-Info.plist */; };
		8461E14C2311663E00AB3FA1 /* OnlineCourseEntity.swift in Sources */ = {isa = PBXBuildFile; fileRef = 8461E14B2311663E00AB3FA1 /* OnlineCourseEntity.swift */; };
		8461E14E2311669C00AB3FA1 /* WishlistCourseEntity.swift in Sources */ = {isa = PBXBuildFile; fileRef = 8461E14D2311669C00AB3FA1 /* WishlistCourseEntity.swift */; };
		8489B40B2307143000BDE491 /* RoundedButton.swift in Sources */ = {isa = PBXBuildFile; fileRef = 8489B40A2307143000BDE491 /* RoundedButton.swift */; };
		8491481123197D900027E29F /* CourseRequest.swift in Sources */ = {isa = PBXBuildFile; fileRef = 8491481023197D900027E29F /* CourseRequest.swift */; };
		84914813231988D30027E29F /* ProfileRequest.swift in Sources */ = {isa = PBXBuildFile; fileRef = 84914812231988D30027E29F /* ProfileRequest.swift */; };
		84914815231992A00027E29F /* OnlineRequest.swift in Sources */ = {isa = PBXBuildFile; fileRef = 84914814231992A00027E29F /* OnlineRequest.swift */; };
		84914817231997D70027E29F /* WaitView.swift in Sources */ = {isa = PBXBuildFile; fileRef = 84914816231997D70027E29F /* WaitView.swift */; };
		849148192319995C0027E29F /* WaitViewControllerExtension.swift in Sources */ = {isa = PBXBuildFile; fileRef = 849148182319995C0027E29F /* WaitViewControllerExtension.swift */; };
		84D0D7422310446300690D92 /* TestPresenter.swift in Sources */ = {isa = PBXBuildFile; fileRef = 84D0D73C2310446300690D92 /* TestPresenter.swift */; };
		84D0D7432310446300690D92 /* TestRouter.swift in Sources */ = {isa = PBXBuildFile; fileRef = 84D0D73D2310446300690D92 /* TestRouter.swift */; };
		84D0D7442310446300690D92 /* TestViewController.swift in Sources */ = {isa = PBXBuildFile; fileRef = 84D0D73E2310446300690D92 /* TestViewController.swift */; };
		84D0D7452310446300690D92 /* TestProtocols.swift in Sources */ = {isa = PBXBuildFile; fileRef = 84D0D73F2310446300690D92 /* TestProtocols.swift */; };
		84D0D7462310446300690D92 /* TestInteractor.swift in Sources */ = {isa = PBXBuildFile; fileRef = 84D0D7402310446300690D92 /* TestInteractor.swift */; };
		84D0D74F2310449D00690D92 /* CongratsPresenter.swift in Sources */ = {isa = PBXBuildFile; fileRef = 84D0D7492310449D00690D92 /* CongratsPresenter.swift */; };
		84D0D7502310449D00690D92 /* CongratsRouter.swift in Sources */ = {isa = PBXBuildFile; fileRef = 84D0D74A2310449D00690D92 /* CongratsRouter.swift */; };
		84D0D7512310449D00690D92 /* CongratsViewController.swift in Sources */ = {isa = PBXBuildFile; fileRef = 84D0D74B2310449D00690D92 /* CongratsViewController.swift */; };
		84D0D7522310449D00690D92 /* CongratsProtocols.swift in Sources */ = {isa = PBXBuildFile; fileRef = 84D0D74C2310449D00690D92 /* CongratsProtocols.swift */; };
		84D0D7532310449D00690D92 /* CongratsInteractor.swift in Sources */ = {isa = PBXBuildFile; fileRef = 84D0D74D2310449D00690D92 /* CongratsInteractor.swift */; };
		84E2A2CC23084A5000888EA8 /* WalkthroughBuilder.swift in Sources */ = {isa = PBXBuildFile; fileRef = 84E2A2CB23084A5000888EA8 /* WalkthroughBuilder.swift */; };
		84E56C082306B75B00696058 /* ForgotPasswordPresenter.swift in Sources */ = {isa = PBXBuildFile; fileRef = 84E56C022306B75B00696058 /* ForgotPasswordPresenter.swift */; };
		84E56C092306B75B00696058 /* ForgotPasswordRouter.swift in Sources */ = {isa = PBXBuildFile; fileRef = 84E56C032306B75B00696058 /* ForgotPasswordRouter.swift */; };
		84E56C0A2306B75B00696058 /* ForgotPasswordViewController.swift in Sources */ = {isa = PBXBuildFile; fileRef = 84E56C042306B75B00696058 /* ForgotPasswordViewController.swift */; };
		84E56C0B2306B75B00696058 /* ForgotPasswordProtocols.swift in Sources */ = {isa = PBXBuildFile; fileRef = 84E56C052306B75B00696058 /* ForgotPasswordProtocols.swift */; };
		84E56C0C2306B75B00696058 /* ForgotPasswordInteractor.swift in Sources */ = {isa = PBXBuildFile; fileRef = 84E56C062306B75B00696058 /* ForgotPasswordInteractor.swift */; };
		84E56C162306B7CE00696058 /* WalkThroughPresenter.swift in Sources */ = {isa = PBXBuildFile; fileRef = 84E56C102306B7CE00696058 /* WalkThroughPresenter.swift */; };
		84E56C172306B7CE00696058 /* WalkThroughRouter.swift in Sources */ = {isa = PBXBuildFile; fileRef = 84E56C112306B7CE00696058 /* WalkThroughRouter.swift */; };
		84E56C182306B7CE00696058 /* WalkThroughViewController.swift in Sources */ = {isa = PBXBuildFile; fileRef = 84E56C122306B7CE00696058 /* WalkThroughViewController.swift */; };
		84E56C192306B7CE00696058 /* WalkThroughProtocols.swift in Sources */ = {isa = PBXBuildFile; fileRef = 84E56C132306B7CE00696058 /* WalkThroughProtocols.swift */; };
		84E56C1A2306B7CE00696058 /* WalkThroughInteractor.swift in Sources */ = {isa = PBXBuildFile; fileRef = 84E56C142306B7CE00696058 /* WalkThroughInteractor.swift */; };
		84E56C232306B80300696058 /* HomePresenter.swift in Sources */ = {isa = PBXBuildFile; fileRef = 84E56C1D2306B80300696058 /* HomePresenter.swift */; };
		84E56C242306B80300696058 /* HomeRouter.swift in Sources */ = {isa = PBXBuildFile; fileRef = 84E56C1E2306B80300696058 /* HomeRouter.swift */; };
		84E56C252306B80300696058 /* HomeViewController.swift in Sources */ = {isa = PBXBuildFile; fileRef = 84E56C1F2306B80300696058 /* HomeViewController.swift */; };
		84E56C262306B80300696058 /* HomeProtocols.swift in Sources */ = {isa = PBXBuildFile; fileRef = 84E56C202306B80300696058 /* HomeProtocols.swift */; };
		84E56C272306B80300696058 /* HomeInteractor.swift in Sources */ = {isa = PBXBuildFile; fileRef = 84E56C212306B80300696058 /* HomeInteractor.swift */; };
		84E56C2B2306C36D00696058 /* GradientView.swift in Sources */ = {isa = PBXBuildFile; fileRef = 84E56C2A2306C36D00696058 /* GradientView.swift */; };
		84E56C2E2306C92000696058 /* ColorUtils.swift in Sources */ = {isa = PBXBuildFile; fileRef = 84E56C2D2306C92000696058 /* ColorUtils.swift */; };
		84E56C312306FE2500696058 /* BottomLineTextField.swift in Sources */ = {isa = PBXBuildFile; fileRef = 84E56C302306FE2500696058 /* BottomLineTextField.swift */; };
		FFE6355F23AEFB21E6D90F2A /* Pods_Plexus.framework in Frameworks */ = {isa = PBXBuildFile; fileRef = 846E7B686E58F63EE40282E2 /* Pods_Plexus.framework */; };
/* End PBXBuildFile section */

/* Begin PBXFileReference section */
		17A0DC175DB3D4BE1C3C509C /* Pods-Plexus.debug.xcconfig */ = {isa = PBXFileReference; includeInIndex = 1; lastKnownFileType = text.xcconfig; name = "Pods-Plexus.debug.xcconfig"; path = "Target Support Files/Pods-Plexus/Pods-Plexus.debug.xcconfig"; sourceTree = "<group>"; };
		843262E523067D7D00B4A268 /* Plexus.app */ = {isa = PBXFileReference; explicitFileType = wrapper.application; includeInIndex = 0; path = Plexus.app; sourceTree = BUILT_PRODUCTS_DIR; };
		843262E823067D7D00B4A268 /* AppDelegate.swift */ = {isa = PBXFileReference; lastKnownFileType = sourcecode.swift; path = AppDelegate.swift; sourceTree = "<group>"; };
		843262EA23067D7D00B4A268 /* ViewController.swift */ = {isa = PBXFileReference; lastKnownFileType = sourcecode.swift; path = ViewController.swift; sourceTree = "<group>"; };
		843262ED23067D7D00B4A268 /* Base */ = {isa = PBXFileReference; lastKnownFileType = file.storyboard; name = Base; path = Base.lproj/Main.storyboard; sourceTree = "<group>"; };
		843262EF23067D7F00B4A268 /* Assets.xcassets */ = {isa = PBXFileReference; lastKnownFileType = folder.assetcatalog; path = Assets.xcassets; sourceTree = "<group>"; };
		843262F223067D7F00B4A268 /* Base */ = {isa = PBXFileReference; lastKnownFileType = file.storyboard; name = Base; path = Base.lproj/LaunchScreen.storyboard; sourceTree = "<group>"; };
		843262F423067D7F00B4A268 /* Info.plist */ = {isa = PBXFileReference; lastKnownFileType = text.plist.xml; path = Info.plist; sourceTree = "<group>"; };
		843498A9230FB5E600927D84 /* UserLevelPresenter.swift */ = {isa = PBXFileReference; lastKnownFileType = sourcecode.swift; path = UserLevelPresenter.swift; sourceTree = "<group>"; };
		843498AA230FB5E600927D84 /* UserLevelRouter.swift */ = {isa = PBXFileReference; lastKnownFileType = sourcecode.swift; path = UserLevelRouter.swift; sourceTree = "<group>"; };
		843498AB230FB5E600927D84 /* UserLevelViewController.swift */ = {isa = PBXFileReference; lastKnownFileType = sourcecode.swift; path = UserLevelViewController.swift; sourceTree = "<group>"; };
		843498AC230FB5E600927D84 /* UserLevelProtocols.swift */ = {isa = PBXFileReference; lastKnownFileType = sourcecode.swift; path = UserLevelProtocols.swift; sourceTree = "<group>"; };
		843498AD230FB5E600927D84 /* UserLevelInteractor.swift */ = {isa = PBXFileReference; lastKnownFileType = sourcecode.swift; path = UserLevelInteractor.swift; sourceTree = "<group>"; };
		843498B6230FB65D00927D84 /* DesiredLevelCell.swift */ = {isa = PBXFileReference; lastKnownFileType = sourcecode.swift; path = DesiredLevelCell.swift; sourceTree = "<group>"; };
		843498B7230FB65D00927D84 /* DesiredLevelCell.xib */ = {isa = PBXFileReference; lastKnownFileType = file.xib; path = DesiredLevelCell.xib; sourceTree = "<group>"; };
		8434BEB5230C573B00AD58C0 /* BannerCell.swift */ = {isa = PBXFileReference; lastKnownFileType = sourcecode.swift; path = BannerCell.swift; sourceTree = "<group>"; };
		8434BEB6230C573B00AD58C0 /* BannerCell.xib */ = {isa = PBXFileReference; lastKnownFileType = file.xib; path = BannerCell.xib; sourceTree = "<group>"; };
		8434BEB9230C575900AD58C0 /* MostViewedCell.swift */ = {isa = PBXFileReference; lastKnownFileType = sourcecode.swift; path = MostViewedCell.swift; sourceTree = "<group>"; };
		8434BEBA230C575900AD58C0 /* MostViewedCell.xib */ = {isa = PBXFileReference; lastKnownFileType = file.xib; path = MostViewedCell.xib; sourceTree = "<group>"; };
		8434BEBD230C5C0F00AD58C0 /* DiscoverCell.swift */ = {isa = PBXFileReference; lastKnownFileType = sourcecode.swift; path = DiscoverCell.swift; sourceTree = "<group>"; };
		8434BEBF230C5C2900AD58C0 /* CourseCell.swift */ = {isa = PBXFileReference; lastKnownFileType = sourcecode.swift; path = CourseCell.swift; sourceTree = "<group>"; };
		84380F27230F0FC7007B940B /* LessonPresenter.swift */ = {isa = PBXFileReference; lastKnownFileType = sourcecode.swift; path = LessonPresenter.swift; sourceTree = "<group>"; };
		84380F28230F0FC7007B940B /* LessonRouter.swift */ = {isa = PBXFileReference; lastKnownFileType = sourcecode.swift; path = LessonRouter.swift; sourceTree = "<group>"; };
		84380F29230F0FC7007B940B /* LessonViewController.swift */ = {isa = PBXFileReference; lastKnownFileType = sourcecode.swift; path = LessonViewController.swift; sourceTree = "<group>"; };
		84380F2A230F0FC7007B940B /* LessonProtocols.swift */ = {isa = PBXFileReference; lastKnownFileType = sourcecode.swift; path = LessonProtocols.swift; sourceTree = "<group>"; };
		84380F2B230F0FC7007B940B /* LessonInteractor.swift */ = {isa = PBXFileReference; lastKnownFileType = sourcecode.swift; path = LessonInteractor.swift; sourceTree = "<group>"; };
		84389654230AE3B400F101DF /* ExamPresenter.swift */ = {isa = PBXFileReference; lastKnownFileType = sourcecode.swift; path = ExamPresenter.swift; sourceTree = "<group>"; };
		84389655230AE3B400F101DF /* ExamRouter.swift */ = {isa = PBXFileReference; lastKnownFileType = sourcecode.swift; path = ExamRouter.swift; sourceTree = "<group>"; };
		84389656230AE3B400F101DF /* ExamViewController.swift */ = {isa = PBXFileReference; lastKnownFileType = sourcecode.swift; path = ExamViewController.swift; sourceTree = "<group>"; };
		84389657230AE3B400F101DF /* ExamProtocols.swift */ = {isa = PBXFileReference; lastKnownFileType = sourcecode.swift; path = ExamProtocols.swift; sourceTree = "<group>"; };
		84389658230AE3B400F101DF /* ExamInteractor.swift */ = {isa = PBXFileReference; lastKnownFileType = sourcecode.swift; path = ExamInteractor.swift; sourceTree = "<group>"; };
		84389661230AE3E000F101DF /* WishlistPresenter.swift */ = {isa = PBXFileReference; lastKnownFileType = sourcecode.swift; path = WishlistPresenter.swift; sourceTree = "<group>"; };
		84389662230AE3E000F101DF /* WishlistRouter.swift */ = {isa = PBXFileReference; lastKnownFileType = sourcecode.swift; path = WishlistRouter.swift; sourceTree = "<group>"; };
		84389663230AE3E000F101DF /* WishlistViewController.swift */ = {isa = PBXFileReference; lastKnownFileType = sourcecode.swift; path = WishlistViewController.swift; sourceTree = "<group>"; };
		84389664230AE3E000F101DF /* WishlistProtocols.swift */ = {isa = PBXFileReference; lastKnownFileType = sourcecode.swift; path = WishlistProtocols.swift; sourceTree = "<group>"; };
		84389665230AE3E000F101DF /* WishlistInteractor.swift */ = {isa = PBXFileReference; lastKnownFileType = sourcecode.swift; path = WishlistInteractor.swift; sourceTree = "<group>"; };
		8438966E230AE40400F101DF /* ProfilePresenter.swift */ = {isa = PBXFileReference; lastKnownFileType = sourcecode.swift; path = ProfilePresenter.swift; sourceTree = "<group>"; };
		8438966F230AE40400F101DF /* ProfileRouter.swift */ = {isa = PBXFileReference; lastKnownFileType = sourcecode.swift; path = ProfileRouter.swift; sourceTree = "<group>"; };
		84389670230AE40400F101DF /* ProfileViewController.swift */ = {isa = PBXFileReference; lastKnownFileType = sourcecode.swift; path = ProfileViewController.swift; sourceTree = "<group>"; };
		84389671230AE40400F101DF /* ProfileProtocols.swift */ = {isa = PBXFileReference; lastKnownFileType = sourcecode.swift; path = ProfileProtocols.swift; sourceTree = "<group>"; };
		84389672230AE40400F101DF /* ProfileInteractor.swift */ = {isa = PBXFileReference; lastKnownFileType = sourcecode.swift; path = ProfileInteractor.swift; sourceTree = "<group>"; };
		8438967B230AE4BF00F101DF /* OnlinePresenter.swift */ = {isa = PBXFileReference; lastKnownFileType = sourcecode.swift; path = OnlinePresenter.swift; sourceTree = "<group>"; };
		8438967C230AE4BF00F101DF /* OnlineRouter.swift */ = {isa = PBXFileReference; lastKnownFileType = sourcecode.swift; path = OnlineRouter.swift; sourceTree = "<group>"; };
		8438967D230AE4BF00F101DF /* OnlineViewController.swift */ = {isa = PBXFileReference; lastKnownFileType = sourcecode.swift; path = OnlineViewController.swift; sourceTree = "<group>"; };
		8438967E230AE4BF00F101DF /* OnlineProtocols.swift */ = {isa = PBXFileReference; lastKnownFileType = sourcecode.swift; path = OnlineProtocols.swift; sourceTree = "<group>"; };
		8438967F230AE4BF00F101DF /* OnlineInteractor.swift */ = {isa = PBXFileReference; lastKnownFileType = sourcecode.swift; path = OnlineInteractor.swift; sourceTree = "<group>"; };
		84389688230AE96800F101DF /* WishlistCell.swift */ = {isa = PBXFileReference; lastKnownFileType = sourcecode.swift; path = WishlistCell.swift; sourceTree = "<group>"; };
		84389689230AE96800F101DF /* WishlistCell.xib */ = {isa = PBXFileReference; lastKnownFileType = file.xib; path = WishlistCell.xib; sourceTree = "<group>"; };
		8438968D230AF11D00F101DF /* RoundedCornersShadowView.swift */ = {isa = PBXFileReference; lastKnownFileType = sourcecode.swift; path = RoundedCornersShadowView.swift; sourceTree = "<group>"; };
		8438968F230B091400F101DF /* TopRatedCell.swift */ = {isa = PBXFileReference; lastKnownFileType = sourcecode.swift; path = TopRatedCell.swift; sourceTree = "<group>"; };
		84389691230B092500F101DF /* CompletedCell.swift */ = {isa = PBXFileReference; lastKnownFileType = sourcecode.swift; path = CompletedCell.swift; sourceTree = "<group>"; };
		84389694230B0D3600F101DF /* TopRatedParentCell.swift */ = {isa = PBXFileReference; lastKnownFileType = sourcecode.swift; path = TopRatedParentCell.swift; sourceTree = "<group>"; };
		84389696230B0D4700F101DF /* CompletedParentCell.swift */ = {isa = PBXFileReference; lastKnownFileType = sourcecode.swift; path = CompletedParentCell.swift; sourceTree = "<group>"; };
		8439A0C92309B0BA00E458F2 /* TabMenu.storyboard */ = {isa = PBXFileReference; lastKnownFileType = file.storyboard; path = TabMenu.storyboard; sourceTree = "<group>"; };
		8439A0CB2309B1E200E458F2 /* Home.storyboard */ = {isa = PBXFileReference; lastKnownFileType = file.storyboard; path = Home.storyboard; sourceTree = "<group>"; };
		8439A0CD2309B1F200E458F2 /* Exam.storyboard */ = {isa = PBXFileReference; lastKnownFileType = file.storyboard; path = Exam.storyboard; sourceTree = "<group>"; };
		8439A0CF2309B1FE00E458F2 /* Wishlist.storyboard */ = {isa = PBXFileReference; lastKnownFileType = file.storyboard; path = Wishlist.storyboard; sourceTree = "<group>"; };
		8439A0D12309B20600E458F2 /* Profile.storyboard */ = {isa = PBXFileReference; lastKnownFileType = file.storyboard; path = Profile.storyboard; sourceTree = "<group>"; };
		8439A0D32309B21900E458F2 /* Online.storyboard */ = {isa = PBXFileReference; lastKnownFileType = file.storyboard; path = Online.storyboard; sourceTree = "<group>"; };
		8439F8FB230D9D4200FD9EC2 /* LessonCell.swift */ = {isa = PBXFileReference; lastKnownFileType = sourcecode.swift; path = LessonCell.swift; sourceTree = "<group>"; };
		8439F8FD230D9D6400FD9EC2 /* ExamHeaderView.swift */ = {isa = PBXFileReference; lastKnownFileType = sourcecode.swift; path = ExamHeaderView.swift; sourceTree = "<group>"; };
		8439F901230DA83F00FD9EC2 /* HeaderView.swift */ = {isa = PBXFileReference; lastKnownFileType = sourcecode.swift; path = HeaderView.swift; sourceTree = "<group>"; };
		8439F902230DA83F00FD9EC2 /* HeaderView.xib */ = {isa = PBXFileReference; lastKnownFileType = file.xib; path = HeaderView.xib; sourceTree = "<group>"; };
		843DD3BA231927C90072B4F5 /* NetworkManager.swift */ = {isa = PBXFileReference; lastKnownFileType = sourcecode.swift; path = NetworkManager.swift; sourceTree = "<group>"; };
		843DD3BC2319283E0072B4F5 /* WishlistRequest.swift */ = {isa = PBXFileReference; lastKnownFileType = sourcecode.swift; path = WishlistRequest.swift; sourceTree = "<group>"; };
		84420F5523068303001C1A5E /* SignInPresenter.swift */ = {isa = PBXFileReference; lastKnownFileType = sourcecode.swift; path = SignInPresenter.swift; sourceTree = "<group>"; };
		84420F5623068303001C1A5E /* SignInRouter.swift */ = {isa = PBXFileReference; lastKnownFileType = sourcecode.swift; path = SignInRouter.swift; sourceTree = "<group>"; };
		84420F5723068303001C1A5E /* SignInViewController.swift */ = {isa = PBXFileReference; lastKnownFileType = sourcecode.swift; path = SignInViewController.swift; sourceTree = "<group>"; };
		84420F5823068303001C1A5E /* SignInProtocols.swift */ = {isa = PBXFileReference; lastKnownFileType = sourcecode.swift; path = SignInProtocols.swift; sourceTree = "<group>"; };
		84420F5923068303001C1A5E /* SignInInteractor.swift */ = {isa = PBXFileReference; lastKnownFileType = sourcecode.swift; path = SignInInteractor.swift; sourceTree = "<group>"; };
		8461E1472311069E00AB3FA1 /* OnlineCoursesCell.swift */ = {isa = PBXFileReference; lastKnownFileType = sourcecode.swift; path = OnlineCoursesCell.swift; sourceTree = "<group>"; };
		8461E1492311241A00AB3FA1 /* GoogleService-Info.plist */ = {isa = PBXFileReference; fileEncoding = 4; lastKnownFileType = text.plist.xml; path = "GoogleService-Info.plist"; sourceTree = "<group>"; };
		8461E14B2311663E00AB3FA1 /* OnlineCourseEntity.swift */ = {isa = PBXFileReference; lastKnownFileType = sourcecode.swift; path = OnlineCourseEntity.swift; sourceTree = "<group>"; };
		8461E14D2311669C00AB3FA1 /* WishlistCourseEntity.swift */ = {isa = PBXFileReference; lastKnownFileType = sourcecode.swift; path = WishlistCourseEntity.swift; sourceTree = "<group>"; };
		846E7B686E58F63EE40282E2 /* Pods_Plexus.framework */ = {isa = PBXFileReference; explicitFileType = wrapper.framework; includeInIndex = 0; path = Pods_Plexus.framework; sourceTree = BUILT_PRODUCTS_DIR; };
		8489B40A2307143000BDE491 /* RoundedButton.swift */ = {isa = PBXFileReference; fileEncoding = 4; lastKnownFileType = sourcecode.swift; path = RoundedButton.swift; sourceTree = "<group>"; };
		8491481023197D900027E29F /* CourseRequest.swift */ = {isa = PBXFileReference; lastKnownFileType = sourcecode.swift; path = CourseRequest.swift; sourceTree = "<group>"; };
		84914812231988D30027E29F /* ProfileRequest.swift */ = {isa = PBXFileReference; lastKnownFileType = sourcecode.swift; path = ProfileRequest.swift; sourceTree = "<group>"; };
		84914814231992A00027E29F /* OnlineRequest.swift */ = {isa = PBXFileReference; lastKnownFileType = sourcecode.swift; path = OnlineRequest.swift; sourceTree = "<group>"; };
		84914816231997D70027E29F /* WaitView.swift */ = {isa = PBXFileReference; lastKnownFileType = sourcecode.swift; path = WaitView.swift; sourceTree = "<group>"; };
		849148182319995C0027E29F /* WaitViewControllerExtension.swift */ = {isa = PBXFileReference; lastKnownFileType = sourcecode.swift; path = WaitViewControllerExtension.swift; sourceTree = "<group>"; };
		84D0D73C2310446300690D92 /* TestPresenter.swift */ = {isa = PBXFileReference; lastKnownFileType = sourcecode.swift; path = TestPresenter.swift; sourceTree = "<group>"; };
		84D0D73D2310446300690D92 /* TestRouter.swift */ = {isa = PBXFileReference; lastKnownFileType = sourcecode.swift; path = TestRouter.swift; sourceTree = "<group>"; };
		84D0D73E2310446300690D92 /* TestViewController.swift */ = {isa = PBXFileReference; lastKnownFileType = sourcecode.swift; path = TestViewController.swift; sourceTree = "<group>"; };
		84D0D73F2310446300690D92 /* TestProtocols.swift */ = {isa = PBXFileReference; lastKnownFileType = sourcecode.swift; path = TestProtocols.swift; sourceTree = "<group>"; };
		84D0D7402310446300690D92 /* TestInteractor.swift */ = {isa = PBXFileReference; lastKnownFileType = sourcecode.swift; path = TestInteractor.swift; sourceTree = "<group>"; };
		84D0D7492310449D00690D92 /* CongratsPresenter.swift */ = {isa = PBXFileReference; lastKnownFileType = sourcecode.swift; path = CongratsPresenter.swift; sourceTree = "<group>"; };
		84D0D74A2310449D00690D92 /* CongratsRouter.swift */ = {isa = PBXFileReference; lastKnownFileType = sourcecode.swift; path = CongratsRouter.swift; sourceTree = "<group>"; };
		84D0D74B2310449D00690D92 /* CongratsViewController.swift */ = {isa = PBXFileReference; lastKnownFileType = sourcecode.swift; path = CongratsViewController.swift; sourceTree = "<group>"; };
		84D0D74C2310449D00690D92 /* CongratsProtocols.swift */ = {isa = PBXFileReference; lastKnownFileType = sourcecode.swift; path = CongratsProtocols.swift; sourceTree = "<group>"; };
		84D0D74D2310449D00690D92 /* CongratsInteractor.swift */ = {isa = PBXFileReference; lastKnownFileType = sourcecode.swift; path = CongratsInteractor.swift; sourceTree = "<group>"; };
		84E2A2CB23084A5000888EA8 /* WalkthroughBuilder.swift */ = {isa = PBXFileReference; lastKnownFileType = sourcecode.swift; path = WalkthroughBuilder.swift; sourceTree = "<group>"; };
		84E56C022306B75B00696058 /* ForgotPasswordPresenter.swift */ = {isa = PBXFileReference; lastKnownFileType = sourcecode.swift; path = ForgotPasswordPresenter.swift; sourceTree = "<group>"; };
		84E56C032306B75B00696058 /* ForgotPasswordRouter.swift */ = {isa = PBXFileReference; lastKnownFileType = sourcecode.swift; path = ForgotPasswordRouter.swift; sourceTree = "<group>"; };
		84E56C042306B75B00696058 /* ForgotPasswordViewController.swift */ = {isa = PBXFileReference; lastKnownFileType = sourcecode.swift; path = ForgotPasswordViewController.swift; sourceTree = "<group>"; };
		84E56C052306B75B00696058 /* ForgotPasswordProtocols.swift */ = {isa = PBXFileReference; lastKnownFileType = sourcecode.swift; path = ForgotPasswordProtocols.swift; sourceTree = "<group>"; };
		84E56C062306B75B00696058 /* ForgotPasswordInteractor.swift */ = {isa = PBXFileReference; lastKnownFileType = sourcecode.swift; path = ForgotPasswordInteractor.swift; sourceTree = "<group>"; };
		84E56C102306B7CE00696058 /* WalkThroughPresenter.swift */ = {isa = PBXFileReference; lastKnownFileType = sourcecode.swift; path = WalkThroughPresenter.swift; sourceTree = "<group>"; };
		84E56C112306B7CE00696058 /* WalkThroughRouter.swift */ = {isa = PBXFileReference; lastKnownFileType = sourcecode.swift; path = WalkThroughRouter.swift; sourceTree = "<group>"; };
		84E56C122306B7CE00696058 /* WalkThroughViewController.swift */ = {isa = PBXFileReference; lastKnownFileType = sourcecode.swift; path = WalkThroughViewController.swift; sourceTree = "<group>"; };
		84E56C132306B7CE00696058 /* WalkThroughProtocols.swift */ = {isa = PBXFileReference; lastKnownFileType = sourcecode.swift; path = WalkThroughProtocols.swift; sourceTree = "<group>"; };
		84E56C142306B7CE00696058 /* WalkThroughInteractor.swift */ = {isa = PBXFileReference; lastKnownFileType = sourcecode.swift; path = WalkThroughInteractor.swift; sourceTree = "<group>"; };
		84E56C1D2306B80300696058 /* HomePresenter.swift */ = {isa = PBXFileReference; lastKnownFileType = sourcecode.swift; path = HomePresenter.swift; sourceTree = "<group>"; };
		84E56C1E2306B80300696058 /* HomeRouter.swift */ = {isa = PBXFileReference; lastKnownFileType = sourcecode.swift; path = HomeRouter.swift; sourceTree = "<group>"; };
		84E56C1F2306B80300696058 /* HomeViewController.swift */ = {isa = PBXFileReference; lastKnownFileType = sourcecode.swift; path = HomeViewController.swift; sourceTree = "<group>"; };
		84E56C202306B80300696058 /* HomeProtocols.swift */ = {isa = PBXFileReference; lastKnownFileType = sourcecode.swift; path = HomeProtocols.swift; sourceTree = "<group>"; };
		84E56C212306B80300696058 /* HomeInteractor.swift */ = {isa = PBXFileReference; lastKnownFileType = sourcecode.swift; path = HomeInteractor.swift; sourceTree = "<group>"; };
		84E56C2A2306C36D00696058 /* GradientView.swift */ = {isa = PBXFileReference; lastKnownFileType = sourcecode.swift; path = GradientView.swift; sourceTree = "<group>"; };
		84E56C2D2306C92000696058 /* ColorUtils.swift */ = {isa = PBXFileReference; lastKnownFileType = sourcecode.swift; path = ColorUtils.swift; sourceTree = "<group>"; };
		84E56C302306FE2500696058 /* BottomLineTextField.swift */ = {isa = PBXFileReference; fileEncoding = 4; lastKnownFileType = sourcecode.swift; path = BottomLineTextField.swift; sourceTree = "<group>"; };
		93EF93C3F2849D6C7CD82C51 /* Pods-Plexus.release.xcconfig */ = {isa = PBXFileReference; includeInIndex = 1; lastKnownFileType = text.xcconfig; name = "Pods-Plexus.release.xcconfig"; path = "Target Support Files/Pods-Plexus/Pods-Plexus.release.xcconfig"; sourceTree = "<group>"; };
/* End PBXFileReference section */

/* Begin PBXFrameworksBuildPhase section */
		843262E223067D7D00B4A268 /* Frameworks */ = {
			isa = PBXFrameworksBuildPhase;
			buildActionMask = 2147483647;
			files = (
				FFE6355F23AEFB21E6D90F2A /* Pods_Plexus.framework in Frameworks */,
			);
			runOnlyForDeploymentPostprocessing = 0;
		};
/* End PBXFrameworksBuildPhase section */

/* Begin PBXGroup section */
		430700E2FF3745439C21A090 /* Frameworks */ = {
			isa = PBXGroup;
			children = (
				846E7B686E58F63EE40282E2 /* Pods_Plexus.framework */,
			);
			name = Frameworks;
			sourceTree = "<group>";
		};
		7ACFD16DBF00F43C3976A4A3 /* Pods */ = {
			isa = PBXGroup;
			children = (
				17A0DC175DB3D4BE1C3C509C /* Pods-Plexus.debug.xcconfig */,
				93EF93C3F2849D6C7CD82C51 /* Pods-Plexus.release.xcconfig */,
			);
			path = Pods;
			sourceTree = "<group>";
		};
		843262DC23067D7D00B4A268 = {
			isa = PBXGroup;
			children = (
				843262E723067D7D00B4A268 /* Plexus */,
				843262E623067D7D00B4A268 /* Products */,
				7ACFD16DBF00F43C3976A4A3 /* Pods */,
				430700E2FF3745439C21A090 /* Frameworks */,
			);
			sourceTree = "<group>";
		};
		843262E623067D7D00B4A268 /* Products */ = {
			isa = PBXGroup;
			children = (
				843262E523067D7D00B4A268 /* Plexus.app */,
			);
			name = Products;
			sourceTree = "<group>";
		};
		843262E723067D7D00B4A268 /* Plexus */ = {
			isa = PBXGroup;
			children = (
				8461E1492311241A00AB3FA1 /* GoogleService-Info.plist */,
				843262F423067D7F00B4A268 /* Info.plist */,
				84420F6423068875001C1A5E /* Application */,
				84420F62230686A2001C1A5E /* Storyboards */,
				84420F63230686B1001C1A5E /* Resources */,
				84E56C0F2306B7AC00696058 /* Module */,
				84E56C2C2306C44000696058 /* Views */,
				84E56C2F2306C92500696058 /* Utils */,
			);
			path = Plexus;
			sourceTree = "<group>";
		};
		843498B5230FB5F700927D84 /* UserLevel */ = {
			isa = PBXGroup;
			children = (
				843498A9230FB5E600927D84 /* UserLevelPresenter.swift */,
				843498AA230FB5E600927D84 /* UserLevelRouter.swift */,
				843498AB230FB5E600927D84 /* UserLevelViewController.swift */,
				843498AC230FB5E600927D84 /* UserLevelProtocols.swift */,
				843498AD230FB5E600927D84 /* UserLevelInteractor.swift */,
			);
			path = UserLevel;
			sourceTree = "<group>";
		};
		84380F33230F0FD6007B940B /* Lesson */ = {
			isa = PBXGroup;
			children = (
				84380F27230F0FC7007B940B /* LessonPresenter.swift */,
				84380F28230F0FC7007B940B /* LessonRouter.swift */,
				84380F29230F0FC7007B940B /* LessonViewController.swift */,
				84380F2A230F0FC7007B940B /* LessonProtocols.swift */,
				84380F2B230F0FC7007B940B /* LessonInteractor.swift */,
			);
			path = Lesson;
			sourceTree = "<group>";
		};
		84389660230AE3C900F101DF /* Exam */ = {
			isa = PBXGroup;
			children = (
				84389654230AE3B400F101DF /* ExamPresenter.swift */,
				84389655230AE3B400F101DF /* ExamRouter.swift */,
				84389656230AE3B400F101DF /* ExamViewController.swift */,
				84389657230AE3B400F101DF /* ExamProtocols.swift */,
				84389658230AE3B400F101DF /* ExamInteractor.swift */,
			);
			path = Exam;
			sourceTree = "<group>";
		};
		8438966D230AE3EE00F101DF /* Wishlist */ = {
			isa = PBXGroup;
			children = (
				84389661230AE3E000F101DF /* WishlistPresenter.swift */,
				84389662230AE3E000F101DF /* WishlistRouter.swift */,
				84389663230AE3E000F101DF /* WishlistViewController.swift */,
				84389664230AE3E000F101DF /* WishlistProtocols.swift */,
				84389665230AE3E000F101DF /* WishlistInteractor.swift */,
				8461E14D2311669C00AB3FA1 /* WishlistCourseEntity.swift */,
				843DD3BC2319283E0072B4F5 /* WishlistRequest.swift */,
			);
			path = Wishlist;
			sourceTree = "<group>";
		};
		8438967A230AE41300F101DF /* Profile */ = {
			isa = PBXGroup;
			children = (
				8438966E230AE40400F101DF /* ProfilePresenter.swift */,
				8438966F230AE40400F101DF /* ProfileRouter.swift */,
				84389670230AE40400F101DF /* ProfileViewController.swift */,
				84389671230AE40400F101DF /* ProfileProtocols.swift */,
				84389672230AE40400F101DF /* ProfileInteractor.swift */,
				84914812231988D30027E29F /* ProfileRequest.swift */,
			);
			path = Profile;
			sourceTree = "<group>";
		};
		84389687230AE4D200F101DF /* Online */ = {
			isa = PBXGroup;
			children = (
				8438967B230AE4BF00F101DF /* OnlinePresenter.swift */,
				8438967C230AE4BF00F101DF /* OnlineRouter.swift */,
				8438967D230AE4BF00F101DF /* OnlineViewController.swift */,
				8438967E230AE4BF00F101DF /* OnlineProtocols.swift */,
				8438967F230AE4BF00F101DF /* OnlineInteractor.swift */,
				8461E14B2311663E00AB3FA1 /* OnlineCourseEntity.swift */,
				84914814231992A00027E29F /* OnlineRequest.swift */,
			);
			path = Online;
			sourceTree = "<group>";
		};
		8438968C230AE96E00F101DF /* TableViewCell */ = {
			isa = PBXGroup;
			children = (
				84389688230AE96800F101DF /* WishlistCell.swift */,
				84389689230AE96800F101DF /* WishlistCell.xib */,
				84389694230B0D3600F101DF /* TopRatedParentCell.swift */,
				84389696230B0D4700F101DF /* CompletedParentCell.swift */,
				8434BEB5230C573B00AD58C0 /* BannerCell.swift */,
				8434BEB6230C573B00AD58C0 /* BannerCell.xib */,
				8434BEB9230C575900AD58C0 /* MostViewedCell.swift */,
				8434BEBA230C575900AD58C0 /* MostViewedCell.xib */,
				8434BEBD230C5C0F00AD58C0 /* DiscoverCell.swift */,
				843498B6230FB65D00927D84 /* DesiredLevelCell.swift */,
				843498B7230FB65D00927D84 /* DesiredLevelCell.xib */,
			);
			path = TableViewCell;
			sourceTree = "<group>";
		};
		84389693230B092B00F101DF /* CollectionViewCell */ = {
			isa = PBXGroup;
			children = (
				8438968F230B091400F101DF /* TopRatedCell.swift */,
				84389691230B092500F101DF /* CompletedCell.swift */,
				8434BEBF230C5C2900AD58C0 /* CourseCell.swift */,
				8439F8FB230D9D4200FD9EC2 /* LessonCell.swift */,
				8439F8FD230D9D6400FD9EC2 /* ExamHeaderView.swift */,
				8439F901230DA83F00FD9EC2 /* HeaderView.swift */,
				8439F902230DA83F00FD9EC2 /* HeaderView.xib */,
				8461E1472311069E00AB3FA1 /* OnlineCoursesCell.swift */,
			);
			path = CollectionViewCell;
			sourceTree = "<group>";
		};
		84420F6123068433001C1A5E /* SignIn */ = {
			isa = PBXGroup;
			children = (
				84420F5523068303001C1A5E /* SignInPresenter.swift */,
				84420F5623068303001C1A5E /* SignInRouter.swift */,
				84420F5723068303001C1A5E /* SignInViewController.swift */,
				84420F5823068303001C1A5E /* SignInProtocols.swift */,
				84420F5923068303001C1A5E /* SignInInteractor.swift */,
			);
			path = SignIn;
			sourceTree = "<group>";
		};
		84420F62230686A2001C1A5E /* Storyboards */ = {
			isa = PBXGroup;
			children = (
				843262EC23067D7D00B4A268 /* Main.storyboard */,
				843262F123067D7F00B4A268 /* LaunchScreen.storyboard */,
				8439A0C92309B0BA00E458F2 /* TabMenu.storyboard */,
				8439A0CB2309B1E200E458F2 /* Home.storyboard */,
				8439A0CD2309B1F200E458F2 /* Exam.storyboard */,
				8439A0CF2309B1FE00E458F2 /* Wishlist.storyboard */,
				8439A0D12309B20600E458F2 /* Profile.storyboard */,
				8439A0D32309B21900E458F2 /* Online.storyboard */,
			);
			path = Storyboards;
			sourceTree = "<group>";
		};
		84420F63230686B1001C1A5E /* Resources */ = {
			isa = PBXGroup;
			children = (
				843262EF23067D7F00B4A268 /* Assets.xcassets */,
			);
			path = Resources;
			sourceTree = "<group>";
		};
		84420F6423068875001C1A5E /* Application */ = {
			isa = PBXGroup;
			children = (
				843262E823067D7D00B4A268 /* AppDelegate.swift */,
				843262EA23067D7D00B4A268 /* ViewController.swift */,
				849148182319995C0027E29F /* WaitViewControllerExtension.swift */,
			);
			path = Application;
			sourceTree = "<group>";
		};
		84D0D7482310447400690D92 /* Test */ = {
			isa = PBXGroup;
			children = (
				84D0D73C2310446300690D92 /* TestPresenter.swift */,
				84D0D73D2310446300690D92 /* TestRouter.swift */,
				84D0D73E2310446300690D92 /* TestViewController.swift */,
				84D0D73F2310446300690D92 /* TestProtocols.swift */,
				84D0D7402310446300690D92 /* TestInteractor.swift */,
			);
			path = Test;
			sourceTree = "<group>";
		};
		84D0D755231044B000690D92 /* Congrats */ = {
			isa = PBXGroup;
			children = (
				84D0D7492310449D00690D92 /* CongratsPresenter.swift */,
				84D0D74A2310449D00690D92 /* CongratsRouter.swift */,
				84D0D74B2310449D00690D92 /* CongratsViewController.swift */,
				84D0D74C2310449D00690D92 /* CongratsProtocols.swift */,
				84D0D74D2310449D00690D92 /* CongratsInteractor.swift */,
			);
			path = Congrats;
			sourceTree = "<group>";
		};
		84E56C0E2306B77B00696058 /* ForgotPassword */ = {
			isa = PBXGroup;
			children = (
				84E56C022306B75B00696058 /* ForgotPasswordPresenter.swift */,
				84E56C032306B75B00696058 /* ForgotPasswordRouter.swift */,
				84E56C042306B75B00696058 /* ForgotPasswordViewController.swift */,
				84E56C052306B75B00696058 /* ForgotPasswordProtocols.swift */,
				84E56C062306B75B00696058 /* ForgotPasswordInteractor.swift */,
			);
			path = ForgotPassword;
			sourceTree = "<group>";
		};
		84E56C0F2306B7AC00696058 /* Module */ = {
			isa = PBXGroup;
			children = (
				84420F6123068433001C1A5E /* SignIn */,
				84E56C0E2306B77B00696058 /* ForgotPassword */,
				84E56C1C2306B7D400696058 /* WalkThrough */,
				84E56C292306B80B00696058 /* Home */,
				84389660230AE3C900F101DF /* Exam */,
				8438966D230AE3EE00F101DF /* Wishlist */,
				8438967A230AE41300F101DF /* Profile */,
				84389687230AE4D200F101DF /* Online */,
				84380F33230F0FD6007B940B /* Lesson */,
				843498B5230FB5F700927D84 /* UserLevel */,
				84D0D7482310447400690D92 /* Test */,
				84D0D755231044B000690D92 /* Congrats */,
			);
			path = Module;
			sourceTree = "<group>";
		};
		84E56C1C2306B7D400696058 /* WalkThrough */ = {
			isa = PBXGroup;
			children = (
				84E56C102306B7CE00696058 /* WalkThroughPresenter.swift */,
				84E56C112306B7CE00696058 /* WalkThroughRouter.swift */,
				84E56C122306B7CE00696058 /* WalkThroughViewController.swift */,
				84E56C132306B7CE00696058 /* WalkThroughProtocols.swift */,
				84E56C142306B7CE00696058 /* WalkThroughInteractor.swift */,
			);
			path = WalkThrough;
			sourceTree = "<group>";
		};
		84E56C292306B80B00696058 /* Home */ = {
			isa = PBXGroup;
			children = (
				84E56C1D2306B80300696058 /* HomePresenter.swift */,
				84E56C1E2306B80300696058 /* HomeRouter.swift */,
				84E56C1F2306B80300696058 /* HomeViewController.swift */,
				84E56C202306B80300696058 /* HomeProtocols.swift */,
				84E56C212306B80300696058 /* HomeInteractor.swift */,
				8491481023197D900027E29F /* CourseRequest.swift */,
			);
			path = Home;
			sourceTree = "<group>";
		};
		84E56C2C2306C44000696058 /* Views */ = {
			isa = PBXGroup;
			children = (
				8489B40A2307143000BDE491 /* RoundedButton.swift */,
				84E56C302306FE2500696058 /* BottomLineTextField.swift */,
				84E56C2A2306C36D00696058 /* GradientView.swift */,
				8438968D230AF11D00F101DF /* RoundedCornersShadowView.swift */,
				8438968C230AE96E00F101DF /* TableViewCell */,
				84389693230B092B00F101DF /* CollectionViewCell */,
				84914816231997D70027E29F /* WaitView.swift */,
			);
			path = Views;
			sourceTree = "<group>";
		};
		84E56C2F2306C92500696058 /* Utils */ = {
			isa = PBXGroup;
			children = (
				84E56C2D2306C92000696058 /* ColorUtils.swift */,
				84E2A2CB23084A5000888EA8 /* WalkthroughBuilder.swift */,
				843DD3BA231927C90072B4F5 /* NetworkManager.swift */,
			);
			path = Utils;
			sourceTree = "<group>";
		};
/* End PBXGroup section */

/* Begin PBXNativeTarget section */
		843262E423067D7D00B4A268 /* Plexus */ = {
			isa = PBXNativeTarget;
			buildConfigurationList = 843262F723067D7F00B4A268 /* Build configuration list for PBXNativeTarget "Plexus" */;
			buildPhases = (
				6DB952C5B0182DFA46180E5B /* [CP] Check Pods Manifest.lock */,
				843262E123067D7D00B4A268 /* Sources */,
				843262E223067D7D00B4A268 /* Frameworks */,
				843262E323067D7D00B4A268 /* Resources */,
				53F6A07DB2D338B262162438 /* [CP] Embed Pods Frameworks */,
			);
			buildRules = (
			);
			dependencies = (
			);
			name = Plexus;
			productName = Plexus;
			productReference = 843262E523067D7D00B4A268 /* Plexus.app */;
			productType = "com.apple.product-type.application";
		};
/* End PBXNativeTarget section */

/* Begin PBXProject section */
		843262DD23067D7D00B4A268 /* Project object */ = {
			isa = PBXProject;
			attributes = {
				LastSwiftUpdateCheck = 1020;
				LastUpgradeCheck = 1020;
				ORGANIZATIONNAME = A7Studio;
				TargetAttributes = {
					843262E423067D7D00B4A268 = {
						CreatedOnToolsVersion = 10.2;
					};
				};
			};
			buildConfigurationList = 843262E023067D7D00B4A268 /* Build configuration list for PBXProject "Plexus" */;
			compatibilityVersion = "Xcode 9.3";
			developmentRegion = en;
			hasScannedForEncodings = 0;
			knownRegions = (
				en,
				Base,
			);
			mainGroup = 843262DC23067D7D00B4A268;
			productRefGroup = 843262E623067D7D00B4A268 /* Products */;
			projectDirPath = "";
			projectRoot = "";
			targets = (
				843262E423067D7D00B4A268 /* Plexus */,
			);
		};
/* End PBXProject section */

/* Begin PBXResourcesBuildPhase section */
		843262E323067D7D00B4A268 /* Resources */ = {
			isa = PBXResourcesBuildPhase;
			buildActionMask = 2147483647;
			files = (
				8439F904230DA83F00FD9EC2 /* HeaderView.xib in Resources */,
				843262F323067D7F00B4A268 /* LaunchScreen.storyboard in Resources */,
				8461E14A2311241A00AB3FA1 /* GoogleService-Info.plist in Resources */,
				8439A0CE2309B1F200E458F2 /* Exam.storyboard in Resources */,
				843498B9230FB65D00927D84 /* DesiredLevelCell.xib in Resources */,
				8439A0D22309B20600E458F2 /* Profile.storyboard in Resources */,
				8439A0CC2309B1E200E458F2 /* Home.storyboard in Resources */,
				8439A0D42309B21900E458F2 /* Online.storyboard in Resources */,
				8439A0D02309B1FE00E458F2 /* Wishlist.storyboard in Resources */,
				8434BEBC230C575900AD58C0 /* MostViewedCell.xib in Resources */,
				8439A0CA2309B0BA00E458F2 /* TabMenu.storyboard in Resources */,
				843262F023067D7F00B4A268 /* Assets.xcassets in Resources */,
				8434BEB8230C573B00AD58C0 /* BannerCell.xib in Resources */,
				8438968B230AE96800F101DF /* WishlistCell.xib in Resources */,
				843262EE23067D7D00B4A268 /* Main.storyboard in Resources */,
			);
			runOnlyForDeploymentPostprocessing = 0;
		};
/* End PBXResourcesBuildPhase section */

/* Begin PBXShellScriptBuildPhase section */
		53F6A07DB2D338B262162438 /* [CP] Embed Pods Frameworks */ = {
			isa = PBXShellScriptBuildPhase;
			buildActionMask = 2147483647;
			files = (
			);
			inputFileListPaths = (
			);
			inputPaths = (
				"${PODS_ROOT}/Target Support Files/Pods-Plexus/Pods-Plexus-frameworks.sh",
				"${BUILT_PRODUCTS_DIR}/ActiveLabel/ActiveLabel.framework",
				"${BUILT_PRODUCTS_DIR}/Alamofire/Alamofire.framework",
				"${BUILT_PRODUCTS_DIR}/BoringSSL-GRPC/openssl_grpc.framework",
				"${BUILT_PRODUCTS_DIR}/Cosmos/Cosmos.framework",
				"${BUILT_PRODUCTS_DIR}/GTMSessionFetcher/GTMSessionFetcher.framework",
				"${BUILT_PRODUCTS_DIR}/GoogleUtilities/GoogleUtilities.framework",
				"${BUILT_PRODUCTS_DIR}/Protobuf/Protobuf.framework",
				"${BUILT_PRODUCTS_DIR}/ShimmerSwift/ShimmerSwift.framework",
				"${BUILT_PRODUCTS_DIR}/SkyFloatingLabelTextField/SkyFloatingLabelTextField.framework",
				"${BUILT_PRODUCTS_DIR}/TweenController/TweenController.framework",
				"${BUILT_PRODUCTS_DIR}/gRPC-C++/grpcpp.framework",
				"${BUILT_PRODUCTS_DIR}/gRPC-Core/grpc.framework",
				"${BUILT_PRODUCTS_DIR}/leveldb-library/leveldb.framework",
				"${BUILT_PRODUCTS_DIR}/nanopb/nanopb.framework",
			);
			name = "[CP] Embed Pods Frameworks";
			outputFileListPaths = (
			);
			outputPaths = (
				"${TARGET_BUILD_DIR}/${FRAMEWORKS_FOLDER_PATH}/ActiveLabel.framework",
				"${TARGET_BUILD_DIR}/${FRAMEWORKS_FOLDER_PATH}/Alamofire.framework",
				"${TARGET_BUILD_DIR}/${FRAMEWORKS_FOLDER_PATH}/openssl_grpc.framework",
				"${TARGET_BUILD_DIR}/${FRAMEWORKS_FOLDER_PATH}/Cosmos.framework",
				"${TARGET_BUILD_DIR}/${FRAMEWORKS_FOLDER_PATH}/GTMSessionFetcher.framework",
				"${TARGET_BUILD_DIR}/${FRAMEWORKS_FOLDER_PATH}/GoogleUtilities.framework",
				"${TARGET_BUILD_DIR}/${FRAMEWORKS_FOLDER_PATH}/Protobuf.framework",
				"${TARGET_BUILD_DIR}/${FRAMEWORKS_FOLDER_PATH}/ShimmerSwift.framework",
				"${TARGET_BUILD_DIR}/${FRAMEWORKS_FOLDER_PATH}/SkyFloatingLabelTextField.framework",
				"${TARGET_BUILD_DIR}/${FRAMEWORKS_FOLDER_PATH}/TweenController.framework",
				"${TARGET_BUILD_DIR}/${FRAMEWORKS_FOLDER_PATH}/grpcpp.framework",
				"${TARGET_BUILD_DIR}/${FRAMEWORKS_FOLDER_PATH}/grpc.framework",
				"${TARGET_BUILD_DIR}/${FRAMEWORKS_FOLDER_PATH}/leveldb.framework",
				"${TARGET_BUILD_DIR}/${FRAMEWORKS_FOLDER_PATH}/nanopb.framework",
			);
			runOnlyForDeploymentPostprocessing = 0;
			shellPath = /bin/sh;
			shellScript = "\"${PODS_ROOT}/Target Support Files/Pods-Plexus/Pods-Plexus-frameworks.sh\"\n";
			showEnvVarsInLog = 0;
		};
		6DB952C5B0182DFA46180E5B /* [CP] Check Pods Manifest.lock */ = {
			isa = PBXShellScriptBuildPhase;
			buildActionMask = 2147483647;
			files = (
			);
			inputFileListPaths = (
			);
			inputPaths = (
				"${PODS_PODFILE_DIR_PATH}/Podfile.lock",
				"${PODS_ROOT}/Manifest.lock",
			);
			name = "[CP] Check Pods Manifest.lock";
			outputFileListPaths = (
			);
			outputPaths = (
				"$(DERIVED_FILE_DIR)/Pods-Plexus-checkManifestLockResult.txt",
			);
			runOnlyForDeploymentPostprocessing = 0;
			shellPath = /bin/sh;
			shellScript = "diff \"${PODS_PODFILE_DIR_PATH}/Podfile.lock\" \"${PODS_ROOT}/Manifest.lock\" > /dev/null\nif [ $? != 0 ] ; then\n    # print error to STDERR\n    echo \"error: The sandbox is not in sync with the Podfile.lock. Run 'pod install' or update your CocoaPods installation.\" >&2\n    exit 1\nfi\n# This output is used by Xcode 'outputs' to avoid re-running this script phase.\necho \"SUCCESS\" > \"${SCRIPT_OUTPUT_FILE_0}\"\n";
			showEnvVarsInLog = 0;
		};
/* End PBXShellScriptBuildPhase section */

/* Begin PBXSourcesBuildPhase section */
		843262E123067D7D00B4A268 /* Sources */ = {
			isa = PBXSourcesBuildPhase;
			buildActionMask = 2147483647;
			files = (
				84D0D7452310446300690D92 /* TestProtocols.swift in Sources */,
				84E56C182306B7CE00696058 /* WalkThroughViewController.swift in Sources */,
				84E56C272306B80300696058 /* HomeInteractor.swift in Sources */,
				84420F5B23068303001C1A5E /* SignInPresenter.swift in Sources */,
				84E56C2E2306C92000696058 /* ColorUtils.swift in Sources */,
				84380F2D230F0FC7007B940B /* LessonPresenter.swift in Sources */,
				8434BEBE230C5C0F00AD58C0 /* DiscoverCell.swift in Sources */,
				84D0D7442310446300690D92 /* TestViewController.swift in Sources */,
				84D0D7522310449D00690D92 /* CongratsProtocols.swift in Sources */,
				84380F2E230F0FC7007B940B /* LessonRouter.swift in Sources */,
				84380F2F230F0FC7007B940B /* LessonViewController.swift in Sources */,
				843262EB23067D7D00B4A268 /* ViewController.swift in Sources */,
				84420F5C23068303001C1A5E /* SignInRouter.swift in Sources */,
				84E2A2CC23084A5000888EA8 /* WalkthroughBuilder.swift in Sources */,
				84D0D7512310449D00690D92 /* CongratsViewController.swift in Sources */,
				84389682230AE4BF00F101DF /* OnlineRouter.swift in Sources */,
				84D0D7462310446300690D92 /* TestInteractor.swift in Sources */,
				84389695230B0D3600F101DF /* TopRatedParentCell.swift in Sources */,
				84389690230B091400F101DF /* TopRatedCell.swift in Sources */,
				84E56C262306B80300696058 /* HomeProtocols.swift in Sources */,
				84389683230AE4BF00F101DF /* OnlineViewController.swift in Sources */,
				8438965B230AE3B400F101DF /* ExamRouter.swift in Sources */,
				84389697230B0D4700F101DF /* CompletedParentCell.swift in Sources */,
				84E56C242306B80300696058 /* HomeRouter.swift in Sources */,
				84389681230AE4BF00F101DF /* OnlinePresenter.swift in Sources */,
				8438966B230AE3E000F101DF /* WishlistInteractor.swift in Sources */,
				8438965A230AE3B400F101DF /* ExamPresenter.swift in Sources */,
				843DD3BB231927C90072B4F5 /* NetworkManager.swift in Sources */,
				84420F5D23068303001C1A5E /* SignInViewController.swift in Sources */,
				84E56C0C2306B75B00696058 /* ForgotPasswordInteractor.swift in Sources */,
				84D0D7502310449D00690D92 /* CongratsRouter.swift in Sources */,
				843498B0230FB5E600927D84 /* UserLevelRouter.swift in Sources */,
				84E56C082306B75B00696058 /* ForgotPasswordPresenter.swift in Sources */,
				84389667230AE3E000F101DF /* WishlistPresenter.swift in Sources */,
				84389685230AE4BF00F101DF /* OnlineInteractor.swift in Sources */,
				84E56C092306B75B00696058 /* ForgotPasswordRouter.swift in Sources */,
				843DD3BD2319283E0072B4F5 /* WishlistRequest.swift in Sources */,
				84914817231997D70027E29F /* WaitView.swift in Sources */,
				84E56C0A2306B75B00696058 /* ForgotPasswordViewController.swift in Sources */,
				84389669230AE3E000F101DF /* WishlistViewController.swift in Sources */,
				843262E923067D7D00B4A268 /* AppDelegate.swift in Sources */,
				84E56C192306B7CE00696058 /* WalkThroughProtocols.swift in Sources */,
				84E56C172306B7CE00696058 /* WalkThroughRouter.swift in Sources */,
				84380F31230F0FC7007B940B /* LessonInteractor.swift in Sources */,
				84389676230AE40400F101DF /* ProfileViewController.swift in Sources */,
				8461E14C2311663E00AB3FA1 /* OnlineCourseEntity.swift in Sources */,
				843498B2230FB5E600927D84 /* UserLevelProtocols.swift in Sources */,
				8438965D230AE3B400F101DF /* ExamProtocols.swift in Sources */,
				843498B3230FB5E600927D84 /* UserLevelInteractor.swift in Sources */,
				843498AF230FB5E600927D84 /* UserLevelPresenter.swift in Sources */,
				843498B1230FB5E600927D84 /* UserLevelViewController.swift in Sources */,
				84E56C2B2306C36D00696058 /* GradientView.swift in Sources */,
				8434BEC0230C5C2900AD58C0 /* CourseCell.swift in Sources */,
				8461E1482311069E00AB3FA1 /* OnlineCoursesCell.swift in Sources */,
				8438965E230AE3B400F101DF /* ExamInteractor.swift in Sources */,
				84E56C1A2306B7CE00696058 /* WalkThroughInteractor.swift in Sources */,
				84420F5F23068303001C1A5E /* SignInInteractor.swift in Sources */,
				849148192319995C0027E29F /* WaitViewControllerExtension.swift in Sources */,
				8434BEB7230C573B00AD58C0 /* BannerCell.swift in Sources */,
				84380F30230F0FC7007B940B /* LessonProtocols.swift in Sources */,
				843498B8230FB65D00927D84 /* DesiredLevelCell.swift in Sources */,
				84389675230AE40400F101DF /* ProfileRouter.swift in Sources */,
				8461E14E2311669C00AB3FA1 /* WishlistCourseEntity.swift in Sources */,
				8438966A230AE3E000F101DF /* WishlistProtocols.swift in Sources */,
				84E56C252306B80300696058 /* HomeViewController.swift in Sources */,
				84389677230AE40400F101DF /* ProfileProtocols.swift in Sources */,
				8438968E230AF11D00F101DF /* RoundedCornersShadowView.swift in Sources */,
				84D0D74F2310449D00690D92 /* CongratsPresenter.swift in Sources */,
				8438968A230AE96800F101DF /* WishlistCell.swift in Sources */,
				84E56C312306FE2500696058 /* BottomLineTextField.swift in Sources */,
				8434BEBB230C575900AD58C0 /* MostViewedCell.swift in Sources */,
				84D0D7532310449D00690D92 /* CongratsInteractor.swift in Sources */,
				84389674230AE40400F101DF /* ProfilePresenter.swift in Sources */,
				84389678230AE40400F101DF /* ProfileInteractor.swift in Sources */,
				84389684230AE4BF00F101DF /* OnlineProtocols.swift in Sources */,
				84914813231988D30027E29F /* ProfileRequest.swift in Sources */,
				84914815231992A00027E29F /* OnlineRequest.swift in Sources */,
				84E56C0B2306B75B00696058 /* ForgotPasswordProtocols.swift in Sources */,
				84389692230B092500F101DF /* CompletedCell.swift in Sources */,
				84D0D7422310446300690D92 /* TestPresenter.swift in Sources */,
				84E56C232306B80300696058 /* HomePresenter.swift in Sources */,
				84389668230AE3E000F101DF /* WishlistRouter.swift in Sources */,
				84E56C162306B7CE00696058 /* WalkThroughPresenter.swift in Sources */,
				84420F5E23068303001C1A5E /* SignInProtocols.swift in Sources */,
				8439F903230DA83F00FD9EC2 /* HeaderView.swift in Sources */,
				8491481123197D900027E29F /* CourseRequest.swift in Sources */,
				8439F8FC230D9D4200FD9EC2 /* LessonCell.swift in Sources */,
				84D0D7432310446300690D92 /* TestRouter.swift in Sources */,
				8439F8FE230D9D6400FD9EC2 /* ExamHeaderView.swift in Sources */,
				8489B40B2307143000BDE491 /* RoundedButton.swift in Sources */,
				8438965C230AE3B400F101DF /* ExamViewController.swift in Sources */,
			);
			runOnlyForDeploymentPostprocessing = 0;
		};
/* End PBXSourcesBuildPhase section */

/* Begin PBXVariantGroup section */
		843262EC23067D7D00B4A268 /* Main.storyboard */ = {
			isa = PBXVariantGroup;
			children = (
				843262ED23067D7D00B4A268 /* Base */,
			);
			name = Main.storyboard;
			sourceTree = "<group>";
		};
		843262F123067D7F00B4A268 /* LaunchScreen.storyboard */ = {
			isa = PBXVariantGroup;
			children = (
				843262F223067D7F00B4A268 /* Base */,
			);
			name = LaunchScreen.storyboard;
			sourceTree = "<group>";
		};
/* End PBXVariantGroup section */

/* Begin XCBuildConfiguration section */
		843262F523067D7F00B4A268 /* Debug */ = {
			isa = XCBuildConfiguration;
			buildSettings = {
				ALWAYS_SEARCH_USER_PATHS = NO;
				CLANG_ANALYZER_NONNULL = YES;
				CLANG_ANALYZER_NUMBER_OBJECT_CONVERSION = YES_AGGRESSIVE;
				CLANG_CXX_LANGUAGE_STANDARD = "gnu++14";
				CLANG_CXX_LIBRARY = "libc++";
				CLANG_ENABLE_MODULES = YES;
				CLANG_ENABLE_OBJC_ARC = YES;
				CLANG_ENABLE_OBJC_WEAK = YES;
				CLANG_WARN_BLOCK_CAPTURE_AUTORELEASING = YES;
				CLANG_WARN_BOOL_CONVERSION = YES;
				CLANG_WARN_COMMA = YES;
				CLANG_WARN_CONSTANT_CONVERSION = YES;
				CLANG_WARN_DEPRECATED_OBJC_IMPLEMENTATIONS = YES;
				CLANG_WARN_DIRECT_OBJC_ISA_USAGE = YES_ERROR;
				CLANG_WARN_DOCUMENTATION_COMMENTS = YES;
				CLANG_WARN_EMPTY_BODY = YES;
				CLANG_WARN_ENUM_CONVERSION = YES;
				CLANG_WARN_INFINITE_RECURSION = YES;
				CLANG_WARN_INT_CONVERSION = YES;
				CLANG_WARN_NON_LITERAL_NULL_CONVERSION = YES;
				CLANG_WARN_OBJC_IMPLICIT_RETAIN_SELF = YES;
				CLANG_WARN_OBJC_LITERAL_CONVERSION = YES;
				CLANG_WARN_OBJC_ROOT_CLASS = YES_ERROR;
				CLANG_WARN_RANGE_LOOP_ANALYSIS = YES;
				CLANG_WARN_STRICT_PROTOTYPES = YES;
				CLANG_WARN_SUSPICIOUS_MOVE = YES;
				CLANG_WARN_UNGUARDED_AVAILABILITY = YES_AGGRESSIVE;
				CLANG_WARN_UNREACHABLE_CODE = YES;
				CLANG_WARN__DUPLICATE_METHOD_MATCH = YES;
				CODE_SIGN_IDENTITY = "iPhone Developer";
				COPY_PHASE_STRIP = NO;
				DEBUG_INFORMATION_FORMAT = dwarf;
				ENABLE_STRICT_OBJC_MSGSEND = YES;
				ENABLE_TESTABILITY = YES;
				GCC_C_LANGUAGE_STANDARD = gnu11;
				GCC_DYNAMIC_NO_PIC = NO;
				GCC_NO_COMMON_BLOCKS = YES;
				GCC_OPTIMIZATION_LEVEL = 0;
				GCC_PREPROCESSOR_DEFINITIONS = (
					"DEBUG=1",
					"$(inherited)",
				);
				GCC_WARN_64_TO_32_BIT_CONVERSION = YES;
				GCC_WARN_ABOUT_RETURN_TYPE = YES_ERROR;
				GCC_WARN_UNDECLARED_SELECTOR = YES;
				GCC_WARN_UNINITIALIZED_AUTOS = YES_AGGRESSIVE;
				GCC_WARN_UNUSED_FUNCTION = YES;
				GCC_WARN_UNUSED_VARIABLE = YES;
				IPHONEOS_DEPLOYMENT_TARGET = 12.2;
				MTL_ENABLE_DEBUG_INFO = INCLUDE_SOURCE;
				MTL_FAST_MATH = YES;
				ONLY_ACTIVE_ARCH = YES;
				SDKROOT = iphoneos;
				SWIFT_ACTIVE_COMPILATION_CONDITIONS = DEBUG;
				SWIFT_OPTIMIZATION_LEVEL = "-Onone";
			};
			name = Debug;
		};
		843262F623067D7F00B4A268 /* Release */ = {
			isa = XCBuildConfiguration;
			buildSettings = {
				ALWAYS_SEARCH_USER_PATHS = NO;
				CLANG_ANALYZER_NONNULL = YES;
				CLANG_ANALYZER_NUMBER_OBJECT_CONVERSION = YES_AGGRESSIVE;
				CLANG_CXX_LANGUAGE_STANDARD = "gnu++14";
				CLANG_CXX_LIBRARY = "libc++";
				CLANG_ENABLE_MODULES = YES;
				CLANG_ENABLE_OBJC_ARC = YES;
				CLANG_ENABLE_OBJC_WEAK = YES;
				CLANG_WARN_BLOCK_CAPTURE_AUTORELEASING = YES;
				CLANG_WARN_BOOL_CONVERSION = YES;
				CLANG_WARN_COMMA = YES;
				CLANG_WARN_CONSTANT_CONVERSION = YES;
				CLANG_WARN_DEPRECATED_OBJC_IMPLEMENTATIONS = YES;
				CLANG_WARN_DIRECT_OBJC_ISA_USAGE = YES_ERROR;
				CLANG_WARN_DOCUMENTATION_COMMENTS = YES;
				CLANG_WARN_EMPTY_BODY = YES;
				CLANG_WARN_ENUM_CONVERSION = YES;
				CLANG_WARN_INFINITE_RECURSION = YES;
				CLANG_WARN_INT_CONVERSION = YES;
				CLANG_WARN_NON_LITERAL_NULL_CONVERSION = YES;
				CLANG_WARN_OBJC_IMPLICIT_RETAIN_SELF = YES;
				CLANG_WARN_OBJC_LITERAL_CONVERSION = YES;
				CLANG_WARN_OBJC_ROOT_CLASS = YES_ERROR;
				CLANG_WARN_RANGE_LOOP_ANALYSIS = YES;
				CLANG_WARN_STRICT_PROTOTYPES = YES;
				CLANG_WARN_SUSPICIOUS_MOVE = YES;
				CLANG_WARN_UNGUARDED_AVAILABILITY = YES_AGGRESSIVE;
				CLANG_WARN_UNREACHABLE_CODE = YES;
				CLANG_WARN__DUPLICATE_METHOD_MATCH = YES;
				CODE_SIGN_IDENTITY = "iPhone Developer";
				COPY_PHASE_STRIP = NO;
				DEBUG_INFORMATION_FORMAT = "dwarf-with-dsym";
				ENABLE_NS_ASSERTIONS = NO;
				ENABLE_STRICT_OBJC_MSGSEND = YES;
				GCC_C_LANGUAGE_STANDARD = gnu11;
				GCC_NO_COMMON_BLOCKS = YES;
				GCC_WARN_64_TO_32_BIT_CONVERSION = YES;
				GCC_WARN_ABOUT_RETURN_TYPE = YES_ERROR;
				GCC_WARN_UNDECLARED_SELECTOR = YES;
				GCC_WARN_UNINITIALIZED_AUTOS = YES_AGGRESSIVE;
				GCC_WARN_UNUSED_FUNCTION = YES;
				GCC_WARN_UNUSED_VARIABLE = YES;
				IPHONEOS_DEPLOYMENT_TARGET = 12.2;
				MTL_ENABLE_DEBUG_INFO = NO;
				MTL_FAST_MATH = YES;
				SDKROOT = iphoneos;
				SWIFT_COMPILATION_MODE = wholemodule;
				SWIFT_OPTIMIZATION_LEVEL = "-O";
				VALIDATE_PRODUCT = YES;
			};
			name = Release;
		};
		843262F823067D7F00B4A268 /* Debug */ = {
			isa = XCBuildConfiguration;
			baseConfigurationReference = 17A0DC175DB3D4BE1C3C509C /* Pods-Plexus.debug.xcconfig */;
			buildSettings = {
				ASSETCATALOG_COMPILER_APPICON_NAME = AppIcon;
				CODE_SIGN_STYLE = Automatic;
				DEVELOPMENT_TEAM = 3EYUW49QFV;
				INFOPLIST_FILE = Plexus/Info.plist;
				LD_RUNPATH_SEARCH_PATHS = (
					"$(inherited)",
					"@executable_path/Frameworks",
				);
				PRODUCT_BUNDLE_IDENTIFIER = com.A7Studio.Plexus;
				PRODUCT_NAME = "$(TARGET_NAME)";
				SWIFT_VERSION = 5.0;
				TARGETED_DEVICE_FAMILY = "1,2";
			};
			name = Debug;
		};
		843262F923067D7F00B4A268 /* Release */ = {
			isa = XCBuildConfiguration;
			baseConfigurationReference = 93EF93C3F2849D6C7CD82C51 /* Pods-Plexus.release.xcconfig */;
			buildSettings = {
				ASSETCATALOG_COMPILER_APPICON_NAME = AppIcon;
				CODE_SIGN_STYLE = Automatic;
				DEVELOPMENT_TEAM = 3EYUW49QFV;
				INFOPLIST_FILE = Plexus/Info.plist;
				LD_RUNPATH_SEARCH_PATHS = (
					"$(inherited)",
					"@executable_path/Frameworks",
				);
				PRODUCT_BUNDLE_IDENTIFIER = com.A7Studio.Plexus;
				PRODUCT_NAME = "$(TARGET_NAME)";
				SWIFT_VERSION = 5.0;
				TARGETED_DEVICE_FAMILY = "1,2";
			};
			name = Release;
		};
/* End XCBuildConfiguration section */

/* Begin XCConfigurationList section */
		843262E023067D7D00B4A268 /* Build configuration list for PBXProject "Plexus" */ = {
			isa = XCConfigurationList;
			buildConfigurations = (
				843262F523067D7F00B4A268 /* Debug */,
				843262F623067D7F00B4A268 /* Release */,
			);
			defaultConfigurationIsVisible = 0;
			defaultConfigurationName = Release;
		};
		843262F723067D7F00B4A268 /* Build configuration list for PBXNativeTarget "Plexus" */ = {
			isa = XCConfigurationList;
			buildConfigurations = (
				843262F823067D7F00B4A268 /* Debug */,
				843262F923067D7F00B4A268 /* Release */,
			);
			defaultConfigurationIsVisible = 0;
			defaultConfigurationName = Release;
		};
/* End XCConfigurationList section */
	};
	rootObject = 843262DD23067D7D00B4A268 /* Project object */;
}
