// !$*UTF8*$!
{
	archiveVersion = 1;
	classes = {
	};
	objectVersion = 50;
	objects = {

/* Begin PBXBuildFile section */
		84151DCE22DA2D0F005E7964 /* PlaceDetailViewController.swift in Sources */ = {isa = PBXBuildFile; fileRef = 84151DCD22DA2D0F005E7964 /* PlaceDetailViewController.swift */; };
		842B8F9222D8C3CF00CD4F7F /* ColorUtils.swift in Sources */ = {isa = PBXBuildFile; fileRef = 842B8F9122D8C3CF00CD4F7F /* ColorUtils.swift */; };
		842B8F9522D8C40C00CD4F7F /* RoundedCornerView.swift in Sources */ = {isa = PBXBuildFile; fileRef = 842B8F9422D8C40C00CD4F7F /* RoundedCornerView.swift */; };
		842B8F9722D8CCFB00CD4F7F /* BookingsViewController.swift in Sources */ = {isa = PBXBuildFile; fileRef = 842B8F9622D8CCFB00CD4F7F /* BookingsViewController.swift */; };
		842B8F9922D8CD0600CD4F7F /* PlacesViewController.swift in Sources */ = {isa = PBXBuildFile; fileRef = 842B8F9822D8CD0600CD4F7F /* PlacesViewController.swift */; };
		842B8F9B22D8CD1300CD4F7F /* ContactViewController.swift in Sources */ = {isa = PBXBuildFile; fileRef = 842B8F9A22D8CD1300CD4F7F /* ContactViewController.swift */; };
		842B8F9D22D8CD2100CD4F7F /* AboutViewController.swift in Sources */ = {isa = PBXBuildFile; fileRef = 842B8F9C22D8CD2100CD4F7F /* AboutViewController.swift */; };
		842B8F9F22D8CD3300CD4F7F /* ProfileViewController.swift in Sources */ = {isa = PBXBuildFile; fileRef = 842B8F9E22D8CD3300CD4F7F /* ProfileViewController.swift */; };
		842B8FA122D8CD4F00CD4F7F /* PrivacyViewController.swift in Sources */ = {isa = PBXBuildFile; fileRef = 842B8FA022D8CD4F00CD4F7F /* PrivacyViewController.swift */; };
		842B8FA322D8CD8A00CD4F7F /* Bookings.storyboard in Resources */ = {isa = PBXBuildFile; fileRef = 842B8FA222D8CD8A00CD4F7F /* Bookings.storyboard */; };
		842B8FA522D8CD9600CD4F7F /* Places.storyboard in Resources */ = {isa = PBXBuildFile; fileRef = 842B8FA422D8CD9600CD4F7F /* Places.storyboard */; };
		842B8FA722D8CDA200CD4F7F /* Profile.storyboard in Resources */ = {isa = PBXBuildFile; fileRef = 842B8FA622D8CDA200CD4F7F /* Profile.storyboard */; };
		842B8FA922D8CDAB00CD4F7F /* About.storyboard in Resources */ = {isa = PBXBuildFile; fileRef = 842B8FA822D8CDAB00CD4F7F /* About.storyboard */; };
		842B8FAB22D8E4B600CD4F7F /* Nearby.swift in Sources */ = {isa = PBXBuildFile; fileRef = 842B8FAA22D8E4B600CD4F7F /* Nearby.swift */; };
		842B8FAD22D8E75800CD4F7F /* Nearby.storyboard in Resources */ = {isa = PBXBuildFile; fileRef = 842B8FAC22D8E75800CD4F7F /* Nearby.storyboard */; };
		8436DFE922E197F900BEBDD2 /* RideChooser.swift in Sources */ = {isa = PBXBuildFile; fileRef = 8436DFE822E197F900BEBDD2 /* RideChooser.swift */; };
		8436DFEE22E19D7600BEBDD2 /* PlaceData.swift in Sources */ = {isa = PBXBuildFile; fileRef = 8436DFED22E19D7600BEBDD2 /* PlaceData.swift */; };
		8438CD9822D9DC710086F3D7 /* CategoryCell.swift in Sources */ = {isa = PBXBuildFile; fileRef = 8438CD9722D9DC710086F3D7 /* CategoryCell.swift */; };
		8438CD9A22D9DF090086F3D7 /* PlacesCell.swift in Sources */ = {isa = PBXBuildFile; fileRef = 8438CD9922D9DF090086F3D7 /* PlacesCell.swift */; };
		8438CD9D22D9DFB00086F3D7 /* PlacesEntity.swift in Sources */ = {isa = PBXBuildFile; fileRef = 8438CD9C22D9DFB00086F3D7 /* PlacesEntity.swift */; };
		843A532B22DE177A00DA9C85 /* RoundedViewWithShadow.swift in Sources */ = {isa = PBXBuildFile; fileRef = 843A532A22DE177A00DA9C85 /* RoundedViewWithShadow.swift */; };
		84931BB122D89A270002165B /* MenuHostViewController.swift in Sources */ = {isa = PBXBuildFile; fileRef = 84931BB022D89A270002165B /* MenuHostViewController.swift */; };
		84931BB322D8A2E30002165B /* MenuListViewController.swift in Sources */ = {isa = PBXBuildFile; fileRef = 84931BB222D8A2E30002165B /* MenuListViewController.swift */; };
		84931BB922D8AA290002165B /* MenuWithImageAndTextCell.swift in Sources */ = {isa = PBXBuildFile; fileRef = 84931BB722D8AA290002165B /* MenuWithImageAndTextCell.swift */; };
		84931BBA22D8AA290002165B /* MenuWithImageAndTextCell.xib in Resources */ = {isa = PBXBuildFile; fileRef = 84931BB822D8AA290002165B /* MenuWithImageAndTextCell.xib */; };
		84931BBE22D8AA480002165B /* MenuWithImageCell.swift in Sources */ = {isa = PBXBuildFile; fileRef = 84931BBC22D8AA480002165B /* MenuWithImageCell.swift */; };
		84931BBF22D8AA480002165B /* MenuWithImageCell.xib in Resources */ = {isa = PBXBuildFile; fileRef = 84931BBD22D8AA480002165B /* MenuWithImageCell.xib */; };
		84931BC122D8B08E0002165B /* Home.storyboard in Resources */ = {isa = PBXBuildFile; fileRef = 84931BC022D8B08E0002165B /* Home.storyboard */; };
		84931BC322D8B1640002165B /* HomeViewController.swift in Sources */ = {isa = PBXBuildFile; fileRef = 84931BC222D8B1640002165B /* HomeViewController.swift */; };
		84BFB3D422D4E1B20076A9B4 /* AppDelegate.swift in Sources */ = {isa = PBXBuildFile; fileRef = 84BFB3D322D4E1B20076A9B4 /* AppDelegate.swift */; };
		84BFB3D622D4E1B20076A9B4 /* ViewController.swift in Sources */ = {isa = PBXBuildFile; fileRef = 84BFB3D522D4E1B20076A9B4 /* ViewController.swift */; };
		84BFB3D922D4E1B20076A9B4 /* Main.storyboard in Resources */ = {isa = PBXBuildFile; fileRef = 84BFB3D722D4E1B20076A9B4 /* Main.storyboard */; };
		84BFB3DB22D4E1B40076A9B4 /* Assets.xcassets in Resources */ = {isa = PBXBuildFile; fileRef = 84BFB3DA22D4E1B40076A9B4 /* Assets.xcassets */; };
		84BFB3DE22D4E1B40076A9B4 /* LaunchScreen.storyboard in Resources */ = {isa = PBXBuildFile; fileRef = 84BFB3DC22D4E1B40076A9B4 /* LaunchScreen.storyboard */; };
		F50E6B6A6F505136A6367AFF /* Pods_Navigo.framework in Frameworks */ = {isa = PBXBuildFile; fileRef = 4846F9870B2CA7EB3BBB9AFC /* Pods_Navigo.framework */; };
/* End PBXBuildFile section */

/* Begin PBXFileReference section */
		2240C505B361CEA6C604314F /* Pods-Navigo.debug.xcconfig */ = {isa = PBXFileReference; includeInIndex = 1; lastKnownFileType = text.xcconfig; name = "Pods-Navigo.debug.xcconfig"; path = "Target Support Files/Pods-Navigo/Pods-Navigo.debug.xcconfig"; sourceTree = "<group>"; };
		4846F9870B2CA7EB3BBB9AFC /* Pods_Navigo.framework */ = {isa = PBXFileReference; explicitFileType = wrapper.framework; includeInIndex = 0; path = Pods_Navigo.framework; sourceTree = BUILT_PRODUCTS_DIR; };
		84151DCD22DA2D0F005E7964 /* PlaceDetailViewController.swift */ = {isa = PBXFileReference; lastKnownFileType = sourcecode.swift; path = PlaceDetailViewController.swift; sourceTree = "<group>"; };
		842B8F9122D8C3CF00CD4F7F /* ColorUtils.swift */ = {isa = PBXFileReference; fileEncoding = 4; lastKnownFileType = sourcecode.swift; path = ColorUtils.swift; sourceTree = "<group>"; };
		842B8F9422D8C40C00CD4F7F /* RoundedCornerView.swift */ = {isa = PBXFileReference; fileEncoding = 4; lastKnownFileType = sourcecode.swift; path = RoundedCornerView.swift; sourceTree = "<group>"; };
		842B8F9622D8CCFB00CD4F7F /* BookingsViewController.swift */ = {isa = PBXFileReference; lastKnownFileType = sourcecode.swift; path = BookingsViewController.swift; sourceTree = "<group>"; };
		842B8F9822D8CD0600CD4F7F /* PlacesViewController.swift */ = {isa = PBXFileReference; lastKnownFileType = sourcecode.swift; path = PlacesViewController.swift; sourceTree = "<group>"; };
		842B8F9A22D8CD1300CD4F7F /* ContactViewController.swift */ = {isa = PBXFileReference; lastKnownFileType = sourcecode.swift; path = ContactViewController.swift; sourceTree = "<group>"; };
		842B8F9C22D8CD2100CD4F7F /* AboutViewController.swift */ = {isa = PBXFileReference; lastKnownFileType = sourcecode.swift; path = AboutViewController.swift; sourceTree = "<group>"; };
		842B8F9E22D8CD3300CD4F7F /* ProfileViewController.swift */ = {isa = PBXFileReference; lastKnownFileType = sourcecode.swift; path = ProfileViewController.swift; sourceTree = "<group>"; };
		842B8FA022D8CD4F00CD4F7F /* PrivacyViewController.swift */ = {isa = PBXFileReference; lastKnownFileType = sourcecode.swift; path = PrivacyViewController.swift; sourceTree = "<group>"; };
		842B8FA222D8CD8A00CD4F7F /* Bookings.storyboard */ = {isa = PBXFileReference; lastKnownFileType = file.storyboard; path = Bookings.storyboard; sourceTree = "<group>"; };
		842B8FA422D8CD9600CD4F7F /* Places.storyboard */ = {isa = PBXFileReference; lastKnownFileType = file.storyboard; path = Places.storyboard; sourceTree = "<group>"; };
		842B8FA622D8CDA200CD4F7F /* Profile.storyboard */ = {isa = PBXFileReference; lastKnownFileType = file.storyboard; path = Profile.storyboard; sourceTree = "<group>"; };
		842B8FA822D8CDAB00CD4F7F /* About.storyboard */ = {isa = PBXFileReference; lastKnownFileType = file.storyboard; path = About.storyboard; sourceTree = "<group>"; };
		842B8FAA22D8E4B600CD4F7F /* Nearby.swift */ = {isa = PBXFileReference; lastKnownFileType = sourcecode.swift; path = Nearby.swift; sourceTree = "<group>"; };
		842B8FAC22D8E75800CD4F7F /* Nearby.storyboard */ = {isa = PBXFileReference; lastKnownFileType = file.storyboard; path = Nearby.storyboard; sourceTree = "<group>"; };
		8436DFE822E197F900BEBDD2 /* RideChooser.swift */ = {isa = PBXFileReference; lastKnownFileType = sourcecode.swift; path = RideChooser.swift; sourceTree = "<group>"; };
		8436DFED22E19D7600BEBDD2 /* PlaceData.swift */ = {isa = PBXFileReference; fileEncoding = 4; lastKnownFileType = sourcecode.swift; path = PlaceData.swift; sourceTree = "<group>"; };
		8438CD9722D9DC710086F3D7 /* CategoryCell.swift */ = {isa = PBXFileReference; lastKnownFileType = sourcecode.swift; path = CategoryCell.swift; sourceTree = "<group>"; };
		8438CD9922D9DF090086F3D7 /* PlacesCell.swift */ = {isa = PBXFileReference; lastKnownFileType = sourcecode.swift; path = PlacesCell.swift; sourceTree = "<group>"; };
		8438CD9C22D9DFB00086F3D7 /* PlacesEntity.swift */ = {isa = PBXFileReference; lastKnownFileType = sourcecode.swift; path = PlacesEntity.swift; sourceTree = "<group>"; };
		843A532A22DE177A00DA9C85 /* RoundedViewWithShadow.swift */ = {isa = PBXFileReference; fileEncoding = 4; lastKnownFileType = sourcecode.swift; path = RoundedViewWithShadow.swift; sourceTree = "<group>"; };
		84931BB022D89A270002165B /* MenuHostViewController.swift */ = {isa = PBXFileReference; lastKnownFileType = sourcecode.swift; path = MenuHostViewController.swift; sourceTree = "<group>"; };
		84931BB222D8A2E30002165B /* MenuListViewController.swift */ = {isa = PBXFileReference; lastKnownFileType = sourcecode.swift; path = MenuListViewController.swift; sourceTree = "<group>"; };
		84931BB722D8AA290002165B /* MenuWithImageAndTextCell.swift */ = {isa = PBXFileReference; lastKnownFileType = sourcecode.swift; name = MenuWithImageAndTextCell.swift; path = ../MenuWithImageAndTextCell.swift; sourceTree = "<group>"; };
		84931BB822D8AA290002165B /* MenuWithImageAndTextCell.xib */ = {isa = PBXFileReference; lastKnownFileType = file.xib; name = MenuWithImageAndTextCell.xib; path = ../MenuWithImageAndTextCell.xib; sourceTree = "<group>"; };
		84931BBC22D8AA480002165B /* MenuWithImageCell.swift */ = {isa = PBXFileReference; lastKnownFileType = sourcecode.swift; path = MenuWithImageCell.swift; sourceTree = "<group>"; };
		84931BBD22D8AA480002165B /* MenuWithImageCell.xib */ = {isa = PBXFileReference; lastKnownFileType = file.xib; path = MenuWithImageCell.xib; sourceTree = "<group>"; };
		84931BC022D8B08E0002165B /* Home.storyboard */ = {isa = PBXFileReference; lastKnownFileType = file.storyboard; path = Home.storyboard; sourceTree = "<group>"; };
		84931BC222D8B1640002165B /* HomeViewController.swift */ = {isa = PBXFileReference; lastKnownFileType = sourcecode.swift; path = HomeViewController.swift; sourceTree = "<group>"; };
		84BFB3D022D4E1B20076A9B4 /* Navigo.app */ = {isa = PBXFileReference; explicitFileType = wrapper.application; includeInIndex = 0; path = Navigo.app; sourceTree = BUILT_PRODUCTS_DIR; };
		84BFB3D322D4E1B20076A9B4 /* AppDelegate.swift */ = {isa = PBXFileReference; lastKnownFileType = sourcecode.swift; path = AppDelegate.swift; sourceTree = "<group>"; };
		84BFB3D522D4E1B20076A9B4 /* ViewController.swift */ = {isa = PBXFileReference; lastKnownFileType = sourcecode.swift; path = ViewController.swift; sourceTree = "<group>"; };
		84BFB3D822D4E1B20076A9B4 /* Base */ = {isa = PBXFileReference; lastKnownFileType = file.storyboard; name = Base; path = Base.lproj/Main.storyboard; sourceTree = "<group>"; };
		84BFB3DA22D4E1B40076A9B4 /* Assets.xcassets */ = {isa = PBXFileReference; lastKnownFileType = folder.assetcatalog; path = Assets.xcassets; sourceTree = "<group>"; };
		84BFB3DD22D4E1B40076A9B4 /* Base */ = {isa = PBXFileReference; lastKnownFileType = file.storyboard; name = Base; path = Base.lproj/LaunchScreen.storyboard; sourceTree = "<group>"; };
		84BFB3DF22D4E1B40076A9B4 /* Info.plist */ = {isa = PBXFileReference; lastKnownFileType = text.plist.xml; path = Info.plist; sourceTree = "<group>"; };
		A116099ED29998CB6EFC73ED /* Pods-Navigo.release.xcconfig */ = {isa = PBXFileReference; includeInIndex = 1; lastKnownFileType = text.xcconfig; name = "Pods-Navigo.release.xcconfig"; path = "Target Support Files/Pods-Navigo/Pods-Navigo.release.xcconfig"; sourceTree = "<group>"; };
/* End PBXFileReference section */

/* Begin PBXFrameworksBuildPhase section */
		84BFB3CD22D4E1B20076A9B4 /* Frameworks */ = {
			isa = PBXFrameworksBuildPhase;
			buildActionMask = 2147483647;
			files = (
				F50E6B6A6F505136A6367AFF /* Pods_Navigo.framework in Frameworks */,
			);
			runOnlyForDeploymentPostprocessing = 0;
		};
/* End PBXFrameworksBuildPhase section */

/* Begin PBXGroup section */
		2FE5F3B790CD623B211D799D /* Pods */ = {
			isa = PBXGroup;
			children = (
				2240C505B361CEA6C604314F /* Pods-Navigo.debug.xcconfig */,
				A116099ED29998CB6EFC73ED /* Pods-Navigo.release.xcconfig */,
			);
			path = Pods;
			sourceTree = "<group>";
		};
		415F82AF3E1FB69E3A74E1BC /* Frameworks */ = {
			isa = PBXGroup;
			children = (
				4846F9870B2CA7EB3BBB9AFC /* Pods_Navigo.framework */,
			);
			name = Frameworks;
			sourceTree = "<group>";
		};
		842B8F9322D8C3D400CD4F7F /* Utils */ = {
			isa = PBXGroup;
			children = (
				842B8F9122D8C3CF00CD4F7F /* ColorUtils.swift */,
			);
			path = Utils;
			sourceTree = "<group>";
		};
		8436DFEC22E19D3800BEBDD2 /* Data */ = {
			isa = PBXGroup;
			children = (
				8436DFED22E19D7600BEBDD2 /* PlaceData.swift */,
			);
			path = Data;
			sourceTree = "<group>";
		};
		8438CD9B22D9DF130086F3D7 /* CollectionVIewCell */ = {
			isa = PBXGroup;
			children = (
				8438CD9922D9DF090086F3D7 /* PlacesCell.swift */,
			);
			path = CollectionVIewCell;
			sourceTree = "<group>";
		};
		8438CD9E22D9DFBB0086F3D7 /* Entity */ = {
			isa = PBXGroup;
			children = (
				8438CD9C22D9DFB00086F3D7 /* PlacesEntity.swift */,
			);
			path = Entity;
			sourceTree = "<group>";
		};
		84931BAC22D873E10002165B /* Storyboards */ = {
			isa = PBXGroup;
			children = (
				84BFB3D722D4E1B20076A9B4 /* Main.storyboard */,
				84BFB3DC22D4E1B40076A9B4 /* LaunchScreen.storyboard */,
				84931BC022D8B08E0002165B /* Home.storyboard */,
				842B8FA222D8CD8A00CD4F7F /* Bookings.storyboard */,
				842B8FA422D8CD9600CD4F7F /* Places.storyboard */,
				842B8FA622D8CDA200CD4F7F /* Profile.storyboard */,
				842B8FA822D8CDAB00CD4F7F /* About.storyboard */,
				842B8FAC22D8E75800CD4F7F /* Nearby.storyboard */,
			);
			path = Storyboards;
			sourceTree = "<group>";
		};
		84931BAD22D873FF0002165B /* Resources */ = {
			isa = PBXGroup;
			children = (
				84BFB3DA22D4E1B40076A9B4 /* Assets.xcassets */,
			);
			path = Resources;
			sourceTree = "<group>";
		};
		84931BAE22D874160002165B /* Controllers */ = {
			isa = PBXGroup;
			children = (
				84BFB3D322D4E1B20076A9B4 /* AppDelegate.swift */,
				84BFB3D522D4E1B20076A9B4 /* ViewController.swift */,
				84931BB022D89A270002165B /* MenuHostViewController.swift */,
				84931BB222D8A2E30002165B /* MenuListViewController.swift */,
				84931BC222D8B1640002165B /* HomeViewController.swift */,
				842B8F9622D8CCFB00CD4F7F /* BookingsViewController.swift */,
				842B8F9822D8CD0600CD4F7F /* PlacesViewController.swift */,
				842B8F9A22D8CD1300CD4F7F /* ContactViewController.swift */,
				842B8F9C22D8CD2100CD4F7F /* AboutViewController.swift */,
				842B8F9E22D8CD3300CD4F7F /* ProfileViewController.swift */,
				842B8FA022D8CD4F00CD4F7F /* PrivacyViewController.swift */,
				842B8FAA22D8E4B600CD4F7F /* Nearby.swift */,
				84151DCD22DA2D0F005E7964 /* PlaceDetailViewController.swift */,
				8436DFE822E197F900BEBDD2 /* RideChooser.swift */,
			);
			path = Controllers;
			sourceTree = "<group>";
		};
		84931BB622D8A5770002165B /* Views */ = {
			isa = PBXGroup;
			children = (
				843A532A22DE177A00DA9C85 /* RoundedViewWithShadow.swift */,
				842B8F9422D8C40C00CD4F7F /* RoundedCornerView.swift */,
				84931BBB22D8AA2F0002165B /* TableViewCell */,
				8438CD9B22D9DF130086F3D7 /* CollectionVIewCell */,
			);
			path = Views;
			sourceTree = "<group>";
		};
		84931BBB22D8AA2F0002165B /* TableViewCell */ = {
			isa = PBXGroup;
			children = (
				84931BB722D8AA290002165B /* MenuWithImageAndTextCell.swift */,
				84931BB822D8AA290002165B /* MenuWithImageAndTextCell.xib */,
				84931BBC22D8AA480002165B /* MenuWithImageCell.swift */,
				84931BBD22D8AA480002165B /* MenuWithImageCell.xib */,
				8438CD9722D9DC710086F3D7 /* CategoryCell.swift */,
			);
			path = TableViewCell;
			sourceTree = "<group>";
		};
		84BFB3C722D4E1B20076A9B4 = {
			isa = PBXGroup;
			children = (
				84BFB3D222D4E1B20076A9B4 /* Navigo */,
				84BFB3D122D4E1B20076A9B4 /* Products */,
				2FE5F3B790CD623B211D799D /* Pods */,
				415F82AF3E1FB69E3A74E1BC /* Frameworks */,
			);
			sourceTree = "<group>";
		};
		84BFB3D122D4E1B20076A9B4 /* Products */ = {
			isa = PBXGroup;
			children = (
				84BFB3D022D4E1B20076A9B4 /* Navigo.app */,
			);
			name = Products;
			sourceTree = "<group>";
		};
		84BFB3D222D4E1B20076A9B4 /* Navigo */ = {
			isa = PBXGroup;
			children = (
				842B8F9322D8C3D400CD4F7F /* Utils */,
				84931BB622D8A5770002165B /* Views */,
				84931BAE22D874160002165B /* Controllers */,
				84931BAC22D873E10002165B /* Storyboards */,
				8438CD9E22D9DFBB0086F3D7 /* Entity */,
				8436DFEC22E19D3800BEBDD2 /* Data */,
				84931BAD22D873FF0002165B /* Resources */,
				84BFB3DF22D4E1B40076A9B4 /* Info.plist */,
			);
			path = Navigo;
			sourceTree = "<group>";
		};
/* End PBXGroup section */

/* Begin PBXNativeTarget section */
		84BFB3CF22D4E1B20076A9B4 /* Navigo */ = {
			isa = PBXNativeTarget;
			buildConfigurationList = 84BFB3E222D4E1B40076A9B4 /* Build configuration list for PBXNativeTarget "Navigo" */;
			buildPhases = (
				6FC1E56444882058FC45847E /* [CP] Check Pods Manifest.lock */,
				84BFB3CC22D4E1B20076A9B4 /* Sources */,
				84BFB3CD22D4E1B20076A9B4 /* Frameworks */,
				84BFB3CE22D4E1B20076A9B4 /* Resources */,
				9BD506C9776C60A49BEC605C /* [CP] Embed Pods Frameworks */,
				4FE3DD33A16FC0A4DB8330E9 /* [CP] Copy Pods Resources */,
			);
			buildRules = (
			);
			dependencies = (
			);
			name = Navigo;
			productName = Navigo;
			productReference = 84BFB3D022D4E1B20076A9B4 /* Navigo.app */;
			productType = "com.apple.product-type.application";
		};
/* End PBXNativeTarget section */

/* Begin PBXProject section */
		84BFB3C822D4E1B20076A9B4 /* Project object */ = {
			isa = PBXProject;
			attributes = {
				LastSwiftUpdateCheck = 1020;
				LastUpgradeCheck = 1020;
				ORGANIZATIONNAME = A7Studio;
				TargetAttributes = {
					84BFB3CF22D4E1B20076A9B4 = {
						CreatedOnToolsVersion = 10.2;
					};
				};
			};
			buildConfigurationList = 84BFB3CB22D4E1B20076A9B4 /* Build configuration list for PBXProject "Navigo" */;
			compatibilityVersion = "Xcode 9.3";
			developmentRegion = en;
			hasScannedForEncodings = 0;
			knownRegions = (
				en,
				Base,
			);
			mainGroup = 84BFB3C722D4E1B20076A9B4;
			productRefGroup = 84BFB3D122D4E1B20076A9B4 /* Products */;
			projectDirPath = "";
			projectRoot = "";
			targets = (
				84BFB3CF22D4E1B20076A9B4 /* Navigo */,
			);
		};
/* End PBXProject section */

/* Begin PBXResourcesBuildPhase section */
		84BFB3CE22D4E1B20076A9B4 /* Resources */ = {
			isa = PBXResourcesBuildPhase;
			buildActionMask = 2147483647;
			files = (
				842B8FA522D8CD9600CD4F7F /* Places.storyboard in Resources */,
				842B8FA322D8CD8A00CD4F7F /* Bookings.storyboard in Resources */,
				84BFB3DE22D4E1B40076A9B4 /* LaunchScreen.storyboard in Resources */,
				842B8FAD22D8E75800CD4F7F /* Nearby.storyboard in Resources */,
				84931BBA22D8AA290002165B /* MenuWithImageAndTextCell.xib in Resources */,
				84931BBF22D8AA480002165B /* MenuWithImageCell.xib in Resources */,
				84931BC122D8B08E0002165B /* Home.storyboard in Resources */,
				842B8FA922D8CDAB00CD4F7F /* About.storyboard in Resources */,
				842B8FA722D8CDA200CD4F7F /* Profile.storyboard in Resources */,
				84BFB3DB22D4E1B40076A9B4 /* Assets.xcassets in Resources */,
				84BFB3D922D4E1B20076A9B4 /* Main.storyboard in Resources */,
			);
			runOnlyForDeploymentPostprocessing = 0;
		};
/* End PBXResourcesBuildPhase section */

/* Begin PBXShellScriptBuildPhase section */
		4FE3DD33A16FC0A4DB8330E9 /* [CP] Copy Pods Resources */ = {
			isa = PBXShellScriptBuildPhase;
			buildActionMask = 2147483647;
			files = (
			);
			inputFileListPaths = (
			);
			inputPaths = (
				"${PODS_ROOT}/Target Support Files/Pods-Navigo/Pods-Navigo-resources.sh",
				"${PODS_ROOT}/GoogleMaps/Maps/Frameworks/GoogleMaps.framework/Resources/GoogleMaps.bundle",
				"${PODS_ROOT}/GooglePlaces/Frameworks/GooglePlaces.framework/Resources/GooglePlaces.bundle",
			);
			name = "[CP] Copy Pods Resources";
			outputFileListPaths = (
			);
			outputPaths = (
				"${TARGET_BUILD_DIR}/${UNLOCALIZED_RESOURCES_FOLDER_PATH}/GoogleMaps.bundle",
				"${TARGET_BUILD_DIR}/${UNLOCALIZED_RESOURCES_FOLDER_PATH}/GooglePlaces.bundle",
			);
			runOnlyForDeploymentPostprocessing = 0;
			shellPath = /bin/sh;
			shellScript = "\"${PODS_ROOT}/Target Support Files/Pods-Navigo/Pods-Navigo-resources.sh\"\n";
			showEnvVarsInLog = 0;
		};
		6FC1E56444882058FC45847E /* [CP] Check Pods Manifest.lock */ = {
			isa = PBXShellScriptBuildPhase;
			buildActionMask = 2147483647;
			files = (
			);
			inputFileListPaths = (
			);
			inputPaths = (
				"${PODS_PODFILE_DIR_PATH}/Podfile.lock",
				"${PODS_ROOT}/Manifest.lock",
			);
			name = "[CP] Check Pods Manifest.lock";
			outputFileListPaths = (
			);
			outputPaths = (
				"$(DERIVED_FILE_DIR)/Pods-Navigo-checkManifestLockResult.txt",
			);
			runOnlyForDeploymentPostprocessing = 0;
			shellPath = /bin/sh;
			shellScript = "diff \"${PODS_PODFILE_DIR_PATH}/Podfile.lock\" \"${PODS_ROOT}/Manifest.lock\" > /dev/null\nif [ $? != 0 ] ; then\n    # print error to STDERR\n    echo \"error: The sandbox is not in sync with the Podfile.lock. Run 'pod install' or update your CocoaPods installation.\" >&2\n    exit 1\nfi\n# This output is used by Xcode 'outputs' to avoid re-running this script phase.\necho \"SUCCESS\" > \"${SCRIPT_OUTPUT_FILE_0}\"\n";
			showEnvVarsInLog = 0;
		};
		9BD506C9776C60A49BEC605C /* [CP] Embed Pods Frameworks */ = {
			isa = PBXShellScriptBuildPhase;
			buildActionMask = 2147483647;
			files = (
			);
			inputFileListPaths = (
			);
			inputPaths = (
				"${PODS_ROOT}/Target Support Files/Pods-Navigo/Pods-Navigo-frameworks.sh",
				"${BUILT_PRODUCTS_DIR}/GTMSessionFetcher/GTMSessionFetcher.framework",
				"${BUILT_PRODUCTS_DIR}/GoogleUtilities/GoogleUtilities.framework",
				"${BUILT_PRODUCTS_DIR}/InteractiveSideMenu/InteractiveSideMenu.framework",
				"${BUILT_PRODUCTS_DIR}/Panels/Panels.framework",
				"${BUILT_PRODUCTS_DIR}/UPCarouselFlowLayout/UPCarouselFlowLayout.framework",
				"${BUILT_PRODUCTS_DIR}/nanopb/nanopb.framework",
			);
			name = "[CP] Embed Pods Frameworks";
			outputFileListPaths = (
			);
			outputPaths = (
				"${TARGET_BUILD_DIR}/${FRAMEWORKS_FOLDER_PATH}/GTMSessionFetcher.framework",
				"${TARGET_BUILD_DIR}/${FRAMEWORKS_FOLDER_PATH}/GoogleUtilities.framework",
				"${TARGET_BUILD_DIR}/${FRAMEWORKS_FOLDER_PATH}/InteractiveSideMenu.framework",
				"${TARGET_BUILD_DIR}/${FRAMEWORKS_FOLDER_PATH}/Panels.framework",
				"${TARGET_BUILD_DIR}/${FRAMEWORKS_FOLDER_PATH}/UPCarouselFlowLayout.framework",
				"${TARGET_BUILD_DIR}/${FRAMEWORKS_FOLDER_PATH}/nanopb.framework",
			);
			runOnlyForDeploymentPostprocessing = 0;
			shellPath = /bin/sh;
			shellScript = "\"${PODS_ROOT}/Target Support Files/Pods-Navigo/Pods-Navigo-frameworks.sh\"\n";
			showEnvVarsInLog = 0;
		};
/* End PBXShellScriptBuildPhase section */

/* Begin PBXSourcesBuildPhase section */
		84BFB3CC22D4E1B20076A9B4 /* Sources */ = {
			isa = PBXSourcesBuildPhase;
			buildActionMask = 2147483647;
			files = (
				842B8F9222D8C3CF00CD4F7F /* ColorUtils.swift in Sources */,
				84BFB3D622D4E1B20076A9B4 /* ViewController.swift in Sources */,
				842B8FA122D8CD4F00CD4F7F /* PrivacyViewController.swift in Sources */,
				84BFB3D422D4E1B20076A9B4 /* AppDelegate.swift in Sources */,
				842B8F9922D8CD0600CD4F7F /* PlacesViewController.swift in Sources */,
				842B8FAB22D8E4B600CD4F7F /* Nearby.swift in Sources */,
				842B8F9F22D8CD3300CD4F7F /* ProfileViewController.swift in Sources */,
				84931BC322D8B1640002165B /* HomeViewController.swift in Sources */,
				842B8F9B22D8CD1300CD4F7F /* ContactViewController.swift in Sources */,
				84931BB122D89A270002165B /* MenuHostViewController.swift in Sources */,
				8438CD9D22D9DFB00086F3D7 /* PlacesEntity.swift in Sources */,
				842B8F9522D8C40C00CD4F7F /* RoundedCornerView.swift in Sources */,
				8436DFEE22E19D7600BEBDD2 /* PlaceData.swift in Sources */,
				842B8F9722D8CCFB00CD4F7F /* BookingsViewController.swift in Sources */,
				8436DFE922E197F900BEBDD2 /* RideChooser.swift in Sources */,
				84931BB322D8A2E30002165B /* MenuListViewController.swift in Sources */,
				84931BB922D8AA290002165B /* MenuWithImageAndTextCell.swift in Sources */,
				8438CD9822D9DC710086F3D7 /* CategoryCell.swift in Sources */,
				8438CD9A22D9DF090086F3D7 /* PlacesCell.swift in Sources */,
				84151DCE22DA2D0F005E7964 /* PlaceDetailViewController.swift in Sources */,
				842B8F9D22D8CD2100CD4F7F /* AboutViewController.swift in Sources */,
				84931BBE22D8AA480002165B /* MenuWithImageCell.swift in Sources */,
				843A532B22DE177A00DA9C85 /* RoundedViewWithShadow.swift in Sources */,
			);
			runOnlyForDeploymentPostprocessing = 0;
		};
/* End PBXSourcesBuildPhase section */

/* Begin PBXVariantGroup section */
		84BFB3D722D4E1B20076A9B4 /* Main.storyboard */ = {
			isa = PBXVariantGroup;
			children = (
				84BFB3D822D4E1B20076A9B4 /* Base */,
			);
			name = Main.storyboard;
			sourceTree = "<group>";
		};
		84BFB3DC22D4E1B40076A9B4 /* LaunchScreen.storyboard */ = {
			isa = PBXVariantGroup;
			children = (
				84BFB3DD22D4E1B40076A9B4 /* Base */,
			);
			name = LaunchScreen.storyboard;
			sourceTree = "<group>";
		};
/* End PBXVariantGroup section */

/* Begin XCBuildConfiguration section */
		84BFB3E022D4E1B40076A9B4 /* Debug */ = {
			isa = XCBuildConfiguration;
			buildSettings = {
				ALWAYS_SEARCH_USER_PATHS = NO;
				CLANG_ANALYZER_NONNULL = YES;
				CLANG_ANALYZER_NUMBER_OBJECT_CONVERSION = YES_AGGRESSIVE;
				CLANG_CXX_LANGUAGE_STANDARD = "gnu++14";
				CLANG_CXX_LIBRARY = "libc++";
				CLANG_ENABLE_MODULES = YES;
				CLANG_ENABLE_OBJC_ARC = YES;
				CLANG_ENABLE_OBJC_WEAK = YES;
				CLANG_WARN_BLOCK_CAPTURE_AUTORELEASING = YES;
				CLANG_WARN_BOOL_CONVERSION = YES;
				CLANG_WARN_COMMA = YES;
				CLANG_WARN_CONSTANT_CONVERSION = YES;
				CLANG_WARN_DEPRECATED_OBJC_IMPLEMENTATIONS = YES;
				CLANG_WARN_DIRECT_OBJC_ISA_USAGE = YES_ERROR;
				CLANG_WARN_DOCUMENTATION_COMMENTS = YES;
				CLANG_WARN_EMPTY_BODY = YES;
				CLANG_WARN_ENUM_CONVERSION = YES;
				CLANG_WARN_INFINITE_RECURSION = YES;
				CLANG_WARN_INT_CONVERSION = YES;
				CLANG_WARN_NON_LITERAL_NULL_CONVERSION = YES;
				CLANG_WARN_OBJC_IMPLICIT_RETAIN_SELF = YES;
				CLANG_WARN_OBJC_LITERAL_CONVERSION = YES;
				CLANG_WARN_OBJC_ROOT_CLASS = YES_ERROR;
				CLANG_WARN_RANGE_LOOP_ANALYSIS = YES;
				CLANG_WARN_STRICT_PROTOTYPES = YES;
				CLANG_WARN_SUSPICIOUS_MOVE = YES;
				CLANG_WARN_UNGUARDED_AVAILABILITY = YES_AGGRESSIVE;
				CLANG_WARN_UNREACHABLE_CODE = YES;
				CLANG_WARN__DUPLICATE_METHOD_MATCH = YES;
				CODE_SIGN_IDENTITY = "iPhone Developer";
				COPY_PHASE_STRIP = NO;
				DEBUG_INFORMATION_FORMAT = dwarf;
				ENABLE_STRICT_OBJC_MSGSEND = YES;
				ENABLE_TESTABILITY = YES;
				GCC_C_LANGUAGE_STANDARD = gnu11;
				GCC_DYNAMIC_NO_PIC = NO;
				GCC_NO_COMMON_BLOCKS = YES;
				GCC_OPTIMIZATION_LEVEL = 0;
				GCC_PREPROCESSOR_DEFINITIONS = (
					"DEBUG=1",
					"$(inherited)",
				);
				GCC_WARN_64_TO_32_BIT_CONVERSION = YES;
				GCC_WARN_ABOUT_RETURN_TYPE = YES_ERROR;
				GCC_WARN_UNDECLARED_SELECTOR = YES;
				GCC_WARN_UNINITIALIZED_AUTOS = YES_AGGRESSIVE;
				GCC_WARN_UNUSED_FUNCTION = YES;
				GCC_WARN_UNUSED_VARIABLE = YES;
				IPHONEOS_DEPLOYMENT_TARGET = 12.2;
				MTL_ENABLE_DEBUG_INFO = INCLUDE_SOURCE;
				MTL_FAST_MATH = YES;
				ONLY_ACTIVE_ARCH = YES;
				SDKROOT = iphoneos;
				SWIFT_ACTIVE_COMPILATION_CONDITIONS = DEBUG;
				SWIFT_OPTIMIZATION_LEVEL = "-Onone";
			};
			name = Debug;
		};
		84BFB3E122D4E1B40076A9B4 /* Release */ = {
			isa = XCBuildConfiguration;
			buildSettings = {
				ALWAYS_SEARCH_USER_PATHS = NO;
				CLANG_ANALYZER_NONNULL = YES;
				CLANG_ANALYZER_NUMBER_OBJECT_CONVERSION = YES_AGGRESSIVE;
				CLANG_CXX_LANGUAGE_STANDARD = "gnu++14";
				CLANG_CXX_LIBRARY = "libc++";
				CLANG_ENABLE_MODULES = YES;
				CLANG_ENABLE_OBJC_ARC = YES;
				CLANG_ENABLE_OBJC_WEAK = YES;
				CLANG_WARN_BLOCK_CAPTURE_AUTORELEASING = YES;
				CLANG_WARN_BOOL_CONVERSION = YES;
				CLANG_WARN_COMMA = YES;
				CLANG_WARN_CONSTANT_CONVERSION = YES;
				CLANG_WARN_DEPRECATED_OBJC_IMPLEMENTATIONS = YES;
				CLANG_WARN_DIRECT_OBJC_ISA_USAGE = YES_ERROR;
				CLANG_WARN_DOCUMENTATION_COMMENTS = YES;
				CLANG_WARN_EMPTY_BODY = YES;
				CLANG_WARN_ENUM_CONVERSION = YES;
				CLANG_WARN_INFINITE_RECURSION = YES;
				CLANG_WARN_INT_CONVERSION = YES;
				CLANG_WARN_NON_LITERAL_NULL_CONVERSION = YES;
				CLANG_WARN_OBJC_IMPLICIT_RETAIN_SELF = YES;
				CLANG_WARN_OBJC_LITERAL_CONVERSION = YES;
				CLANG_WARN_OBJC_ROOT_CLASS = YES_ERROR;
				CLANG_WARN_RANGE_LOOP_ANALYSIS = YES;
				CLANG_WARN_STRICT_PROTOTYPES = YES;
				CLANG_WARN_SUSPICIOUS_MOVE = YES;
				CLANG_WARN_UNGUARDED_AVAILABILITY = YES_AGGRESSIVE;
				CLANG_WARN_UNREACHABLE_CODE = YES;
				CLANG_WARN__DUPLICATE_METHOD_MATCH = YES;
				CODE_SIGN_IDENTITY = "iPhone Developer";
				COPY_PHASE_STRIP = NO;
				DEBUG_INFORMATION_FORMAT = "dwarf-with-dsym";
				ENABLE_NS_ASSERTIONS = NO;
				ENABLE_STRICT_OBJC_MSGSEND = YES;
				GCC_C_LANGUAGE_STANDARD = gnu11;
				GCC_NO_COMMON_BLOCKS = YES;
				GCC_WARN_64_TO_32_BIT_CONVERSION = YES;
				GCC_WARN_ABOUT_RETURN_TYPE = YES_ERROR;
				GCC_WARN_UNDECLARED_SELECTOR = YES;
				GCC_WARN_UNINITIALIZED_AUTOS = YES_AGGRESSIVE;
				GCC_WARN_UNUSED_FUNCTION = YES;
				GCC_WARN_UNUSED_VARIABLE = YES;
				IPHONEOS_DEPLOYMENT_TARGET = 12.2;
				MTL_ENABLE_DEBUG_INFO = NO;
				MTL_FAST_MATH = YES;
				SDKROOT = iphoneos;
				SWIFT_COMPILATION_MODE = wholemodule;
				SWIFT_OPTIMIZATION_LEVEL = "-O";
				VALIDATE_PRODUCT = YES;
			};
			name = Release;
		};
		84BFB3E322D4E1B40076A9B4 /* Debug */ = {
			isa = XCBuildConfiguration;
			baseConfigurationReference = 2240C505B361CEA6C604314F /* Pods-Navigo.debug.xcconfig */;
			buildSettings = {
				ASSETCATALOG_COMPILER_APPICON_NAME = AppIcon;
				CODE_SIGN_STYLE = Automatic;
				DEVELOPMENT_TEAM = 3EYUW49QFV;
				INFOPLIST_FILE = Navigo/Info.plist;
				LD_RUNPATH_SEARCH_PATHS = (
					"$(inherited)",
					"@executable_path/Frameworks",
				);
				PRODUCT_BUNDLE_IDENTIFIER = com.A7Studio.Navigo;
				PRODUCT_NAME = "$(TARGET_NAME)";
				SWIFT_VERSION = 5.0;
				TARGETED_DEVICE_FAMILY = "1,2";
			};
			name = Debug;
		};
		84BFB3E422D4E1B40076A9B4 /* Release */ = {
			isa = XCBuildConfiguration;
			baseConfigurationReference = A116099ED29998CB6EFC73ED /* Pods-Navigo.release.xcconfig */;
			buildSettings = {
				ASSETCATALOG_COMPILER_APPICON_NAME = AppIcon;
				CODE_SIGN_STYLE = Automatic;
				DEVELOPMENT_TEAM = 3EYUW49QFV;
				INFOPLIST_FILE = Navigo/Info.plist;
				LD_RUNPATH_SEARCH_PATHS = (
					"$(inherited)",
					"@executable_path/Frameworks",
				);
				PRODUCT_BUNDLE_IDENTIFIER = com.A7Studio.Navigo;
				PRODUCT_NAME = "$(TARGET_NAME)";
				SWIFT_VERSION = 5.0;
				TARGETED_DEVICE_FAMILY = "1,2";
			};
			name = Release;
		};
/* End XCBuildConfiguration section */

/* Begin XCConfigurationList section */
		84BFB3CB22D4E1B20076A9B4 /* Build configuration list for PBXProject "Navigo" */ = {
			isa = XCConfigurationList;
			buildConfigurations = (
				84BFB3E022D4E1B40076A9B4 /* Debug */,
				84BFB3E122D4E1B40076A9B4 /* Release */,
			);
			defaultConfigurationIsVisible = 0;
			defaultConfigurationName = Release;
		};
		84BFB3E222D4E1B40076A9B4 /* Build configuration list for PBXNativeTarget "Navigo" */ = {
			isa = XCConfigurationList;
			buildConfigurations = (
				84BFB3E322D4E1B40076A9B4 /* Debug */,
				84BFB3E422D4E1B40076A9B4 /* Release */,
			);
			defaultConfigurationIsVisible = 0;
			defaultConfigurationName = Release;
		};
/* End XCConfigurationList section */
	};
	rootObject = 84BFB3C822D4E1B20076A9B4 /* Project object */;
}
